// !$*UTF8*$!
{
	archiveVersion = 1;
	classes = {
	};
	objectVersion = 46;
	objects = {

/* Begin PBXAggregateTarget section */
		68EEF56C18DA959D002B7034 /* Documentation */ = {
			isa = PBXAggregateTarget;
			buildConfigurationList = 68EEF56D18DA959D002B7034 /* Build configuration list for PBXAggregateTarget "Documentation" */;
			buildPhases = (
				68EEF57018DA95D2002B7034 /* ShellScript */,
			);
			dependencies = (
			);
			name = Documentation;
			productName = Documentation;
		};
/* End PBXAggregateTarget section */

/* Begin PBXBuildFile section */
		680EE75814EDB67E00F84CD3 /* CoreData.framework in Frameworks */ = {isa = PBXBuildFile; fileRef = 680EE75714EDB67E00F84CD3 /* CoreData.framework */; };
		680EE75A14EDB68B00F84CD3 /* MapKit.framework in Frameworks */ = {isa = PBXBuildFile; fileRef = 680EE75914EDB68B00F84CD3 /* MapKit.framework */; };
		680EE75C14EDB69B00F84CD3 /* CoreLocation.framework in Frameworks */ = {isa = PBXBuildFile; fileRef = 680EE75B14EDB69B00F84CD3 /* CoreLocation.framework */; };
		680EE75E14EDB6A700F84CD3 /* SystemConfiguration.framework in Frameworks */ = {isa = PBXBuildFile; fileRef = 680EE75D14EDB6A700F84CD3 /* SystemConfiguration.framework */; };
		680EE76814EDBB9A00F84CD3 /* FeatureModelObject.m in Sources */ = {isa = PBXBuildFile; fileRef = 680EE76714EDBB9A00F84CD3 /* FeatureModelObject.m */; };
		680EE76C14EDBFE900F84CD3 /* CustomViewController.m in Sources */ = {isa = PBXBuildFile; fileRef = 680EE76B14EDBFE800F84CD3 /* CustomViewController.m */; };
		680EE77614EDDCFC00F84CD3 /* WebClientViewController.m in Sources */ = {isa = PBXBuildFile; fileRef = 680EE77514EDDCFB00F84CD3 /* WebClientViewController.m */; };
		680EE77814EDDD3D00F84CD3 /* WebClientView.xib in Resources */ = {isa = PBXBuildFile; fileRef = 680EE77714EDDD3D00F84CD3 /* WebClientView.xib */; };
		680EE77B14EDEF8E00F84CD3 /* TextViewViewController.m in Sources */ = {isa = PBXBuildFile; fileRef = 680EE77A14EDEF8D00F84CD3 /* TextViewViewController.m */; };
		680EE77D14EDF00100F84CD3 /* TextViewView.xib in Resources */ = {isa = PBXBuildFile; fileRef = 680EE77C14EDF00100F84CD3 /* TextViewView.xib */; };
		680EE78114EDF1FE00F84CD3 /* roundedbox.png in Resources */ = {isa = PBXBuildFile; fileRef = 680EE77F14EDF1FE00F84CD3 /* roundedbox.png */; };
		680EE78214EDF1FE00F84CD3 /* roundedbox@2x.png in Resources */ = {isa = PBXBuildFile; fileRef = 680EE78014EDF1FE00F84CD3 /* roundedbox@2x.png */; };
		682CE5F414EDAE1C00F0AF2E /* UIKit.framework in Frameworks */ = {isa = PBXBuildFile; fileRef = 682CE5F314EDAE1C00F0AF2E /* UIKit.framework */; };
		682CE5F614EDAE1C00F0AF2E /* Foundation.framework in Frameworks */ = {isa = PBXBuildFile; fileRef = 682CE5F514EDAE1C00F0AF2E /* Foundation.framework */; };
		682CE5F814EDAE1C00F0AF2E /* CoreGraphics.framework in Frameworks */ = {isa = PBXBuildFile; fileRef = 682CE5F714EDAE1C00F0AF2E /* CoreGraphics.framework */; };
		682CE5FE14EDAE1C00F0AF2E /* InfoPlist.strings in Resources */ = {isa = PBXBuildFile; fileRef = 682CE5FC14EDAE1C00F0AF2E /* InfoPlist.strings */; };
		682CE60014EDAE1C00F0AF2E /* main.m in Sources */ = {isa = PBXBuildFile; fileRef = 682CE5FF14EDAE1C00F0AF2E /* main.m */; };
		682CE60414EDAE1C00F0AF2E /* AppDelegate.m in Sources */ = {isa = PBXBuildFile; fileRef = 682CE60314EDAE1C00F0AF2E /* AppDelegate.m */; };
		682CE64C14EDAEC300F0AF2E /* RootViewController.m in Sources */ = {isa = PBXBuildFile; fileRef = 682CE64B14EDAEC300F0AF2E /* RootViewController.m */; };
		682CE64E14EDAEF200F0AF2E /* RootView.xib in Resources */ = {isa = PBXBuildFile; fileRef = 682CE64D14EDAEF200F0AF2E /* RootView.xib */; };
		685A9B8C17C63E8A0086688F /* TableViewViewController.m in Sources */ = {isa = PBXBuildFile; fileRef = 685A9B8A17C63E8A0086688F /* TableViewViewController.m */; };
		685A9B8D17C63E8A0086688F /* TableViewViewController.xib in Resources */ = {isa = PBXBuildFile; fileRef = 685A9B8B17C63E8A0086688F /* TableViewViewController.xib */; };
		685A9B9117C63F0B0086688F /* CustomDetailDisclosureButtonViewController.m in Sources */ = {isa = PBXBuildFile; fileRef = 685A9B8F17C63F0A0086688F /* CustomDetailDisclosureButtonViewController.m */; };
		685A9B9217C63F0B0086688F /* CustomDetailDisclosureButtonViewController.xib in Resources */ = {isa = PBXBuildFile; fileRef = 685A9B9017C63F0A0086688F /* CustomDetailDisclosureButtonViewController.xib */; };
		685A9B9717C640B70086688F /* btn-detaildisclosure.png in Resources */ = {isa = PBXBuildFile; fileRef = 685A9B9317C640B70086688F /* btn-detaildisclosure.png */; };
		685A9B9817C640B70086688F /* btn-detaildisclosure@2x.png in Resources */ = {isa = PBXBuildFile; fileRef = 685A9B9417C640B70086688F /* btn-detaildisclosure@2x.png */; };
		685A9B9917C640B70086688F /* btn-detaildisclosurepressed.png in Resources */ = {isa = PBXBuildFile; fileRef = 685A9B9517C640B70086688F /* btn-detaildisclosurepressed.png */; };
		685A9B9A17C640B70086688F /* btn-detaildisclosurepressed@2x.png in Resources */ = {isa = PBXBuildFile; fileRef = 685A9B9617C640B70086688F /* btn-detaildisclosurepressed@2x.png */; };
		685A9B9D17C643030086688F /* CustomDetailDisclosureCell.m in Sources */ = {isa = PBXBuildFile; fileRef = 685A9B9C17C643020086688F /* CustomDetailDisclosureCell.m */; };
		685A9B9F17C643110086688F /* CustomDetailDisclosureCell.xib in Resources */ = {isa = PBXBuildFile; fileRef = 685A9B9E17C643110086688F /* CustomDetailDisclosureCell.xib */; };
		68EEF54C18DA952F002B7034 /* NSManagedObject+WPSKit.m in Sources */ = {isa = PBXBuildFile; fileRef = 68EEF50718DA952F002B7034 /* NSManagedObject+WPSKit.m */; };
		68EEF54D18DA952F002B7034 /* NSManagedObjectContext+WPSKit.m in Sources */ = {isa = PBXBuildFile; fileRef = 68EEF50918DA952F002B7034 /* NSManagedObjectContext+WPSKit.m */; };
		68EEF54E18DA952F002B7034 /* WPSCoreDataStack.m in Sources */ = {isa = PBXBuildFile; fileRef = 68EEF50B18DA952F002B7034 /* WPSCoreDataStack.m */; };
		68EEF54F18DA952F002B7034 /* WPSFetchedResultsDelegate.m in Sources */ = {isa = PBXBuildFile; fileRef = 68EEF50D18DA952F002B7034 /* WPSFetchedResultsDelegate.m */; };
		68EEF55018DA952F002B7034 /* WPSManagedObjectContextWatcher.m in Sources */ = {isa = PBXBuildFile; fileRef = 68EEF50F18DA952F002B7034 /* WPSManagedObjectContextWatcher.m */; };
		68EEF55118DA952F002B7034 /* CLLocation+WPSKit.m in Sources */ = {isa = PBXBuildFile; fileRef = 68EEF51218DA952F002B7034 /* CLLocation+WPSKit.m */; };
		68EEF55218DA952F002B7034 /* NSArray+WPSKit.m in Sources */ = {isa = PBXBuildFile; fileRef = 68EEF51518DA952F002B7034 /* NSArray+WPSKit.m */; };
		68EEF55318DA952F002B7034 /* NSData+WPSKit.m in Sources */ = {isa = PBXBuildFile; fileRef = 68EEF51718DA952F002B7034 /* NSData+WPSKit.m */; };
		68EEF55418DA952F002B7034 /* NSFileManager+WPSKit.m in Sources */ = {isa = PBXBuildFile; fileRef = 68EEF51918DA952F002B7034 /* NSFileManager+WPSKit.m */; };
		68EEF55518DA952F002B7034 /* NSNull+WPSKit.m in Sources */ = {isa = PBXBuildFile; fileRef = 68EEF51B18DA952F002B7034 /* NSNull+WPSKit.m */; };
		68EEF55618DA952F002B7034 /* NSString+WPSKit.m in Sources */ = {isa = PBXBuildFile; fileRef = 68EEF51D18DA952F002B7034 /* NSString+WPSKit.m */; };
		68EEF55718DA952F002B7034 /* NSURL+WPSKit.m in Sources */ = {isa = PBXBuildFile; fileRef = 68EEF51F18DA952F002B7034 /* NSURL+WPSKit.m */; };
		68EEF55818DA952F002B7034 /* WPSCache.m in Sources */ = {isa = PBXBuildFile; fileRef = 68EEF52118DA952F002B7034 /* WPSCache.m */; };
		68EEF55918DA952F002B7034 /* WPSImageDownloader.m in Sources */ = {isa = PBXBuildFile; fileRef = 68EEF52318DA952F002B7034 /* WPSImageDownloader.m */; };
		68EEF55A18DA952F002B7034 /* WPSMultipartFormDataUploader.m in Sources */ = {isa = PBXBuildFile; fileRef = 68EEF52518DA952F002B7034 /* WPSMultipartFormDataUploader.m */; };
		68EEF55B18DA952F002B7034 /* WPSStopwatch.m in Sources */ = {isa = PBXBuildFile; fileRef = 68EEF52718DA952F002B7034 /* WPSStopwatch.m */; };
		68EEF55C18DA952F002B7034 /* WPSWebClient.m in Sources */ = {isa = PBXBuildFile; fileRef = 68EEF52918DA952F002B7034 /* WPSWebClient.m */; };
		68EEF55D18DA952F002B7034 /* MKMapView+WPSKit.m in Sources */ = {isa = PBXBuildFile; fileRef = 68EEF52C18DA952F002B7034 /* MKMapView+WPSKit.m */; };
		68EEF55E18DA952F002B7034 /* WPSArrayDataSource.m in Sources */ = {isa = PBXBuildFile; fileRef = 68EEF53018DA952F002B7034 /* WPSArrayDataSource.m */; };
		68EEF55F18DA952F002B7034 /* WPSFetchedResultsDataSource.m in Sources */ = {isa = PBXBuildFile; fileRef = 68EEF53318DA952F002B7034 /* WPSFetchedResultsDataSource.m */; };
		68EEF56018DA952F002B7034 /* UIApplication+WPSKit.m in Sources */ = {isa = PBXBuildFile; fileRef = 68EEF53518DA952F002B7034 /* UIApplication+WPSKit.m */; };
		68EEF56118DA952F002B7034 /* UIColor+WPSKit.m in Sources */ = {isa = PBXBuildFile; fileRef = 68EEF53718DA952F002B7034 /* UIColor+WPSKit.m */; };
		68EEF56218DA952F002B7034 /* UIDevice+WPSKit.m in Sources */ = {isa = PBXBuildFile; fileRef = 68EEF53918DA952F002B7034 /* UIDevice+WPSKit.m */; };
		68EEF56318DA952F002B7034 /* UIImage+WPSKit.m in Sources */ = {isa = PBXBuildFile; fileRef = 68EEF53B18DA952F002B7034 /* UIImage+WPSKit.m */; };
		68EEF56418DA952F002B7034 /* UIView+WPSKit.m in Sources */ = {isa = PBXBuildFile; fileRef = 68EEF53D18DA952F002B7034 /* UIView+WPSKit.m */; };
		68EEF56518DA952F002B7034 /* UIViewController+WPSKit.m in Sources */ = {isa = PBXBuildFile; fileRef = 68EEF53F18DA952F002B7034 /* UIViewController+WPSKit.m */; };
		68EEF56618DA952F002B7034 /* WPSActionSheet.m in Sources */ = {isa = PBXBuildFile; fileRef = 68EEF54118DA952F002B7034 /* WPSActionSheet.m */; };
		68EEF56718DA952F002B7034 /* WPSAlertView.m in Sources */ = {isa = PBXBuildFile; fileRef = 68EEF54318DA952F002B7034 /* WPSAlertView.m */; };
		68EEF56818DA952F002B7034 /* WPSCollectionViewCell.m in Sources */ = {isa = PBXBuildFile; fileRef = 68EEF54518DA952F002B7034 /* WPSCollectionViewCell.m */; };
		68EEF56918DA952F002B7034 /* WPSPageControl.m in Sources */ = {isa = PBXBuildFile; fileRef = 68EEF54718DA952F002B7034 /* WPSPageControl.m */; };
		68EEF56A18DA952F002B7034 /* WPSTableViewCell.m in Sources */ = {isa = PBXBuildFile; fileRef = 68EEF54918DA952F002B7034 /* WPSTableViewCell.m */; };
		68EEF56B18DA952F002B7034 /* WPSTextView.m in Sources */ = {isa = PBXBuildFile; fileRef = 68EEF54B18DA952F002B7034 /* WPSTextView.m */; };
/* End PBXBuildFile section */

/* Begin PBXFileReference section */
		680EE75714EDB67E00F84CD3 /* CoreData.framework */ = {isa = PBXFileReference; lastKnownFileType = wrapper.framework; name = CoreData.framework; path = System/Library/Frameworks/CoreData.framework; sourceTree = SDKROOT; };
		680EE75914EDB68B00F84CD3 /* MapKit.framework */ = {isa = PBXFileReference; lastKnownFileType = wrapper.framework; name = MapKit.framework; path = System/Library/Frameworks/MapKit.framework; sourceTree = SDKROOT; };
		680EE75B14EDB69B00F84CD3 /* CoreLocation.framework */ = {isa = PBXFileReference; lastKnownFileType = wrapper.framework; name = CoreLocation.framework; path = System/Library/Frameworks/CoreLocation.framework; sourceTree = SDKROOT; };
		680EE75D14EDB6A700F84CD3 /* SystemConfiguration.framework */ = {isa = PBXFileReference; lastKnownFileType = wrapper.framework; name = SystemConfiguration.framework; path = System/Library/Frameworks/SystemConfiguration.framework; sourceTree = SDKROOT; };
		680EE76614EDBB9A00F84CD3 /* FeatureModelObject.h */ = {isa = PBXFileReference; fileEncoding = 4; lastKnownFileType = sourcecode.c.h; path = FeatureModelObject.h; sourceTree = "<group>"; };
		680EE76714EDBB9A00F84CD3 /* FeatureModelObject.m */ = {isa = PBXFileReference; fileEncoding = 4; lastKnownFileType = sourcecode.c.objc; path = FeatureModelObject.m; sourceTree = "<group>"; };
		680EE76A14EDBFE800F84CD3 /* CustomViewController.h */ = {isa = PBXFileReference; fileEncoding = 4; lastKnownFileType = sourcecode.c.h; path = CustomViewController.h; sourceTree = "<group>"; };
		680EE76B14EDBFE800F84CD3 /* CustomViewController.m */ = {isa = PBXFileReference; fileEncoding = 4; lastKnownFileType = sourcecode.c.objc; path = CustomViewController.m; sourceTree = "<group>"; };
		680EE77414EDDCFB00F84CD3 /* WebClientViewController.h */ = {isa = PBXFileReference; fileEncoding = 4; lastKnownFileType = sourcecode.c.h; path = WebClientViewController.h; sourceTree = "<group>"; };
		680EE77514EDDCFB00F84CD3 /* WebClientViewController.m */ = {isa = PBXFileReference; fileEncoding = 4; lastKnownFileType = sourcecode.c.objc; path = WebClientViewController.m; sourceTree = "<group>"; };
		680EE77714EDDD3D00F84CD3 /* WebClientView.xib */ = {isa = PBXFileReference; fileEncoding = 4; lastKnownFileType = file.xib; path = WebClientView.xib; sourceTree = "<group>"; };
		680EE77914EDEF8D00F84CD3 /* TextViewViewController.h */ = {isa = PBXFileReference; fileEncoding = 4; lastKnownFileType = sourcecode.c.h; path = TextViewViewController.h; sourceTree = "<group>"; };
		680EE77A14EDEF8D00F84CD3 /* TextViewViewController.m */ = {isa = PBXFileReference; fileEncoding = 4; lastKnownFileType = sourcecode.c.objc; path = TextViewViewController.m; sourceTree = "<group>"; };
		680EE77C14EDF00100F84CD3 /* TextViewView.xib */ = {isa = PBXFileReference; fileEncoding = 4; lastKnownFileType = file.xib; path = TextViewView.xib; sourceTree = "<group>"; };
		680EE77F14EDF1FE00F84CD3 /* roundedbox.png */ = {isa = PBXFileReference; lastKnownFileType = image.png; path = roundedbox.png; sourceTree = "<group>"; };
		680EE78014EDF1FE00F84CD3 /* roundedbox@2x.png */ = {isa = PBXFileReference; lastKnownFileType = image.png; path = "roundedbox@2x.png"; sourceTree = "<group>"; };
		682CE5EF14EDAE1C00F0AF2E /* WPSKitSamples.app */ = {isa = PBXFileReference; explicitFileType = wrapper.application; includeInIndex = 0; path = WPSKitSamples.app; sourceTree = BUILT_PRODUCTS_DIR; };
		682CE5F314EDAE1C00F0AF2E /* UIKit.framework */ = {isa = PBXFileReference; lastKnownFileType = wrapper.framework; name = UIKit.framework; path = System/Library/Frameworks/UIKit.framework; sourceTree = SDKROOT; };
		682CE5F514EDAE1C00F0AF2E /* Foundation.framework */ = {isa = PBXFileReference; lastKnownFileType = wrapper.framework; name = Foundation.framework; path = System/Library/Frameworks/Foundation.framework; sourceTree = SDKROOT; };
		682CE5F714EDAE1C00F0AF2E /* CoreGraphics.framework */ = {isa = PBXFileReference; lastKnownFileType = wrapper.framework; name = CoreGraphics.framework; path = System/Library/Frameworks/CoreGraphics.framework; sourceTree = SDKROOT; };
		682CE5FB14EDAE1C00F0AF2E /* WPSKitSamples-Info.plist */ = {isa = PBXFileReference; lastKnownFileType = text.plist.xml; path = "WPSKitSamples-Info.plist"; sourceTree = "<group>"; };
		682CE5FD14EDAE1C00F0AF2E /* en */ = {isa = PBXFileReference; lastKnownFileType = text.plist.strings; name = en; path = en.lproj/InfoPlist.strings; sourceTree = "<group>"; };
		682CE5FF14EDAE1C00F0AF2E /* main.m */ = {isa = PBXFileReference; lastKnownFileType = sourcecode.c.objc; path = main.m; sourceTree = "<group>"; };
		682CE60114EDAE1C00F0AF2E /* WPSKitSamples-Prefix.pch */ = {isa = PBXFileReference; lastKnownFileType = sourcecode.c.h; path = "WPSKitSamples-Prefix.pch"; sourceTree = "<group>"; };
		682CE60214EDAE1C00F0AF2E /* AppDelegate.h */ = {isa = PBXFileReference; lastKnownFileType = sourcecode.c.h; path = AppDelegate.h; sourceTree = "<group>"; };
		682CE60314EDAE1C00F0AF2E /* AppDelegate.m */ = {isa = PBXFileReference; lastKnownFileType = sourcecode.c.objc; path = AppDelegate.m; sourceTree = "<group>"; };
		682CE64A14EDAEC300F0AF2E /* RootViewController.h */ = {isa = PBXFileReference; fileEncoding = 4; lastKnownFileType = sourcecode.c.h; path = RootViewController.h; sourceTree = "<group>"; };
		682CE64B14EDAEC300F0AF2E /* RootViewController.m */ = {isa = PBXFileReference; fileEncoding = 4; lastKnownFileType = sourcecode.c.objc; path = RootViewController.m; sourceTree = "<group>"; };
		682CE64D14EDAEF200F0AF2E /* RootView.xib */ = {isa = PBXFileReference; fileEncoding = 4; lastKnownFileType = file.xib; path = RootView.xib; sourceTree = "<group>"; };
		685A9B8917C63E8A0086688F /* TableViewViewController.h */ = {isa = PBXFileReference; fileEncoding = 4; lastKnownFileType = sourcecode.c.h; path = TableViewViewController.h; sourceTree = "<group>"; };
		685A9B8A17C63E8A0086688F /* TableViewViewController.m */ = {isa = PBXFileReference; fileEncoding = 4; lastKnownFileType = sourcecode.c.objc; path = TableViewViewController.m; sourceTree = "<group>"; };
		685A9B8B17C63E8A0086688F /* TableViewViewController.xib */ = {isa = PBXFileReference; fileEncoding = 4; lastKnownFileType = file.xib; path = TableViewViewController.xib; sourceTree = "<group>"; };
		685A9B8E17C63F0A0086688F /* CustomDetailDisclosureButtonViewController.h */ = {isa = PBXFileReference; fileEncoding = 4; lastKnownFileType = sourcecode.c.h; path = CustomDetailDisclosureButtonViewController.h; sourceTree = "<group>"; };
		685A9B8F17C63F0A0086688F /* CustomDetailDisclosureButtonViewController.m */ = {isa = PBXFileReference; fileEncoding = 4; lastKnownFileType = sourcecode.c.objc; path = CustomDetailDisclosureButtonViewController.m; sourceTree = "<group>"; };
		685A9B9017C63F0A0086688F /* CustomDetailDisclosureButtonViewController.xib */ = {isa = PBXFileReference; fileEncoding = 4; lastKnownFileType = file.xib; path = CustomDetailDisclosureButtonViewController.xib; sourceTree = "<group>"; };
		685A9B9317C640B70086688F /* btn-detaildisclosure.png */ = {isa = PBXFileReference; lastKnownFileType = image.png; path = "btn-detaildisclosure.png"; sourceTree = "<group>"; };
		685A9B9417C640B70086688F /* btn-detaildisclosure@2x.png */ = {isa = PBXFileReference; lastKnownFileType = image.png; path = "btn-detaildisclosure@2x.png"; sourceTree = "<group>"; };
		685A9B9517C640B70086688F /* btn-detaildisclosurepressed.png */ = {isa = PBXFileReference; lastKnownFileType = image.png; path = "btn-detaildisclosurepressed.png"; sourceTree = "<group>"; };
		685A9B9617C640B70086688F /* btn-detaildisclosurepressed@2x.png */ = {isa = PBXFileReference; lastKnownFileType = image.png; path = "btn-detaildisclosurepressed@2x.png"; sourceTree = "<group>"; };
		685A9B9B17C643020086688F /* CustomDetailDisclosureCell.h */ = {isa = PBXFileReference; fileEncoding = 4; lastKnownFileType = sourcecode.c.h; path = CustomDetailDisclosureCell.h; sourceTree = "<group>"; };
		685A9B9C17C643020086688F /* CustomDetailDisclosureCell.m */ = {isa = PBXFileReference; fileEncoding = 4; lastKnownFileType = sourcecode.c.objc; path = CustomDetailDisclosureCell.m; sourceTree = "<group>"; };
		685A9B9E17C643110086688F /* CustomDetailDisclosureCell.xib */ = {isa = PBXFileReference; fileEncoding = 4; lastKnownFileType = file.xib; path = CustomDetailDisclosureCell.xib; sourceTree = "<group>"; };
		68EEF50618DA952F002B7034 /* NSManagedObject+WPSKit.h */ = {isa = PBXFileReference; fileEncoding = 4; lastKnownFileType = sourcecode.c.h; path = "NSManagedObject+WPSKit.h"; sourceTree = "<group>"; };
		68EEF50718DA952F002B7034 /* NSManagedObject+WPSKit.m */ = {isa = PBXFileReference; fileEncoding = 4; lastKnownFileType = sourcecode.c.objc; path = "NSManagedObject+WPSKit.m"; sourceTree = "<group>"; };
		68EEF50818DA952F002B7034 /* NSManagedObjectContext+WPSKit.h */ = {isa = PBXFileReference; fileEncoding = 4; lastKnownFileType = sourcecode.c.h; path = "NSManagedObjectContext+WPSKit.h"; sourceTree = "<group>"; };
		68EEF50918DA952F002B7034 /* NSManagedObjectContext+WPSKit.m */ = {isa = PBXFileReference; fileEncoding = 4; lastKnownFileType = sourcecode.c.objc; path = "NSManagedObjectContext+WPSKit.m"; sourceTree = "<group>"; };
		68EEF50A18DA952F002B7034 /* WPSCoreDataStack.h */ = {isa = PBXFileReference; fileEncoding = 4; lastKnownFileType = sourcecode.c.h; path = WPSCoreDataStack.h; sourceTree = "<group>"; };
		68EEF50B18DA952F002B7034 /* WPSCoreDataStack.m */ = {isa = PBXFileReference; fileEncoding = 4; lastKnownFileType = sourcecode.c.objc; path = WPSCoreDataStack.m; sourceTree = "<group>"; };
		68EEF50C18DA952F002B7034 /* WPSFetchedResultsDelegate.h */ = {isa = PBXFileReference; fileEncoding = 4; lastKnownFileType = sourcecode.c.h; path = WPSFetchedResultsDelegate.h; sourceTree = "<group>"; };
		68EEF50D18DA952F002B7034 /* WPSFetchedResultsDelegate.m */ = {isa = PBXFileReference; fileEncoding = 4; lastKnownFileType = sourcecode.c.objc; path = WPSFetchedResultsDelegate.m; sourceTree = "<group>"; };
		68EEF50E18DA952F002B7034 /* WPSManagedObjectContextWatcher.h */ = {isa = PBXFileReference; fileEncoding = 4; lastKnownFileType = sourcecode.c.h; path = WPSManagedObjectContextWatcher.h; sourceTree = "<group>"; };
		68EEF50F18DA952F002B7034 /* WPSManagedObjectContextWatcher.m */ = {isa = PBXFileReference; fileEncoding = 4; lastKnownFileType = sourcecode.c.objc; path = WPSManagedObjectContextWatcher.m; sourceTree = "<group>"; };
		68EEF51118DA952F002B7034 /* CLLocation+WPSKit.h */ = {isa = PBXFileReference; fileEncoding = 4; lastKnownFileType = sourcecode.c.h; path = "CLLocation+WPSKit.h"; sourceTree = "<group>"; };
		68EEF51218DA952F002B7034 /* CLLocation+WPSKit.m */ = {isa = PBXFileReference; fileEncoding = 4; lastKnownFileType = sourcecode.c.objc; path = "CLLocation+WPSKit.m"; sourceTree = "<group>"; };
		68EEF51418DA952F002B7034 /* NSArray+WPSKit.h */ = {isa = PBXFileReference; fileEncoding = 4; lastKnownFileType = sourcecode.c.h; path = "NSArray+WPSKit.h"; sourceTree = "<group>"; };
		68EEF51518DA952F002B7034 /* NSArray+WPSKit.m */ = {isa = PBXFileReference; fileEncoding = 4; lastKnownFileType = sourcecode.c.objc; path = "NSArray+WPSKit.m"; sourceTree = "<group>"; };
		68EEF51618DA952F002B7034 /* NSData+WPSKit.h */ = {isa = PBXFileReference; fileEncoding = 4; lastKnownFileType = sourcecode.c.h; path = "NSData+WPSKit.h"; sourceTree = "<group>"; };
		68EEF51718DA952F002B7034 /* NSData+WPSKit.m */ = {isa = PBXFileReference; fileEncoding = 4; lastKnownFileType = sourcecode.c.objc; path = "NSData+WPSKit.m"; sourceTree = "<group>"; };
		68EEF51818DA952F002B7034 /* NSFileManager+WPSKit.h */ = {isa = PBXFileReference; fileEncoding = 4; lastKnownFileType = sourcecode.c.h; path = "NSFileManager+WPSKit.h"; sourceTree = "<group>"; };
		68EEF51918DA952F002B7034 /* NSFileManager+WPSKit.m */ = {isa = PBXFileReference; fileEncoding = 4; lastKnownFileType = sourcecode.c.objc; path = "NSFileManager+WPSKit.m"; sourceTree = "<group>"; };
		68EEF51A18DA952F002B7034 /* NSNull+WPSKit.h */ = {isa = PBXFileReference; fileEncoding = 4; lastKnownFileType = sourcecode.c.h; path = "NSNull+WPSKit.h"; sourceTree = "<group>"; };
		68EEF51B18DA952F002B7034 /* NSNull+WPSKit.m */ = {isa = PBXFileReference; fileEncoding = 4; lastKnownFileType = sourcecode.c.objc; path = "NSNull+WPSKit.m"; sourceTree = "<group>"; };
		68EEF51C18DA952F002B7034 /* NSString+WPSKit.h */ = {isa = PBXFileReference; fileEncoding = 4; lastKnownFileType = sourcecode.c.h; path = "NSString+WPSKit.h"; sourceTree = "<group>"; };
		68EEF51D18DA952F002B7034 /* NSString+WPSKit.m */ = {isa = PBXFileReference; fileEncoding = 4; lastKnownFileType = sourcecode.c.objc; path = "NSString+WPSKit.m"; sourceTree = "<group>"; };
		68EEF51E18DA952F002B7034 /* NSURL+WPSKit.h */ = {isa = PBXFileReference; fileEncoding = 4; lastKnownFileType = sourcecode.c.h; path = "NSURL+WPSKit.h"; sourceTree = "<group>"; };
		68EEF51F18DA952F002B7034 /* NSURL+WPSKit.m */ = {isa = PBXFileReference; fileEncoding = 4; lastKnownFileType = sourcecode.c.objc; path = "NSURL+WPSKit.m"; sourceTree = "<group>"; };
		68EEF52018DA952F002B7034 /* WPSCache.h */ = {isa = PBXFileReference; fileEncoding = 4; lastKnownFileType = sourcecode.c.h; path = WPSCache.h; sourceTree = "<group>"; };
		68EEF52118DA952F002B7034 /* WPSCache.m */ = {isa = PBXFileReference; fileEncoding = 4; lastKnownFileType = sourcecode.c.objc; path = WPSCache.m; sourceTree = "<group>"; };
		68EEF52218DA952F002B7034 /* WPSImageDownloader.h */ = {isa = PBXFileReference; fileEncoding = 4; lastKnownFileType = sourcecode.c.h; path = WPSImageDownloader.h; sourceTree = "<group>"; };
		68EEF52318DA952F002B7034 /* WPSImageDownloader.m */ = {isa = PBXFileReference; fileEncoding = 4; lastKnownFileType = sourcecode.c.objc; path = WPSImageDownloader.m; sourceTree = "<group>"; };
		68EEF52418DA952F002B7034 /* WPSMultipartFormDataUploader.h */ = {isa = PBXFileReference; fileEncoding = 4; lastKnownFileType = sourcecode.c.h; path = WPSMultipartFormDataUploader.h; sourceTree = "<group>"; };
		68EEF52518DA952F002B7034 /* WPSMultipartFormDataUploader.m */ = {isa = PBXFileReference; fileEncoding = 4; lastKnownFileType = sourcecode.c.objc; path = WPSMultipartFormDataUploader.m; sourceTree = "<group>"; };
		68EEF52618DA952F002B7034 /* WPSStopwatch.h */ = {isa = PBXFileReference; fileEncoding = 4; lastKnownFileType = sourcecode.c.h; path = WPSStopwatch.h; sourceTree = "<group>"; };
		68EEF52718DA952F002B7034 /* WPSStopwatch.m */ = {isa = PBXFileReference; fileEncoding = 4; lastKnownFileType = sourcecode.c.objc; path = WPSStopwatch.m; sourceTree = "<group>"; };
		68EEF52818DA952F002B7034 /* WPSWebClient.h */ = {isa = PBXFileReference; fileEncoding = 4; lastKnownFileType = sourcecode.c.h; path = WPSWebClient.h; sourceTree = "<group>"; };
		68EEF52918DA952F002B7034 /* WPSWebClient.m */ = {isa = PBXFileReference; fileEncoding = 4; lastKnownFileType = sourcecode.c.objc; path = WPSWebClient.m; sourceTree = "<group>"; };
		68EEF52B18DA952F002B7034 /* MKMapView+WPSKit.h */ = {isa = PBXFileReference; fileEncoding = 4; lastKnownFileType = sourcecode.c.h; path = "MKMapView+WPSKit.h"; sourceTree = "<group>"; };
		68EEF52C18DA952F002B7034 /* MKMapView+WPSKit.m */ = {isa = PBXFileReference; fileEncoding = 4; lastKnownFileType = sourcecode.c.objc; path = "MKMapView+WPSKit.m"; sourceTree = "<group>"; };
		68EEF52F18DA952F002B7034 /* WPSArrayDataSource.h */ = {isa = PBXFileReference; fileEncoding = 4; lastKnownFileType = sourcecode.c.h; path = WPSArrayDataSource.h; sourceTree = "<group>"; };
		68EEF53018DA952F002B7034 /* WPSArrayDataSource.m */ = {isa = PBXFileReference; fileEncoding = 4; lastKnownFileType = sourcecode.c.objc; path = WPSArrayDataSource.m; sourceTree = "<group>"; };
		68EEF53118DA952F002B7034 /* WPSDataSource.h */ = {isa = PBXFileReference; fileEncoding = 4; lastKnownFileType = sourcecode.c.h; path = WPSDataSource.h; sourceTree = "<group>"; };
		68EEF53218DA952F002B7034 /* WPSFetchedResultsDataSource.h */ = {isa = PBXFileReference; fileEncoding = 4; lastKnownFileType = sourcecode.c.h; path = WPSFetchedResultsDataSource.h; sourceTree = "<group>"; };
		68EEF53318DA952F002B7034 /* WPSFetchedResultsDataSource.m */ = {isa = PBXFileReference; fileEncoding = 4; lastKnownFileType = sourcecode.c.objc; path = WPSFetchedResultsDataSource.m; sourceTree = "<group>"; };
		68EEF53418DA952F002B7034 /* UIApplication+WPSKit.h */ = {isa = PBXFileReference; fileEncoding = 4; lastKnownFileType = sourcecode.c.h; path = "UIApplication+WPSKit.h"; sourceTree = "<group>"; };
		68EEF53518DA952F002B7034 /* UIApplication+WPSKit.m */ = {isa = PBXFileReference; fileEncoding = 4; lastKnownFileType = sourcecode.c.objc; path = "UIApplication+WPSKit.m"; sourceTree = "<group>"; };
		68EEF53618DA952F002B7034 /* UIColor+WPSKit.h */ = {isa = PBXFileReference; fileEncoding = 4; lastKnownFileType = sourcecode.c.h; path = "UIColor+WPSKit.h"; sourceTree = "<group>"; };
		68EEF53718DA952F002B7034 /* UIColor+WPSKit.m */ = {isa = PBXFileReference; fileEncoding = 4; lastKnownFileType = sourcecode.c.objc; path = "UIColor+WPSKit.m"; sourceTree = "<group>"; };
		68EEF53818DA952F002B7034 /* UIDevice+WPSKit.h */ = {isa = PBXFileReference; fileEncoding = 4; lastKnownFileType = sourcecode.c.h; path = "UIDevice+WPSKit.h"; sourceTree = "<group>"; };
		68EEF53918DA952F002B7034 /* UIDevice+WPSKit.m */ = {isa = PBXFileReference; fileEncoding = 4; lastKnownFileType = sourcecode.c.objc; path = "UIDevice+WPSKit.m"; sourceTree = "<group>"; };
		68EEF53A18DA952F002B7034 /* UIImage+WPSKit.h */ = {isa = PBXFileReference; fileEncoding = 4; lastKnownFileType = sourcecode.c.h; path = "UIImage+WPSKit.h"; sourceTree = "<group>"; };
		68EEF53B18DA952F002B7034 /* UIImage+WPSKit.m */ = {isa = PBXFileReference; fileEncoding = 4; lastKnownFileType = sourcecode.c.objc; path = "UIImage+WPSKit.m"; sourceTree = "<group>"; };
		68EEF53C18DA952F002B7034 /* UIView+WPSKit.h */ = {isa = PBXFileReference; fileEncoding = 4; lastKnownFileType = sourcecode.c.h; path = "UIView+WPSKit.h"; sourceTree = "<group>"; };
		68EEF53D18DA952F002B7034 /* UIView+WPSKit.m */ = {isa = PBXFileReference; fileEncoding = 4; lastKnownFileType = sourcecode.c.objc; path = "UIView+WPSKit.m"; sourceTree = "<group>"; };
		68EEF53E18DA952F002B7034 /* UIViewController+WPSKit.h */ = {isa = PBXFileReference; fileEncoding = 4; lastKnownFileType = sourcecode.c.h; path = "UIViewController+WPSKit.h"; sourceTree = "<group>"; };
		68EEF53F18DA952F002B7034 /* UIViewController+WPSKit.m */ = {isa = PBXFileReference; fileEncoding = 4; lastKnownFileType = sourcecode.c.objc; path = "UIViewController+WPSKit.m"; sourceTree = "<group>"; };
		68EEF54018DA952F002B7034 /* WPSActionSheet.h */ = {isa = PBXFileReference; fileEncoding = 4; lastKnownFileType = sourcecode.c.h; path = WPSActionSheet.h; sourceTree = "<group>"; };
		68EEF54118DA952F002B7034 /* WPSActionSheet.m */ = {isa = PBXFileReference; fileEncoding = 4; lastKnownFileType = sourcecode.c.objc; path = WPSActionSheet.m; sourceTree = "<group>"; };
		68EEF54218DA952F002B7034 /* WPSAlertView.h */ = {isa = PBXFileReference; fileEncoding = 4; lastKnownFileType = sourcecode.c.h; path = WPSAlertView.h; sourceTree = "<group>"; };
		68EEF54318DA952F002B7034 /* WPSAlertView.m */ = {isa = PBXFileReference; fileEncoding = 4; lastKnownFileType = sourcecode.c.objc; path = WPSAlertView.m; sourceTree = "<group>"; };
		68EEF54418DA952F002B7034 /* WPSCollectionViewCell.h */ = {isa = PBXFileReference; fileEncoding = 4; lastKnownFileType = sourcecode.c.h; path = WPSCollectionViewCell.h; sourceTree = "<group>"; };
		68EEF54518DA952F002B7034 /* WPSCollectionViewCell.m */ = {isa = PBXFileReference; fileEncoding = 4; lastKnownFileType = sourcecode.c.objc; path = WPSCollectionViewCell.m; sourceTree = "<group>"; };
		68EEF54618DA952F002B7034 /* WPSPageControl.h */ = {isa = PBXFileReference; fileEncoding = 4; lastKnownFileType = sourcecode.c.h; path = WPSPageControl.h; sourceTree = "<group>"; };
		68EEF54718DA952F002B7034 /* WPSPageControl.m */ = {isa = PBXFileReference; fileEncoding = 4; lastKnownFileType = sourcecode.c.objc; path = WPSPageControl.m; sourceTree = "<group>"; };
		68EEF54818DA952F002B7034 /* WPSTableViewCell.h */ = {isa = PBXFileReference; fileEncoding = 4; lastKnownFileType = sourcecode.c.h; path = WPSTableViewCell.h; sourceTree = "<group>"; };
		68EEF54918DA952F002B7034 /* WPSTableViewCell.m */ = {isa = PBXFileReference; fileEncoding = 4; lastKnownFileType = sourcecode.c.objc; path = WPSTableViewCell.m; sourceTree = "<group>"; };
		68EEF54A18DA952F002B7034 /* WPSTextView.h */ = {isa = PBXFileReference; fileEncoding = 4; lastKnownFileType = sourcecode.c.h; path = WPSTextView.h; sourceTree = "<group>"; };
		68EEF54B18DA952F002B7034 /* WPSTextView.m */ = {isa = PBXFileReference; fileEncoding = 4; lastKnownFileType = sourcecode.c.objc; path = WPSTextView.m; sourceTree = "<group>"; };
/* End PBXFileReference section */

/* Begin PBXFrameworksBuildPhase section */
		682CE5EC14EDAE1C00F0AF2E /* Frameworks */ = {
			isa = PBXFrameworksBuildPhase;
			buildActionMask = 2147483647;
			files = (
				680EE75E14EDB6A700F84CD3 /* SystemConfiguration.framework in Frameworks */,
				680EE75C14EDB69B00F84CD3 /* CoreLocation.framework in Frameworks */,
				680EE75A14EDB68B00F84CD3 /* MapKit.framework in Frameworks */,
				680EE75814EDB67E00F84CD3 /* CoreData.framework in Frameworks */,
				682CE5F414EDAE1C00F0AF2E /* UIKit.framework in Frameworks */,
				682CE5F614EDAE1C00F0AF2E /* Foundation.framework in Frameworks */,
				682CE5F814EDAE1C00F0AF2E /* CoreGraphics.framework in Frameworks */,
			);
			runOnlyForDeploymentPostprocessing = 0;
		};
/* End PBXFrameworksBuildPhase section */

/* Begin PBXGroup section */
		680EE77E14EDF1FE00F84CD3 /* images */ = {
			isa = PBXGroup;
			children = (
				680EE77F14EDF1FE00F84CD3 /* roundedbox.png */,
				680EE78014EDF1FE00F84CD3 /* roundedbox@2x.png */,
				685A9B9317C640B70086688F /* btn-detaildisclosure.png */,
				685A9B9417C640B70086688F /* btn-detaildisclosure@2x.png */,
				685A9B9517C640B70086688F /* btn-detaildisclosurepressed.png */,
				685A9B9617C640B70086688F /* btn-detaildisclosurepressed@2x.png */,
			);
			path = images;
			sourceTree = "<group>";
		};
		682CE5E414EDAE1B00F0AF2E = {
			isa = PBXGroup;
			children = (
				68EEF50418DA952F002B7034 /* WPSKit */,
				682CE5F914EDAE1C00F0AF2E /* WPSKitSamples */,
				682CE5F214EDAE1C00F0AF2E /* Frameworks */,
				682CE5F014EDAE1C00F0AF2E /* Products */,
			);
			indentWidth = 3;
			sourceTree = "<group>";
			tabWidth = 3;
		};
		682CE5F014EDAE1C00F0AF2E /* Products */ = {
			isa = PBXGroup;
			children = (
				682CE5EF14EDAE1C00F0AF2E /* WPSKitSamples.app */,
			);
			name = Products;
			sourceTree = "<group>";
		};
		682CE5F214EDAE1C00F0AF2E /* Frameworks */ = {
			isa = PBXGroup;
			children = (
				680EE75D14EDB6A700F84CD3 /* SystemConfiguration.framework */,
				680EE75B14EDB69B00F84CD3 /* CoreLocation.framework */,
				680EE75914EDB68B00F84CD3 /* MapKit.framework */,
				680EE75714EDB67E00F84CD3 /* CoreData.framework */,
				682CE5F314EDAE1C00F0AF2E /* UIKit.framework */,
				682CE5F514EDAE1C00F0AF2E /* Foundation.framework */,
				682CE5F714EDAE1C00F0AF2E /* CoreGraphics.framework */,
			);
			name = Frameworks;
			sourceTree = "<group>";
		};
		682CE5F914EDAE1C00F0AF2E /* WPSKitSamples */ = {
			isa = PBXGroup;
			children = (
				682CE60214EDAE1C00F0AF2E /* AppDelegate.h */,
				682CE60314EDAE1C00F0AF2E /* AppDelegate.m */,
				680EE76614EDBB9A00F84CD3 /* FeatureModelObject.h */,
				680EE76714EDBB9A00F84CD3 /* FeatureModelObject.m */,
				680EE76A14EDBFE800F84CD3 /* CustomViewController.h */,
				680EE76B14EDBFE800F84CD3 /* CustomViewController.m */,
				682CE64A14EDAEC300F0AF2E /* RootViewController.h */,
				682CE64B14EDAEC300F0AF2E /* RootViewController.m */,
				682CE64D14EDAEF200F0AF2E /* RootView.xib */,
				680EE77914EDEF8D00F84CD3 /* TextViewViewController.h */,
				680EE77A14EDEF8D00F84CD3 /* TextViewViewController.m */,
				680EE77C14EDF00100F84CD3 /* TextViewView.xib */,
				680EE77414EDDCFB00F84CD3 /* WebClientViewController.h */,
				680EE77514EDDCFB00F84CD3 /* WebClientViewController.m */,
				680EE77714EDDD3D00F84CD3 /* WebClientView.xib */,
				685A9B8917C63E8A0086688F /* TableViewViewController.h */,
				685A9B8A17C63E8A0086688F /* TableViewViewController.m */,
				685A9B8B17C63E8A0086688F /* TableViewViewController.xib */,
				685A9B8E17C63F0A0086688F /* CustomDetailDisclosureButtonViewController.h */,
				685A9B8F17C63F0A0086688F /* CustomDetailDisclosureButtonViewController.m */,
				685A9B9017C63F0A0086688F /* CustomDetailDisclosureButtonViewController.xib */,
				685A9B9B17C643020086688F /* CustomDetailDisclosureCell.h */,
				685A9B9C17C643020086688F /* CustomDetailDisclosureCell.m */,
				685A9B9E17C643110086688F /* CustomDetailDisclosureCell.xib */,
				680EE77E14EDF1FE00F84CD3 /* images */,
				682CE5FA14EDAE1C00F0AF2E /* Supporting Files */,
			);
			path = WPSKitSamples;
			sourceTree = "<group>";
		};
		682CE5FA14EDAE1C00F0AF2E /* Supporting Files */ = {
			isa = PBXGroup;
			children = (
				682CE5FB14EDAE1C00F0AF2E /* WPSKitSamples-Info.plist */,
				682CE5FC14EDAE1C00F0AF2E /* InfoPlist.strings */,
				682CE5FF14EDAE1C00F0AF2E /* main.m */,
				682CE60114EDAE1C00F0AF2E /* WPSKitSamples-Prefix.pch */,
			);
			name = "Supporting Files";
			sourceTree = "<group>";
		};
		68EEF50418DA952F002B7034 /* WPSKit */ = {
			isa = PBXGroup;
			children = (
				68EEF50518DA952F002B7034 /* CoreData */,
				68EEF51018DA952F002B7034 /* CoreLocation */,
				68EEF51318DA952F002B7034 /* Foundation */,
				68EEF52A18DA952F002B7034 /* MapKit */,
				68EEF52D18DA952F002B7034 /* UIKit */,
			);
			name = WPSKit;
			path = ../WPSKit;
			sourceTree = "<group>";
		};
		68EEF50518DA952F002B7034 /* CoreData */ = {
			isa = PBXGroup;
			children = (
				68EEF50618DA952F002B7034 /* NSManagedObject+WPSKit.h */,
				68EEF50718DA952F002B7034 /* NSManagedObject+WPSKit.m */,
				68EEF50818DA952F002B7034 /* NSManagedObjectContext+WPSKit.h */,
				68EEF50918DA952F002B7034 /* NSManagedObjectContext+WPSKit.m */,
				68EEF50A18DA952F002B7034 /* WPSCoreDataStack.h */,
				68EEF50B18DA952F002B7034 /* WPSCoreDataStack.m */,
				68EEF50C18DA952F002B7034 /* WPSFetchedResultsDelegate.h */,
				68EEF50D18DA952F002B7034 /* WPSFetchedResultsDelegate.m */,
				68EEF50E18DA952F002B7034 /* WPSManagedObjectContextWatcher.h */,
				68EEF50F18DA952F002B7034 /* WPSManagedObjectContextWatcher.m */,
			);
			path = CoreData;
			sourceTree = "<group>";
		};
		68EEF51018DA952F002B7034 /* CoreLocation */ = {
			isa = PBXGroup;
			children = (
				68EEF51118DA952F002B7034 /* CLLocation+WPSKit.h */,
				68EEF51218DA952F002B7034 /* CLLocation+WPSKit.m */,
			);
			path = CoreLocation;
			sourceTree = "<group>";
		};
		68EEF51318DA952F002B7034 /* Foundation */ = {
			isa = PBXGroup;
			children = (
				68EEF51418DA952F002B7034 /* NSArray+WPSKit.h */,
				68EEF51518DA952F002B7034 /* NSArray+WPSKit.m */,
				68EEF51618DA952F002B7034 /* NSData+WPSKit.h */,
				68EEF51718DA952F002B7034 /* NSData+WPSKit.m */,
				68EEF51818DA952F002B7034 /* NSFileManager+WPSKit.h */,
				68EEF51918DA952F002B7034 /* NSFileManager+WPSKit.m */,
				68EEF51A18DA952F002B7034 /* NSNull+WPSKit.h */,
				68EEF51B18DA952F002B7034 /* NSNull+WPSKit.m */,
				68EEF51C18DA952F002B7034 /* NSString+WPSKit.h */,
				68EEF51D18DA952F002B7034 /* NSString+WPSKit.m */,
				68EEF51E18DA952F002B7034 /* NSURL+WPSKit.h */,
				68EEF51F18DA952F002B7034 /* NSURL+WPSKit.m */,
				68EEF52018DA952F002B7034 /* WPSCache.h */,
				68EEF52118DA952F002B7034 /* WPSCache.m */,
				68EEF52218DA952F002B7034 /* WPSImageDownloader.h */,
				68EEF52318DA952F002B7034 /* WPSImageDownloader.m */,
				68EEF52418DA952F002B7034 /* WPSMultipartFormDataUploader.h */,
				68EEF52518DA952F002B7034 /* WPSMultipartFormDataUploader.m */,
				68EEF52618DA952F002B7034 /* WPSStopwatch.h */,
				68EEF52718DA952F002B7034 /* WPSStopwatch.m */,
				68EEF52818DA952F002B7034 /* WPSWebClient.h */,
				68EEF52918DA952F002B7034 /* WPSWebClient.m */,
			);
			path = Foundation;
			sourceTree = "<group>";
		};
		68EEF52A18DA952F002B7034 /* MapKit */ = {
			isa = PBXGroup;
			children = (
				68EEF52B18DA952F002B7034 /* MKMapView+WPSKit.h */,
				68EEF52C18DA952F002B7034 /* MKMapView+WPSKit.m */,
			);
			path = MapKit;
			sourceTree = "<group>";
		};
		68EEF52D18DA952F002B7034 /* UIKit */ = {
			isa = PBXGroup;
			children = (
				68EEF52E18DA952F002B7034 /* DataSources */,
				68EEF53418DA952F002B7034 /* UIApplication+WPSKit.h */,
				68EEF53518DA952F002B7034 /* UIApplication+WPSKit.m */,
				68EEF53618DA952F002B7034 /* UIColor+WPSKit.h */,
				68EEF53718DA952F002B7034 /* UIColor+WPSKit.m */,
				68EEF53818DA952F002B7034 /* UIDevice+WPSKit.h */,
				68EEF53918DA952F002B7034 /* UIDevice+WPSKit.m */,
				68EEF53A18DA952F002B7034 /* UIImage+WPSKit.h */,
				68EEF53B18DA952F002B7034 /* UIImage+WPSKit.m */,
				68EEF53C18DA952F002B7034 /* UIView+WPSKit.h */,
				68EEF53D18DA952F002B7034 /* UIView+WPSKit.m */,
				68EEF53E18DA952F002B7034 /* UIViewController+WPSKit.h */,
				68EEF53F18DA952F002B7034 /* UIViewController+WPSKit.m */,
				68EEF54018DA952F002B7034 /* WPSActionSheet.h */,
				68EEF54118DA952F002B7034 /* WPSActionSheet.m */,
				68EEF54218DA952F002B7034 /* WPSAlertView.h */,
				68EEF54318DA952F002B7034 /* WPSAlertView.m */,
				68EEF54418DA952F002B7034 /* WPSCollectionViewCell.h */,
				68EEF54518DA952F002B7034 /* WPSCollectionViewCell.m */,
				68EEF54618DA952F002B7034 /* WPSPageControl.h */,
				68EEF54718DA952F002B7034 /* WPSPageControl.m */,
				68EEF54818DA952F002B7034 /* WPSTableViewCell.h */,
				68EEF54918DA952F002B7034 /* WPSTableViewCell.m */,
				68EEF54A18DA952F002B7034 /* WPSTextView.h */,
				68EEF54B18DA952F002B7034 /* WPSTextView.m */,
			);
			path = UIKit;
			sourceTree = "<group>";
		};
		68EEF52E18DA952F002B7034 /* DataSources */ = {
			isa = PBXGroup;
			children = (
				68EEF52F18DA952F002B7034 /* WPSArrayDataSource.h */,
				68EEF53018DA952F002B7034 /* WPSArrayDataSource.m */,
				68EEF53118DA952F002B7034 /* WPSDataSource.h */,
				68EEF53218DA952F002B7034 /* WPSFetchedResultsDataSource.h */,
				68EEF53318DA952F002B7034 /* WPSFetchedResultsDataSource.m */,
			);
			path = DataSources;
			sourceTree = "<group>";
		};
/* End PBXGroup section */

/* Begin PBXNativeTarget section */
		682CE5EE14EDAE1C00F0AF2E /* WPSKitSamples */ = {
			isa = PBXNativeTarget;
			buildConfigurationList = 682CE60714EDAE1C00F0AF2E /* Build configuration list for PBXNativeTarget "WPSKitSamples" */;
			buildPhases = (
				682CE5EB14EDAE1C00F0AF2E /* Sources */,
				682CE5EC14EDAE1C00F0AF2E /* Frameworks */,
				682CE5ED14EDAE1C00F0AF2E /* Resources */,
			);
			buildRules = (
			);
			dependencies = (
			);
			name = WPSKitSamples;
			productName = WPSKitSamples;
			productReference = 682CE5EF14EDAE1C00F0AF2E /* WPSKitSamples.app */;
			productType = "com.apple.product-type.application";
		};
/* End PBXNativeTarget section */

/* Begin PBXProject section */
		682CE5E614EDAE1B00F0AF2E /* Project object */ = {
			isa = PBXProject;
			attributes = {
				LastUpgradeCheck = 0420;
				ORGANIZATIONNAME = "White Peak Software Inc.";
			};
			buildConfigurationList = 682CE5E914EDAE1B00F0AF2E /* Build configuration list for PBXProject "WPSKitSamples" */;
			compatibilityVersion = "Xcode 3.2";
			developmentRegion = English;
			hasScannedForEncodings = 0;
			knownRegions = (
				en,
			);
			mainGroup = 682CE5E414EDAE1B00F0AF2E;
			productRefGroup = 682CE5F014EDAE1C00F0AF2E /* Products */;
			projectDirPath = "";
			projectRoot = "";
			targets = (
				682CE5EE14EDAE1C00F0AF2E /* WPSKitSamples */,
				68EEF56C18DA959D002B7034 /* Documentation */,
			);
		};
/* End PBXProject section */

/* Begin PBXResourcesBuildPhase section */
		682CE5ED14EDAE1C00F0AF2E /* Resources */ = {
			isa = PBXResourcesBuildPhase;
			buildActionMask = 2147483647;
			files = (
				682CE5FE14EDAE1C00F0AF2E /* InfoPlist.strings in Resources */,
				682CE64E14EDAEF200F0AF2E /* RootView.xib in Resources */,
				680EE77814EDDD3D00F84CD3 /* WebClientView.xib in Resources */,
				680EE77D14EDF00100F84CD3 /* TextViewView.xib in Resources */,
				680EE78114EDF1FE00F84CD3 /* roundedbox.png in Resources */,
				680EE78214EDF1FE00F84CD3 /* roundedbox@2x.png in Resources */,
				685A9B8D17C63E8A0086688F /* TableViewViewController.xib in Resources */,
				685A9B9217C63F0B0086688F /* CustomDetailDisclosureButtonViewController.xib in Resources */,
				685A9B9717C640B70086688F /* btn-detaildisclosure.png in Resources */,
				685A9B9817C640B70086688F /* btn-detaildisclosure@2x.png in Resources */,
				685A9B9917C640B70086688F /* btn-detaildisclosurepressed.png in Resources */,
				685A9B9A17C640B70086688F /* btn-detaildisclosurepressed@2x.png in Resources */,
				685A9B9F17C643110086688F /* CustomDetailDisclosureCell.xib in Resources */,
			);
			runOnlyForDeploymentPostprocessing = 0;
		};
/* End PBXResourcesBuildPhase section */

/* Begin PBXShellScriptBuildPhase section */
		68EEF57018DA95D2002B7034 /* ShellScript */ = {
			isa = PBXShellScriptBuildPhase;
			buildActionMask = 2147483647;
			files = (
			);
			inputPaths = (
			);
			outputPaths = (
			);
			runOnlyForDeploymentPostprocessing = 0;
			shellPath = /bin/sh;
			shellScript = "# appledoc Xcode script\n# Run script only if appledoc is available.\nif [ -e ~/bin/appledoc ];\nthen\n\n# Start constants\ncompany=\"White Peak Software, Inc.\";\ncompanyID=\"com.whitepeaksoftware\";\ncompanyURL=\"http://www.whitepeaksoftware.com\";\nproject=\"WPSKit\";\ntarget=\"iphoneos\";\n#target=\"macosx\";\noutputPath=\"~/help\";\n# End constants\n~/bin/appledoc \\\n--project-name \"${project}\" \\\n--project-company \"${company}\" \\\n--company-id \"${companyID}\" \\\n--docset-atom-filename \"${project}.atom\" \\\n--docset-feed-url \"${companyURL}/${project}/%DOCSETATOMFILENAME\" \\\n--docset-package-url \"${companyURL}/${project}/%DOCSETPACKAGEFILENAME\" \\\n--docset-fallback-url \"${companyURL}/${project}\" \\\n--output \"${outputPath}\" \\\n--publish-docset \\\n--docset-platform-family \"${target}\" \\\n--logformat xcode \\\n--keep-intermediate-files \\\n--no-repeat-first-par \\\n--no-warn-invalid-crossref \\\n--exit-threshold 2 \\\n--verbose 6 \\\n--ignore .m \\\n\"${PROJECT_DIR}/../WPSKit\"\n\nfi\n";
		};
/* End PBXShellScriptBuildPhase section */

/* Begin PBXSourcesBuildPhase section */
		682CE5EB14EDAE1C00F0AF2E /* Sources */ = {
			isa = PBXSourcesBuildPhase;
			buildActionMask = 2147483647;
			files = (
				68EEF55B18DA952F002B7034 /* WPSStopwatch.m in Sources */,
				68EEF56818DA952F002B7034 /* WPSCollectionViewCell.m in Sources */,
				68EEF54F18DA952F002B7034 /* WPSFetchedResultsDelegate.m in Sources */,
				68EEF55418DA952F002B7034 /* NSFileManager+WPSKit.m in Sources */,
				682CE60014EDAE1C00F0AF2E /* main.m in Sources */,
				68EEF55518DA952F002B7034 /* NSNull+WPSKit.m in Sources */,
				68EEF56018DA952F002B7034 /* UIApplication+WPSKit.m in Sources */,
				68EEF55318DA952F002B7034 /* NSData+WPSKit.m in Sources */,
				68EEF54C18DA952F002B7034 /* NSManagedObject+WPSKit.m in Sources */,
				68EEF55718DA952F002B7034 /* NSURL+WPSKit.m in Sources */,
				68EEF55118DA952F002B7034 /* CLLocation+WPSKit.m in Sources */,
				682CE60414EDAE1C00F0AF2E /* AppDelegate.m in Sources */,
				682CE64C14EDAEC300F0AF2E /* RootViewController.m in Sources */,
				68EEF55D18DA952F002B7034 /* MKMapView+WPSKit.m in Sources */,
				680EE76814EDBB9A00F84CD3 /* FeatureModelObject.m in Sources */,
				68EEF56718DA952F002B7034 /* WPSAlertView.m in Sources */,
				68EEF55918DA952F002B7034 /* WPSImageDownloader.m in Sources */,
				68EEF56A18DA952F002B7034 /* WPSTableViewCell.m in Sources */,
				680EE76C14EDBFE900F84CD3 /* CustomViewController.m in Sources */,
				680EE77614EDDCFC00F84CD3 /* WebClientViewController.m in Sources */,
				68EEF55E18DA952F002B7034 /* WPSArrayDataSource.m in Sources */,
				680EE77B14EDEF8E00F84CD3 /* TextViewViewController.m in Sources */,
				68EEF55F18DA952F002B7034 /* WPSFetchedResultsDataSource.m in Sources */,
				68EEF54E18DA952F002B7034 /* WPSCoreDataStack.m in Sources */,
				68EEF56618DA952F002B7034 /* WPSActionSheet.m in Sources */,
				68EEF56318DA952F002B7034 /* UIImage+WPSKit.m in Sources */,
				68EEF56B18DA952F002B7034 /* WPSTextView.m in Sources */,
				68EEF56118DA952F002B7034 /* UIColor+WPSKit.m in Sources */,
				68EEF55218DA952F002B7034 /* NSArray+WPSKit.m in Sources */,
				685A9B8C17C63E8A0086688F /* TableViewViewController.m in Sources */,
				68EEF55618DA952F002B7034 /* NSString+WPSKit.m in Sources */,
				68EEF54D18DA952F002B7034 /* NSManagedObjectContext+WPSKit.m in Sources */,
				68EEF55818DA952F002B7034 /* WPSCache.m in Sources */,
				68EEF55018DA952F002B7034 /* WPSManagedObjectContextWatcher.m in Sources */,
				685A9B9117C63F0B0086688F /* CustomDetailDisclosureButtonViewController.m in Sources */,
				68EEF56418DA952F002B7034 /* UIView+WPSKit.m in Sources */,
				68EEF55A18DA952F002B7034 /* WPSMultipartFormDataUploader.m in Sources */,
				68EEF56918DA952F002B7034 /* WPSPageControl.m in Sources */,
				68EEF56218DA952F002B7034 /* UIDevice+WPSKit.m in Sources */,
				685A9B9D17C643030086688F /* CustomDetailDisclosureCell.m in Sources */,
				68EEF56518DA952F002B7034 /* UIViewController+WPSKit.m in Sources */,
				68EEF55C18DA952F002B7034 /* WPSWebClient.m in Sources */,
			);
			runOnlyForDeploymentPostprocessing = 0;
		};
/* End PBXSourcesBuildPhase section */

/* Begin PBXVariantGroup section */
		682CE5FC14EDAE1C00F0AF2E /* InfoPlist.strings */ = {
			isa = PBXVariantGroup;
			children = (
				682CE5FD14EDAE1C00F0AF2E /* en */,
			);
			name = InfoPlist.strings;
			sourceTree = "<group>";
		};
/* End PBXVariantGroup section */

/* Begin XCBuildConfiguration section */
		682CE60514EDAE1C00F0AF2E /* Debug */ = {
			isa = XCBuildConfiguration;
			buildSettings = {
				ALWAYS_SEARCH_USER_PATHS = NO;
				ARCHS = "$(ARCHS_STANDARD_32_BIT)";
				CLANG_ENABLE_OBJC_ARC = YES;
				"CODE_SIGN_IDENTITY[sdk=iphoneos*]" = "iPhone Developer";
				COPY_PHASE_STRIP = NO;
				GCC_C_LANGUAGE_STANDARD = gnu99;
				GCC_DYNAMIC_NO_PIC = NO;
				GCC_OPTIMIZATION_LEVEL = 0;
				GCC_PREPROCESSOR_DEFINITIONS = (
					"DEBUG=1",
					"$(inherited)",
				);
				GCC_SYMBOLS_PRIVATE_EXTERN = NO;
				GCC_VERSION = com.apple.compilers.llvm.clang.1_0;
				GCC_WARN_ABOUT_MISSING_PROTOTYPES = YES;
				GCC_WARN_ABOUT_RETURN_TYPE = YES;
				GCC_WARN_UNUSED_VARIABLE = YES;
				IPHONEOS_DEPLOYMENT_TARGET = 5.0;
				SDKROOT = iphoneos;
			};
			name = Debug;
		};
		682CE60614EDAE1C00F0AF2E /* Release */ = {
			isa = XCBuildConfiguration;
			buildSettings = {
				ALWAYS_SEARCH_USER_PATHS = NO;
				ARCHS = "$(ARCHS_STANDARD_32_BIT)";
				CLANG_ENABLE_OBJC_ARC = YES;
				"CODE_SIGN_IDENTITY[sdk=iphoneos*]" = "iPhone Developer";
				COPY_PHASE_STRIP = YES;
				GCC_C_LANGUAGE_STANDARD = gnu99;
				GCC_VERSION = com.apple.compilers.llvm.clang.1_0;
				GCC_WARN_ABOUT_MISSING_PROTOTYPES = YES;
				GCC_WARN_ABOUT_RETURN_TYPE = YES;
				GCC_WARN_UNUSED_VARIABLE = YES;
				IPHONEOS_DEPLOYMENT_TARGET = 5.0;
				OTHER_CFLAGS = "-DNS_BLOCK_ASSERTIONS=1";
				SDKROOT = iphoneos;
				VALIDATE_PRODUCT = YES;
			};
			name = Release;
		};
		682CE60814EDAE1C00F0AF2E /* Debug */ = {
			isa = XCBuildConfiguration;
			buildSettings = {
				GCC_PRECOMPILE_PREFIX_HEADER = YES;
				GCC_PREFIX_HEADER = "WPSKitSamples/WPSKitSamples-Prefix.pch";
				INFOPLIST_FILE = "WPSKitSamples/WPSKitSamples-Info.plist";
				IPHONEOS_DEPLOYMENT_TARGET = 7.0;
				PRODUCT_NAME = "$(TARGET_NAME)";
				WRAPPER_EXTENSION = app;
			};
			name = Debug;
		};
		682CE60914EDAE1C00F0AF2E /* Release */ = {
			isa = XCBuildConfiguration;
			buildSettings = {
				GCC_PRECOMPILE_PREFIX_HEADER = YES;
				GCC_PREFIX_HEADER = "WPSKitSamples/WPSKitSamples-Prefix.pch";
				INFOPLIST_FILE = "WPSKitSamples/WPSKitSamples-Info.plist";
				IPHONEOS_DEPLOYMENT_TARGET = 7.0;
				PRODUCT_NAME = "$(TARGET_NAME)";
				WRAPPER_EXTENSION = app;
			};
			name = Release;
		};
		68EEF56E18DA959D002B7034 /* Debug */ = {
			isa = XCBuildConfiguration;
			buildSettings = {
				PRODUCT_NAME = "$(TARGET_NAME)";
			};
			name = Debug;
		};
		68EEF56F18DA959D002B7034 /* Release */ = {
			isa = XCBuildConfiguration;
			buildSettings = {
				PRODUCT_NAME = "$(TARGET_NAME)";
			};
			name = Release;
		};
/* End XCBuildConfiguration section */

/* Begin XCConfigurationList section */
		682CE5E914EDAE1B00F0AF2E /* Build configuration list for PBXProject "WPSKitSamples" */ = {
			isa = XCConfigurationList;
			buildConfigurations = (
				682CE60514EDAE1C00F0AF2E /* Debug */,
				682CE60614EDAE1C00F0AF2E /* Release */,
			);
			defaultConfigurationIsVisible = 0;
			defaultConfigurationName = Release;
		};
		682CE60714EDAE1C00F0AF2E /* Build configuration list for PBXNativeTarget "WPSKitSamples" */ = {
			isa = XCConfigurationList;
			buildConfigurations = (
				682CE60814EDAE1C00F0AF2E /* Debug */,
				682CE60914EDAE1C00F0AF2E /* Release */,
			);
			defaultConfigurationIsVisible = 0;
			defaultConfigurationName = Release;
		};
		68EEF56D18DA959D002B7034 /* Build configuration list for PBXAggregateTarget "Documentation" */ = {
			isa = XCConfigurationList;
			buildConfigurations = (
				68EEF56E18DA959D002B7034 /* Debug */,
				68EEF56F18DA959D002B7034 /* Release */,
			);
			defaultConfigurationIsVisible = 0;
		};
/* End XCConfigurationList section */
	};
	rootObject = 682CE5E614EDAE1B00F0AF2E /* Project object */;
}
