// !$*UTF8*$!
{
	archiveVersion = 1;
	classes = {
	};
	objectVersion = 46;
	objects = {

/* Begin PBXBuildFile section */
		68102D8E14560CB100E0BDC9 /* CoreLocation.framework in Frameworks */ = {isa = PBXBuildFile; fileRef = 68102D8D14560CB100E0BDC9 /* CoreLocation.framework */; };
		6814402016E6995F009D91C6 /* NSArrayTests.m in Sources */ = {isa = PBXBuildFile; fileRef = 6814401F16E6995F009D91C6 /* NSArrayTests.m */; };
		6814402816E69B1F009D91C6 /* NSArray+WPSKit.m in Sources */ = {isa = PBXBuildFile; fileRef = 6814402716E69B1F009D91C6 /* NSArray+WPSKit.m */; };
		6819B5DA14B756FD00BDFDCD /* NSManagedObject+WPSKit.m in Sources */ = {isa = PBXBuildFile; fileRef = 6819B5B514B756FD00BDFDCD /* NSManagedObject+WPSKit.m */; };
		6819B5DB14B756FD00BDFDCD /* WPSCoreDataStack.m in Sources */ = {isa = PBXBuildFile; fileRef = 6819B5B714B756FD00BDFDCD /* WPSCoreDataStack.m */; };
		6819B5DC14B756FD00BDFDCD /* CLLocation+WPSKit.m in Sources */ = {isa = PBXBuildFile; fileRef = 6819B5BA14B756FD00BDFDCD /* CLLocation+WPSKit.m */; };
		6819B5DD14B756FD00BDFDCD /* NSFileManager+WPSKit.m in Sources */ = {isa = PBXBuildFile; fileRef = 6819B5BD14B756FD00BDFDCD /* NSFileManager+WPSKit.m */; };
		6819B5DE14B756FD00BDFDCD /* NSString+WPSKit.m in Sources */ = {isa = PBXBuildFile; fileRef = 6819B5BF14B756FD00BDFDCD /* NSString+WPSKit.m */; };
		6819B5DF14B756FD00BDFDCD /* Reachability.m in Sources */ = {isa = PBXBuildFile; fileRef = 6819B5C114B756FD00BDFDCD /* Reachability.m */; settings = {COMPILER_FLAGS = "-fno-objc-arc"; }; };
		6819B5E014B756FD00BDFDCD /* WPSCache.m in Sources */ = {isa = PBXBuildFile; fileRef = 6819B5C314B756FD00BDFDCD /* WPSCache.m */; };
		6819B5E114B756FD00BDFDCD /* WPSImageDownloader.m in Sources */ = {isa = PBXBuildFile; fileRef = 6819B5C514B756FD00BDFDCD /* WPSImageDownloader.m */; };
		6819B5E214B756FD00BDFDCD /* WPSStopwatch.m in Sources */ = {isa = PBXBuildFile; fileRef = 6819B5C714B756FD00BDFDCD /* WPSStopwatch.m */; };
		6819B5E314B756FD00BDFDCD /* MKMapView+WPSKit.m in Sources */ = {isa = PBXBuildFile; fileRef = 6819B5CA14B756FD00BDFDCD /* MKMapView+WPSKit.m */; };
		6819B5E414B756FD00BDFDCD /* UIApplication+WPSKit.m in Sources */ = {isa = PBXBuildFile; fileRef = 6819B5CD14B756FD00BDFDCD /* UIApplication+WPSKit.m */; };
		6819B5E514B756FD00BDFDCD /* UIColor+WPSKit.m in Sources */ = {isa = PBXBuildFile; fileRef = 6819B5CF14B756FD00BDFDCD /* UIColor+WPSKit.m */; };
		6819B5E614B756FD00BDFDCD /* UIImage+WPSKit.m in Sources */ = {isa = PBXBuildFile; fileRef = 6819B5D114B756FD00BDFDCD /* UIImage+WPSKit.m */; };
		6819B5E714B756FD00BDFDCD /* WPSActionSheet.m in Sources */ = {isa = PBXBuildFile; fileRef = 6819B5D314B756FD00BDFDCD /* WPSActionSheet.m */; };
		6819B5E814B756FD00BDFDCD /* WPSAlertView.m in Sources */ = {isa = PBXBuildFile; fileRef = 6819B5D514B756FD00BDFDCD /* WPSAlertView.m */; };
		6819B5E914B756FD00BDFDCD /* WPSTableViewCell.m in Sources */ = {isa = PBXBuildFile; fileRef = 6819B5D714B756FD00BDFDCD /* WPSTableViewCell.m */; };
		6819B5EA14B756FD00BDFDCD /* WPSTextView.m in Sources */ = {isa = PBXBuildFile; fileRef = 6819B5D914B756FD00BDFDCD /* WPSTextView.m */; };
		6819B5F114B7590600BDFDCD /* CoreGraphics.framework in Frameworks */ = {isa = PBXBuildFile; fileRef = 6819B5F014B7590500BDFDCD /* CoreGraphics.framework */; };
		683B505D1440B73A000A62E1 /* SenTestingKit.framework in Frameworks */ = {isa = PBXBuildFile; fileRef = 683B505C1440B73A000A62E1 /* SenTestingKit.framework */; };
		683B505F1440B73A000A62E1 /* UIKit.framework in Frameworks */ = {isa = PBXBuildFile; fileRef = 683B505E1440B73A000A62E1 /* UIKit.framework */; };
		683B50611440B73A000A62E1 /* Foundation.framework in Frameworks */ = {isa = PBXBuildFile; fileRef = 683B50601440B73A000A62E1 /* Foundation.framework */; };
		683B50671440B73A000A62E1 /* InfoPlist.strings in Resources */ = {isa = PBXBuildFile; fileRef = 683B50651440B73A000A62E1 /* InfoPlist.strings */; };
		683B50841440B7CB000A62E1 /* NSStringTests.m in Sources */ = {isa = PBXBuildFile; fileRef = 683B50831440B7CB000A62E1 /* NSStringTests.m */; };
		683B50861440B8BE000A62E1 /* CoreData.framework in Frameworks */ = {isa = PBXBuildFile; fileRef = 683B50851440B8BE000A62E1 /* CoreData.framework */; };
		683B50991440C640000A62E1 /* SystemConfiguration.framework in Frameworks */ = {isa = PBXBuildFile; fileRef = 683B50981440C640000A62E1 /* SystemConfiguration.framework */; };
		684C80DB14434F0500DAAB9B /* WPSCacheTests.m in Sources */ = {isa = PBXBuildFile; fileRef = 684C80DA14434F0500DAAB9B /* WPSCacheTests.m */; };
		686062E21460F962001FFB49 /* WPSImageDownloaderTests.m in Sources */ = {isa = PBXBuildFile; fileRef = 686062E11460F962001FFB49 /* WPSImageDownloaderTests.m */; };
		6882A9841461DA02005AAC6E /* MapKit.framework in Frameworks */ = {isa = PBXBuildFile; fileRef = 6882A9831461DA02005AAC6E /* MapKit.framework */; };
		688DF6BC14685BE800732A7C /* WPSStopwatchTests.m in Sources */ = {isa = PBXBuildFile; fileRef = 688DF6BB14685BE800732A7C /* WPSStopwatchTests.m */; };
/* End PBXBuildFile section */

/* Begin PBXFileReference section */
		68102D8D14560CB100E0BDC9 /* CoreLocation.framework */ = {isa = PBXFileReference; lastKnownFileType = wrapper.framework; name = CoreLocation.framework; path = Platforms/iPhoneOS.platform/Developer/SDKs/iPhoneOS5.0.sdk/System/Library/Frameworks/CoreLocation.framework; sourceTree = DEVELOPER_DIR; };
		6814401E16E6995F009D91C6 /* NSArrayTests.h */ = {isa = PBXFileReference; fileEncoding = 4; lastKnownFileType = sourcecode.c.h; path = NSArrayTests.h; sourceTree = "<group>"; };
		6814401F16E6995F009D91C6 /* NSArrayTests.m */ = {isa = PBXFileReference; fileEncoding = 4; lastKnownFileType = sourcecode.c.objc; path = NSArrayTests.m; sourceTree = "<group>"; };
		6814402616E69B1F009D91C6 /* NSArray+WPSKit.h */ = {isa = PBXFileReference; fileEncoding = 4; lastKnownFileType = sourcecode.c.h; path = "NSArray+WPSKit.h"; sourceTree = "<group>"; };
		6814402716E69B1F009D91C6 /* NSArray+WPSKit.m */ = {isa = PBXFileReference; fileEncoding = 4; lastKnownFileType = sourcecode.c.objc; path = "NSArray+WPSKit.m"; sourceTree = "<group>"; };
		6819B5B414B756FD00BDFDCD /* NSManagedObject+WPSKit.h */ = {isa = PBXFileReference; fileEncoding = 4; lastKnownFileType = sourcecode.c.h; path = "NSManagedObject+WPSKit.h"; sourceTree = "<group>"; };
		6819B5B514B756FD00BDFDCD /* NSManagedObject+WPSKit.m */ = {isa = PBXFileReference; fileEncoding = 4; lastKnownFileType = sourcecode.c.objc; path = "NSManagedObject+WPSKit.m"; sourceTree = "<group>"; };
		6819B5B614B756FD00BDFDCD /* WPSCoreDataStack.h */ = {isa = PBXFileReference; fileEncoding = 4; lastKnownFileType = sourcecode.c.h; path = WPSCoreDataStack.h; sourceTree = "<group>"; };
		6819B5B714B756FD00BDFDCD /* WPSCoreDataStack.m */ = {isa = PBXFileReference; fileEncoding = 4; lastKnownFileType = sourcecode.c.objc; path = WPSCoreDataStack.m; sourceTree = "<group>"; };
		6819B5B914B756FD00BDFDCD /* CLLocation+WPSKit.h */ = {isa = PBXFileReference; fileEncoding = 4; lastKnownFileType = sourcecode.c.h; path = "CLLocation+WPSKit.h"; sourceTree = "<group>"; };
		6819B5BA14B756FD00BDFDCD /* CLLocation+WPSKit.m */ = {isa = PBXFileReference; fileEncoding = 4; lastKnownFileType = sourcecode.c.objc; path = "CLLocation+WPSKit.m"; sourceTree = "<group>"; };
		6819B5BC14B756FD00BDFDCD /* NSFileManager+WPSKit.h */ = {isa = PBXFileReference; fileEncoding = 4; lastKnownFileType = sourcecode.c.h; path = "NSFileManager+WPSKit.h"; sourceTree = "<group>"; };
		6819B5BD14B756FD00BDFDCD /* NSFileManager+WPSKit.m */ = {isa = PBXFileReference; fileEncoding = 4; lastKnownFileType = sourcecode.c.objc; path = "NSFileManager+WPSKit.m"; sourceTree = "<group>"; };
		6819B5BE14B756FD00BDFDCD /* NSString+WPSKit.h */ = {isa = PBXFileReference; fileEncoding = 4; lastKnownFileType = sourcecode.c.h; path = "NSString+WPSKit.h"; sourceTree = "<group>"; };
		6819B5BF14B756FD00BDFDCD /* NSString+WPSKit.m */ = {isa = PBXFileReference; fileEncoding = 4; lastKnownFileType = sourcecode.c.objc; path = "NSString+WPSKit.m"; sourceTree = "<group>"; };
		6819B5C014B756FD00BDFDCD /* Reachability.h */ = {isa = PBXFileReference; fileEncoding = 4; lastKnownFileType = sourcecode.c.h; path = Reachability.h; sourceTree = "<group>"; };
		6819B5C114B756FD00BDFDCD /* Reachability.m */ = {isa = PBXFileReference; fileEncoding = 4; lastKnownFileType = sourcecode.c.objc; path = Reachability.m; sourceTree = "<group>"; };
		6819B5C214B756FD00BDFDCD /* WPSCache.h */ = {isa = PBXFileReference; fileEncoding = 4; lastKnownFileType = sourcecode.c.h; path = WPSCache.h; sourceTree = "<group>"; };
		6819B5C314B756FD00BDFDCD /* WPSCache.m */ = {isa = PBXFileReference; fileEncoding = 4; lastKnownFileType = sourcecode.c.objc; path = WPSCache.m; sourceTree = "<group>"; };
		6819B5C414B756FD00BDFDCD /* WPSImageDownloader.h */ = {isa = PBXFileReference; fileEncoding = 4; lastKnownFileType = sourcecode.c.h; path = WPSImageDownloader.h; sourceTree = "<group>"; };
		6819B5C514B756FD00BDFDCD /* WPSImageDownloader.m */ = {isa = PBXFileReference; fileEncoding = 4; lastKnownFileType = sourcecode.c.objc; path = WPSImageDownloader.m; sourceTree = "<group>"; };
		6819B5C614B756FD00BDFDCD /* WPSStopwatch.h */ = {isa = PBXFileReference; fileEncoding = 4; lastKnownFileType = sourcecode.c.h; path = WPSStopwatch.h; sourceTree = "<group>"; };
		6819B5C714B756FD00BDFDCD /* WPSStopwatch.m */ = {isa = PBXFileReference; fileEncoding = 4; lastKnownFileType = sourcecode.c.objc; path = WPSStopwatch.m; sourceTree = "<group>"; };
		6819B5C914B756FD00BDFDCD /* MKMapView+WPSKit.h */ = {isa = PBXFileReference; fileEncoding = 4; lastKnownFileType = sourcecode.c.h; path = "MKMapView+WPSKit.h"; sourceTree = "<group>"; };
		6819B5CA14B756FD00BDFDCD /* MKMapView+WPSKit.m */ = {isa = PBXFileReference; fileEncoding = 4; lastKnownFileType = sourcecode.c.objc; path = "MKMapView+WPSKit.m"; sourceTree = "<group>"; };
		6819B5CC14B756FD00BDFDCD /* UIApplication+WPSKit.h */ = {isa = PBXFileReference; fileEncoding = 4; lastKnownFileType = sourcecode.c.h; path = "UIApplication+WPSKit.h"; sourceTree = "<group>"; };
		6819B5CD14B756FD00BDFDCD /* UIApplication+WPSKit.m */ = {isa = PBXFileReference; fileEncoding = 4; lastKnownFileType = sourcecode.c.objc; path = "UIApplication+WPSKit.m"; sourceTree = "<group>"; };
		6819B5CE14B756FD00BDFDCD /* UIColor+WPSKit.h */ = {isa = PBXFileReference; fileEncoding = 4; lastKnownFileType = sourcecode.c.h; path = "UIColor+WPSKit.h"; sourceTree = "<group>"; };
		6819B5CF14B756FD00BDFDCD /* UIColor+WPSKit.m */ = {isa = PBXFileReference; fileEncoding = 4; lastKnownFileType = sourcecode.c.objc; path = "UIColor+WPSKit.m"; sourceTree = "<group>"; };
		6819B5D014B756FD00BDFDCD /* UIImage+WPSKit.h */ = {isa = PBXFileReference; fileEncoding = 4; lastKnownFileType = sourcecode.c.h; path = "UIImage+WPSKit.h"; sourceTree = "<group>"; };
		6819B5D114B756FD00BDFDCD /* UIImage+WPSKit.m */ = {isa = PBXFileReference; fileEncoding = 4; lastKnownFileType = sourcecode.c.objc; path = "UIImage+WPSKit.m"; sourceTree = "<group>"; };
		6819B5D214B756FD00BDFDCD /* WPSActionSheet.h */ = {isa = PBXFileReference; fileEncoding = 4; lastKnownFileType = sourcecode.c.h; path = WPSActionSheet.h; sourceTree = "<group>"; };
		6819B5D314B756FD00BDFDCD /* WPSActionSheet.m */ = {isa = PBXFileReference; fileEncoding = 4; lastKnownFileType = sourcecode.c.objc; path = WPSActionSheet.m; sourceTree = "<group>"; };
		6819B5D414B756FD00BDFDCD /* WPSAlertView.h */ = {isa = PBXFileReference; fileEncoding = 4; lastKnownFileType = sourcecode.c.h; path = WPSAlertView.h; sourceTree = "<group>"; };
		6819B5D514B756FD00BDFDCD /* WPSAlertView.m */ = {isa = PBXFileReference; fileEncoding = 4; lastKnownFileType = sourcecode.c.objc; path = WPSAlertView.m; sourceTree = "<group>"; };
		6819B5D614B756FD00BDFDCD /* WPSTableViewCell.h */ = {isa = PBXFileReference; fileEncoding = 4; lastKnownFileType = sourcecode.c.h; path = WPSTableViewCell.h; sourceTree = "<group>"; };
		6819B5D714B756FD00BDFDCD /* WPSTableViewCell.m */ = {isa = PBXFileReference; fileEncoding = 4; lastKnownFileType = sourcecode.c.objc; path = WPSTableViewCell.m; sourceTree = "<group>"; };
		6819B5D814B756FD00BDFDCD /* WPSTextView.h */ = {isa = PBXFileReference; fileEncoding = 4; lastKnownFileType = sourcecode.c.h; path = WPSTextView.h; sourceTree = "<group>"; };
		6819B5D914B756FD00BDFDCD /* WPSTextView.m */ = {isa = PBXFileReference; fileEncoding = 4; lastKnownFileType = sourcecode.c.objc; path = WPSTextView.m; sourceTree = "<group>"; };
		6819B5F014B7590500BDFDCD /* CoreGraphics.framework */ = {isa = PBXFileReference; lastKnownFileType = wrapper.framework; name = CoreGraphics.framework; path = Platforms/iPhoneOS.platform/Developer/SDKs/iPhoneOS5.0.sdk/System/Library/Frameworks/CoreGraphics.framework; sourceTree = DEVELOPER_DIR; };
		683B50591440B73A000A62E1 /* WPSKitTests.octest */ = {isa = PBXFileReference; explicitFileType = wrapper.cfbundle; includeInIndex = 0; path = WPSKitTests.octest; sourceTree = BUILT_PRODUCTS_DIR; };
		683B505C1440B73A000A62E1 /* SenTestingKit.framework */ = {isa = PBXFileReference; lastKnownFileType = wrapper.framework; name = SenTestingKit.framework; path = Library/Frameworks/SenTestingKit.framework; sourceTree = DEVELOPER_DIR; };
		683B505E1440B73A000A62E1 /* UIKit.framework */ = {isa = PBXFileReference; lastKnownFileType = wrapper.framework; name = UIKit.framework; path = Library/Frameworks/UIKit.framework; sourceTree = DEVELOPER_DIR; };
		683B50601440B73A000A62E1 /* Foundation.framework */ = {isa = PBXFileReference; lastKnownFileType = wrapper.framework; name = Foundation.framework; path = Library/Frameworks/Foundation.framework; sourceTree = DEVELOPER_DIR; };
		683B50641440B73A000A62E1 /* WPSKitTests-Info.plist */ = {isa = PBXFileReference; lastKnownFileType = text.plist.xml; path = "WPSKitTests-Info.plist"; sourceTree = "<group>"; };
		683B50661440B73A000A62E1 /* en */ = {isa = PBXFileReference; lastKnownFileType = text.plist.strings; name = en; path = en.lproj/InfoPlist.strings; sourceTree = "<group>"; };
		683B506B1440B73A000A62E1 /* WPSKitTests-Prefix.pch */ = {isa = PBXFileReference; lastKnownFileType = sourcecode.c.h; path = "WPSKitTests-Prefix.pch"; sourceTree = "<group>"; };
		683B50821440B7CB000A62E1 /* NSStringTests.h */ = {isa = PBXFileReference; fileEncoding = 4; lastKnownFileType = sourcecode.c.h; path = NSStringTests.h; sourceTree = "<group>"; };
		683B50831440B7CB000A62E1 /* NSStringTests.m */ = {isa = PBXFileReference; fileEncoding = 4; lastKnownFileType = sourcecode.c.objc; path = NSStringTests.m; sourceTree = "<group>"; };
		683B50851440B8BE000A62E1 /* CoreData.framework */ = {isa = PBXFileReference; lastKnownFileType = wrapper.framework; name = CoreData.framework; path = Platforms/iPhoneOS.platform/Developer/SDKs/iPhoneOS5.0.sdk/System/Library/Frameworks/CoreData.framework; sourceTree = DEVELOPER_DIR; };
		683B50981440C640000A62E1 /* SystemConfiguration.framework */ = {isa = PBXFileReference; lastKnownFileType = wrapper.framework; name = SystemConfiguration.framework; path = Platforms/iPhoneOS.platform/Developer/SDKs/iPhoneOS5.0.sdk/System/Library/Frameworks/SystemConfiguration.framework; sourceTree = DEVELOPER_DIR; };
		684C80D914434F0500DAAB9B /* WPSCacheTests.h */ = {isa = PBXFileReference; fileEncoding = 4; lastKnownFileType = sourcecode.c.h; path = WPSCacheTests.h; sourceTree = "<group>"; };
		684C80DA14434F0500DAAB9B /* WPSCacheTests.m */ = {isa = PBXFileReference; fileEncoding = 4; lastKnownFileType = sourcecode.c.objc; path = WPSCacheTests.m; sourceTree = "<group>"; };
		686062E01460F962001FFB49 /* WPSImageDownloaderTests.h */ = {isa = PBXFileReference; fileEncoding = 4; lastKnownFileType = sourcecode.c.h; path = WPSImageDownloaderTests.h; sourceTree = "<group>"; };
		686062E11460F962001FFB49 /* WPSImageDownloaderTests.m */ = {isa = PBXFileReference; fileEncoding = 4; lastKnownFileType = sourcecode.c.objc; path = WPSImageDownloaderTests.m; sourceTree = "<group>"; };
		6882A9831461DA02005AAC6E /* MapKit.framework */ = {isa = PBXFileReference; lastKnownFileType = wrapper.framework; name = MapKit.framework; path = Platforms/iPhoneOS.platform/Developer/SDKs/iPhoneOS5.0.sdk/System/Library/Frameworks/MapKit.framework; sourceTree = DEVELOPER_DIR; };
		688DF6BA14685BE800732A7C /* WPSStopwatchTests.h */ = {isa = PBXFileReference; fileEncoding = 4; lastKnownFileType = sourcecode.c.h; path = WPSStopwatchTests.h; sourceTree = "<group>"; };
		688DF6BB14685BE800732A7C /* WPSStopwatchTests.m */ = {isa = PBXFileReference; fileEncoding = 4; lastKnownFileType = sourcecode.c.objc; path = WPSStopwatchTests.m; sourceTree = "<group>"; };
/* End PBXFileReference section */

/* Begin PBXFrameworksBuildPhase section */
		683B50551440B73A000A62E1 /* Frameworks */ = {
			isa = PBXFrameworksBuildPhase;
			buildActionMask = 2147483647;
			files = (
				6819B5F114B7590600BDFDCD /* CoreGraphics.framework in Frameworks */,
				6882A9841461DA02005AAC6E /* MapKit.framework in Frameworks */,
				68102D8E14560CB100E0BDC9 /* CoreLocation.framework in Frameworks */,
				683B50991440C640000A62E1 /* SystemConfiguration.framework in Frameworks */,
				683B50861440B8BE000A62E1 /* CoreData.framework in Frameworks */,
				683B505D1440B73A000A62E1 /* SenTestingKit.framework in Frameworks */,
				683B505F1440B73A000A62E1 /* UIKit.framework in Frameworks */,
				683B50611440B73A000A62E1 /* Foundation.framework in Frameworks */,
			);
			runOnlyForDeploymentPostprocessing = 0;
		};
/* End PBXFrameworksBuildPhase section */

/* Begin PBXGroup section */
		6819B5B314B756FD00BDFDCD /* CoreData */ = {
			isa = PBXGroup;
			children = (
				6819B5B414B756FD00BDFDCD /* NSManagedObject+WPSKit.h */,
				6819B5B514B756FD00BDFDCD /* NSManagedObject+WPSKit.m */,
				6819B5B614B756FD00BDFDCD /* WPSCoreDataStack.h */,
				6819B5B714B756FD00BDFDCD /* WPSCoreDataStack.m */,
			);
			path = CoreData;
			sourceTree = "<group>";
		};
		6819B5B814B756FD00BDFDCD /* CoreLocation */ = {
			isa = PBXGroup;
			children = (
				6819B5B914B756FD00BDFDCD /* CLLocation+WPSKit.h */,
				6819B5BA14B756FD00BDFDCD /* CLLocation+WPSKit.m */,
			);
			path = CoreLocation;
			sourceTree = "<group>";
		};
		6819B5BB14B756FD00BDFDCD /* Foundation */ = {
			isa = PBXGroup;
			children = (
				6814402616E69B1F009D91C6 /* NSArray+WPSKit.h */,
				6814402716E69B1F009D91C6 /* NSArray+WPSKit.m */,
				6819B5BC14B756FD00BDFDCD /* NSFileManager+WPSKit.h */,
				6819B5BD14B756FD00BDFDCD /* NSFileManager+WPSKit.m */,
				6819B5BE14B756FD00BDFDCD /* NSString+WPSKit.h */,
				6819B5BF14B756FD00BDFDCD /* NSString+WPSKit.m */,
				6819B5C014B756FD00BDFDCD /* Reachability.h */,
				6819B5C114B756FD00BDFDCD /* Reachability.m */,
				6819B5C214B756FD00BDFDCD /* WPSCache.h */,
				6819B5C314B756FD00BDFDCD /* WPSCache.m */,
				6819B5C414B756FD00BDFDCD /* WPSImageDownloader.h */,
				6819B5C514B756FD00BDFDCD /* WPSImageDownloader.m */,
				6819B5C614B756FD00BDFDCD /* WPSStopwatch.h */,
				6819B5C714B756FD00BDFDCD /* WPSStopwatch.m */,
			);
			path = Foundation;
			sourceTree = "<group>";
		};
		6819B5C814B756FD00BDFDCD /* MapKit */ = {
			isa = PBXGroup;
			children = (
				6819B5C914B756FD00BDFDCD /* MKMapView+WPSKit.h */,
				6819B5CA14B756FD00BDFDCD /* MKMapView+WPSKit.m */,
			);
			path = MapKit;
			sourceTree = "<group>";
		};
		6819B5CB14B756FD00BDFDCD /* UIKit */ = {
			isa = PBXGroup;
			children = (
				6819B5CC14B756FD00BDFDCD /* UIApplication+WPSKit.h */,
				6819B5CD14B756FD00BDFDCD /* UIApplication+WPSKit.m */,
				6819B5CE14B756FD00BDFDCD /* UIColor+WPSKit.h */,
				6819B5CF14B756FD00BDFDCD /* UIColor+WPSKit.m */,
				6819B5D014B756FD00BDFDCD /* UIImage+WPSKit.h */,
				6819B5D114B756FD00BDFDCD /* UIImage+WPSKit.m */,
				6819B5D214B756FD00BDFDCD /* WPSActionSheet.h */,
				6819B5D314B756FD00BDFDCD /* WPSActionSheet.m */,
				6819B5D414B756FD00BDFDCD /* WPSAlertView.h */,
				6819B5D514B756FD00BDFDCD /* WPSAlertView.m */,
				6819B5D614B756FD00BDFDCD /* WPSTableViewCell.h */,
				6819B5D714B756FD00BDFDCD /* WPSTableViewCell.m */,
				6819B5D814B756FD00BDFDCD /* WPSTextView.h */,
				6819B5D914B756FD00BDFDCD /* WPSTextView.m */,
			);
			path = UIKit;
			sourceTree = "<group>";
		};
		683B504B1440B703000A62E1 = {
			isa = PBXGroup;
			children = (
				683B506F1440B784000A62E1 /* WPSKit */,
				683B50621440B73A000A62E1 /* WPSKitTests */,
				683B505B1440B73A000A62E1 /* Frameworks */,
				683B505A1440B73A000A62E1 /* Products */,
			);
			sourceTree = "<group>";
		};
		683B505A1440B73A000A62E1 /* Products */ = {
			isa = PBXGroup;
			children = (
				683B50591440B73A000A62E1 /* WPSKitTests.octest */,
			);
			name = Products;
			sourceTree = "<group>";
		};
		683B505B1440B73A000A62E1 /* Frameworks */ = {
			isa = PBXGroup;
			children = (
				6819B5F014B7590500BDFDCD /* CoreGraphics.framework */,
				6882A9831461DA02005AAC6E /* MapKit.framework */,
				68102D8D14560CB100E0BDC9 /* CoreLocation.framework */,
				683B50981440C640000A62E1 /* SystemConfiguration.framework */,
				683B50851440B8BE000A62E1 /* CoreData.framework */,
				683B505C1440B73A000A62E1 /* SenTestingKit.framework */,
				683B505E1440B73A000A62E1 /* UIKit.framework */,
				683B50601440B73A000A62E1 /* Foundation.framework */,
			);
			name = Frameworks;
			sourceTree = "<group>";
		};
		683B50621440B73A000A62E1 /* WPSKitTests */ = {
			isa = PBXGroup;
			children = (
				683B50631440B73A000A62E1 /* Supporting Files */,
				6814401E16E6995F009D91C6 /* NSArrayTests.h */,
				6814401F16E6995F009D91C6 /* NSArrayTests.m */,
				683B50821440B7CB000A62E1 /* NSStringTests.h */,
				683B50831440B7CB000A62E1 /* NSStringTests.m */,
				684C80D914434F0500DAAB9B /* WPSCacheTests.h */,
				684C80DA14434F0500DAAB9B /* WPSCacheTests.m */,
				686062E01460F962001FFB49 /* WPSImageDownloaderTests.h */,
				686062E11460F962001FFB49 /* WPSImageDownloaderTests.m */,
				688DF6BA14685BE800732A7C /* WPSStopwatchTests.h */,
				688DF6BB14685BE800732A7C /* WPSStopwatchTests.m */,
			);
			path = WPSKitTests;
			sourceTree = "<group>";
		};
		683B50631440B73A000A62E1 /* Supporting Files */ = {
			isa = PBXGroup;
			children = (
				683B50641440B73A000A62E1 /* WPSKitTests-Info.plist */,
				683B50651440B73A000A62E1 /* InfoPlist.strings */,
				683B506B1440B73A000A62E1 /* WPSKitTests-Prefix.pch */,
			);
			name = "Supporting Files";
			sourceTree = "<group>";
		};
		683B506F1440B784000A62E1 /* WPSKit */ = {
			isa = PBXGroup;
			children = (
				6819B5B314B756FD00BDFDCD /* CoreData */,
				6819B5B814B756FD00BDFDCD /* CoreLocation */,
				6819B5BB14B756FD00BDFDCD /* Foundation */,
				6819B5C814B756FD00BDFDCD /* MapKit */,
				6819B5CB14B756FD00BDFDCD /* UIKit */,
			);
			name = WPSKit;
			path = ../WPSKit;
			sourceTree = "<group>";
		};
/* End PBXGroup section */

/* Begin PBXNativeTarget section */
		683B50581440B73A000A62E1 /* WPSKitTests */ = {
			isa = PBXNativeTarget;
			buildConfigurationList = 683B506C1440B73A000A62E1 /* Build configuration list for PBXNativeTarget "WPSKitTests" */;
			buildPhases = (
				683B50541440B73A000A62E1 /* Sources */,
				683B50551440B73A000A62E1 /* Frameworks */,
				683B50561440B73A000A62E1 /* Resources */,
				683B50571440B73A000A62E1 /* ShellScript */,
			);
			buildRules = (
			);
			dependencies = (
			);
			name = WPSKitTests;
			productName = WPSKitTests;
			productReference = 683B50591440B73A000A62E1 /* WPSKitTests.octest */;
			productType = "com.apple.product-type.bundle";
		};
/* End PBXNativeTarget section */

/* Begin PBXProject section */
		683B504D1440B703000A62E1 /* Project object */ = {
			isa = PBXProject;
			attributes = {
				LastUpgradeCheck = 0430;
				ORGANIZATIONNAME = "White Peak Software Inc.";
			};
			buildConfigurationList = 683B50501440B703000A62E1 /* Build configuration list for PBXProject "WPSKitTests" */;
			compatibilityVersion = "Xcode 3.2";
			developmentRegion = English;
			hasScannedForEncodings = 0;
			knownRegions = (
				en,
			);
			mainGroup = 683B504B1440B703000A62E1;
			productRefGroup = 683B505A1440B73A000A62E1 /* Products */;
			projectDirPath = "";
			projectRoot = "";
			targets = (
				683B50581440B73A000A62E1 /* WPSKitTests */,
			);
		};
/* End PBXProject section */

/* Begin PBXResourcesBuildPhase section */
		683B50561440B73A000A62E1 /* Resources */ = {
			isa = PBXResourcesBuildPhase;
			buildActionMask = 2147483647;
			files = (
				683B50671440B73A000A62E1 /* InfoPlist.strings in Resources */,
			);
			runOnlyForDeploymentPostprocessing = 0;
		};
/* End PBXResourcesBuildPhase section */

/* Begin PBXShellScriptBuildPhase section */
		683B50571440B73A000A62E1 /* ShellScript */ = {
			isa = PBXShellScriptBuildPhase;
			buildActionMask = 2147483647;
			files = (
			);
			inputPaths = (
			);
			outputPaths = (
			);
			runOnlyForDeploymentPostprocessing = 0;
			shellPath = /bin/sh;
			shellScript = "# Run the unit tests in this test bundle.\n\"${SYSTEM_DEVELOPER_DIR}/Tools/RunUnitTests\"\n";
		};
/* End PBXShellScriptBuildPhase section */

/* Begin PBXSourcesBuildPhase section */
		683B50541440B73A000A62E1 /* Sources */ = {
			isa = PBXSourcesBuildPhase;
			buildActionMask = 2147483647;
			files = (
				683B50841440B7CB000A62E1 /* NSStringTests.m in Sources */,
				684C80DB14434F0500DAAB9B /* WPSCacheTests.m in Sources */,
				686062E21460F962001FFB49 /* WPSImageDownloaderTests.m in Sources */,
				688DF6BC14685BE800732A7C /* WPSStopwatchTests.m in Sources */,
				6819B5DA14B756FD00BDFDCD /* NSManagedObject+WPSKit.m in Sources */,
				6819B5DB14B756FD00BDFDCD /* WPSCoreDataStack.m in Sources */,
				6819B5DC14B756FD00BDFDCD /* CLLocation+WPSKit.m in Sources */,
				6819B5DD14B756FD00BDFDCD /* NSFileManager+WPSKit.m in Sources */,
				6819B5DE14B756FD00BDFDCD /* NSString+WPSKit.m in Sources */,
				6819B5DF14B756FD00BDFDCD /* Reachability.m in Sources */,
				6819B5E014B756FD00BDFDCD /* WPSCache.m in Sources */,
				6819B5E114B756FD00BDFDCD /* WPSImageDownloader.m in Sources */,
				6819B5E214B756FD00BDFDCD /* WPSStopwatch.m in Sources */,
				6819B5E314B756FD00BDFDCD /* MKMapView+WPSKit.m in Sources */,
				6819B5E414B756FD00BDFDCD /* UIApplication+WPSKit.m in Sources */,
				6819B5E514B756FD00BDFDCD /* UIColor+WPSKit.m in Sources */,
				6819B5E614B756FD00BDFDCD /* UIImage+WPSKit.m in Sources */,
				6819B5E714B756FD00BDFDCD /* WPSActionSheet.m in Sources */,
				6819B5E814B756FD00BDFDCD /* WPSAlertView.m in Sources */,
				6819B5E914B756FD00BDFDCD /* WPSTableViewCell.m in Sources */,
				6819B5EA14B756FD00BDFDCD /* WPSTextView.m in Sources */,
				6814402016E6995F009D91C6 /* NSArrayTests.m in Sources */,
				6814402816E69B1F009D91C6 /* NSArray+WPSKit.m in Sources */,
			);
			runOnlyForDeploymentPostprocessing = 0;
		};
/* End PBXSourcesBuildPhase section */

/* Begin PBXVariantGroup section */
		683B50651440B73A000A62E1 /* InfoPlist.strings */ = {
			isa = PBXVariantGroup;
			children = (
				683B50661440B73A000A62E1 /* en */,
			);
			name = InfoPlist.strings;
			sourceTree = "<group>";
		};
/* End PBXVariantGroup section */

/* Begin XCBuildConfiguration section */
		683B50521440B703000A62E1 /* Debug */ = {
			isa = XCBuildConfiguration;
			buildSettings = {
			};
			name = Debug;
		};
		683B50531440B703000A62E1 /* Release */ = {
			isa = XCBuildConfiguration;
			buildSettings = {
			};
			name = Release;
		};
		683B506D1440B73A000A62E1 /* Debug */ = {
			isa = XCBuildConfiguration;
			buildSettings = {
				ALWAYS_SEARCH_USER_PATHS = NO;
				ARCHS = "$(ARCHS_STANDARD_32_BIT)";
				CLANG_ENABLE_OBJC_ARC = YES;
				COPY_PHASE_STRIP = NO;
				FRAMEWORK_SEARCH_PATHS = (
					"$(SDKROOT)/Developer/Library/Frameworks",
					"$(DEVELOPER_LIBRARY_DIR)/Frameworks",
				);
				GCC_C_LANGUAGE_STANDARD = gnu99;
				GCC_DYNAMIC_NO_PIC = NO;
				GCC_OPTIMIZATION_LEVEL = 0;
				GCC_PRECOMPILE_PREFIX_HEADER = YES;
				GCC_PREFIX_HEADER = "WPSKitTests/WPSKitTests-Prefix.pch";
				GCC_PREPROCESSOR_DEFINITIONS = (
					"DEBUG=1",
					"$(inherited)",
				);
				GCC_SYMBOLS_PRIVATE_EXTERN = NO;
				GCC_VERSION = com.apple.compilers.llvm.clang.1_0;
				GCC_WARN_ABOUT_MISSING_PROTOTYPES = YES;
				GCC_WARN_ABOUT_RETURN_TYPE = YES;
				GCC_WARN_UNUSED_VARIABLE = YES;
				INFOPLIST_FILE = "WPSKitTests/WPSKitTests-Info.plist";
				IPHONEOS_DEPLOYMENT_TARGET = 5.0;
				PRODUCT_NAME = "$(TARGET_NAME)";
				SDKROOT = iphoneos;
				WRAPPER_EXTENSION = octest;
			};
			name = Debug;
		};
		683B506E1440B73A000A62E1 /* Release */ = {
			isa = XCBuildConfiguration;
			buildSettings = {
				ALWAYS_SEARCH_USER_PATHS = NO;
				ARCHS = "$(ARCHS_STANDARD_32_BIT)";
				CLANG_ENABLE_OBJC_ARC = YES;
				COPY_PHASE_STRIP = YES;
				FRAMEWORK_SEARCH_PATHS = (
					"$(SDKROOT)/Developer/Library/Frameworks",
					"$(DEVELOPER_LIBRARY_DIR)/Frameworks",
				);
				GCC_C_LANGUAGE_STANDARD = gnu99;
				GCC_PRECOMPILE_PREFIX_HEADER = YES;
				GCC_PREFIX_HEADER = "WPSKitTests/WPSKitTests-Prefix.pch";
				GCC_VERSION = com.apple.compilers.llvm.clang.1_0;
				GCC_WARN_ABOUT_MISSING_PROTOTYPES = YES;
				GCC_WARN_ABOUT_RETURN_TYPE = YES;
				GCC_WARN_UNUSED_VARIABLE = YES;
				INFOPLIST_FILE = "WPSKitTests/WPSKitTests-Info.plist";
				IPHONEOS_DEPLOYMENT_TARGET = 5.0;
				PRODUCT_NAME = "$(TARGET_NAME)";
				SDKROOT = iphoneos;
				VALIDATE_PRODUCT = YES;
				WRAPPER_EXTENSION = octest;
			};
			name = Release;
		};
/* End XCBuildConfiguration section */

/* Begin XCConfigurationList section */
		683B50501440B703000A62E1 /* Build configuration list for PBXProject "WPSKitTests" */ = {
			isa = XCConfigurationList;
			buildConfigurations = (
				683B50521440B703000A62E1 /* Debug */,
				683B50531440B703000A62E1 /* Release */,
			);
			defaultConfigurationIsVisible = 0;
			defaultConfigurationName = Release;
		};
		683B506C1440B73A000A62E1 /* Build configuration list for PBXNativeTarget "WPSKitTests" */ = {
			isa = XCConfigurationList;
			buildConfigurations = (
				683B506D1440B73A000A62E1 /* Debug */,
				683B506E1440B73A000A62E1 /* Release */,
			);
			defaultConfigurationIsVisible = 0;
			defaultConfigurationName = Release;
		};
/* End XCConfigurationList section */
	};
	rootObject = 683B504D1440B703000A62E1 /* Project object */;
}
