// !$*UTF8*$!
{
	archiveVersion = 1;
	classes = {
	};
	objectVersion = 46;
	objects = {

/* Begin PBXBuildFile section */
		68102D8E14560CB100E0BDC9 /* CoreLocation.framework in Frameworks */ = {isa = PBXBuildFile; fileRef = 68102D8D14560CB100E0BDC9 /* CoreLocation.framework */; };
		6814402016E6995F009D91C6 /* NSArrayTests.m in Sources */ = {isa = PBXBuildFile; fileRef = 6814401F16E6995F009D91C6 /* NSArrayTests.m */; };
		6819B5F114B7590600BDFDCD /* CoreGraphics.framework in Frameworks */ = {isa = PBXBuildFile; fileRef = 6819B5F014B7590500BDFDCD /* CoreGraphics.framework */; };
		683B505F1440B73A000A62E1 /* UIKit.framework in Frameworks */ = {isa = PBXBuildFile; fileRef = 683B505E1440B73A000A62E1 /* UIKit.framework */; };
		683B50611440B73A000A62E1 /* Foundation.framework in Frameworks */ = {isa = PBXBuildFile; fileRef = 683B50601440B73A000A62E1 /* Foundation.framework */; };
		683B50671440B73A000A62E1 /* InfoPlist.strings in Resources */ = {isa = PBXBuildFile; fileRef = 683B50651440B73A000A62E1 /* InfoPlist.strings */; };
		683B50841440B7CB000A62E1 /* NSStringTests.m in Sources */ = {isa = PBXBuildFile; fileRef = 683B50831440B7CB000A62E1 /* NSStringTests.m */; };
		683B50861440B8BE000A62E1 /* CoreData.framework in Frameworks */ = {isa = PBXBuildFile; fileRef = 683B50851440B8BE000A62E1 /* CoreData.framework */; };
		683B50991440C640000A62E1 /* SystemConfiguration.framework in Frameworks */ = {isa = PBXBuildFile; fileRef = 683B50981440C640000A62E1 /* SystemConfiguration.framework */; };
		683D8B2B199CF4BA001FE8C2 /* WPSWebErrorTests.m in Sources */ = {isa = PBXBuildFile; fileRef = 683D8B2A199CF4BA001FE8C2 /* WPSWebErrorTests.m */; };
		684C80DB14434F0500DAAB9B /* WPSCacheTests.m in Sources */ = {isa = PBXBuildFile; fileRef = 684C80DA14434F0500DAAB9B /* WPSCacheTests.m */; };
		684DDBAD16F54C480076DE9E /* NSURLTests.m in Sources */ = {isa = PBXBuildFile; fileRef = 684DDBAC16F54C480076DE9E /* NSURLTests.m */; };
		685BB3A5183FF45F000984DF /* UIColorTests.m in Sources */ = {isa = PBXBuildFile; fileRef = 685BB3A4183FF45F000984DF /* UIColorTests.m */; };
		685D2173199115FA003DA34F /* WPSWebError.m in Sources */ = {isa = PBXBuildFile; fileRef = 685D2172199115FA003DA34F /* WPSWebError.m */; };
		685FE7E919871660002F399B /* NSManagedObject+WPSKit.m in Sources */ = {isa = PBXBuildFile; fileRef = 685FE79219871660002F399B /* NSManagedObject+WPSKit.m */; };
		685FE7EA19871660002F399B /* NSManagedObjectContext+WPSKit.m in Sources */ = {isa = PBXBuildFile; fileRef = 685FE79419871660002F399B /* NSManagedObjectContext+WPSKit.m */; };
		685FE7EB19871660002F399B /* WPSCoreDataStack.m in Sources */ = {isa = PBXBuildFile; fileRef = 685FE79619871660002F399B /* WPSCoreDataStack.m */; };
		685FE7EC19871660002F399B /* WPSFetchedResultsDelegate.m in Sources */ = {isa = PBXBuildFile; fileRef = 685FE79819871660002F399B /* WPSFetchedResultsDelegate.m */; };
		685FE7ED19871660002F399B /* WPSManagedObjectContextWatcher.m in Sources */ = {isa = PBXBuildFile; fileRef = 685FE79A19871660002F399B /* WPSManagedObjectContextWatcher.m */; };
		685FE7EE19871660002F399B /* CLLocation+WPSKit.m in Sources */ = {isa = PBXBuildFile; fileRef = 685FE79D19871660002F399B /* CLLocation+WPSKit.m */; };
		685FE7EF19871660002F399B /* NSArray+WPSKit.m in Sources */ = {isa = PBXBuildFile; fileRef = 685FE7A019871660002F399B /* NSArray+WPSKit.m */; };
		685FE7F019871660002F399B /* NSData+WPSKit.m in Sources */ = {isa = PBXBuildFile; fileRef = 685FE7A219871660002F399B /* NSData+WPSKit.m */; };
		685FE7F119871660002F399B /* NSFileManager+WPSKit.m in Sources */ = {isa = PBXBuildFile; fileRef = 685FE7A419871660002F399B /* NSFileManager+WPSKit.m */; };
		685FE7F219871660002F399B /* NSNotificationCenter+WPSKit.m in Sources */ = {isa = PBXBuildFile; fileRef = 685FE7A619871660002F399B /* NSNotificationCenter+WPSKit.m */; };
		685FE7F319871660002F399B /* NSNull+WPSKit.m in Sources */ = {isa = PBXBuildFile; fileRef = 685FE7A819871660002F399B /* NSNull+WPSKit.m */; };
		685FE7F419871660002F399B /* NSString+WPSKit.m in Sources */ = {isa = PBXBuildFile; fileRef = 685FE7AA19871660002F399B /* NSString+WPSKit.m */; };
		685FE7F519871660002F399B /* NSURL+WPSKit.m in Sources */ = {isa = PBXBuildFile; fileRef = 685FE7AC19871660002F399B /* NSURL+WPSKit.m */; };
		685FE7F619871660002F399B /* WPSActivityTracker.m in Sources */ = {isa = PBXBuildFile; fileRef = 685FE7AE19871660002F399B /* WPSActivityTracker.m */; };
		685FE7F719871660002F399B /* WPSCache.m in Sources */ = {isa = PBXBuildFile; fileRef = 685FE7B019871660002F399B /* WPSCache.m */; };
		685FE7F819871660002F399B /* WPSImageDownloader.m in Sources */ = {isa = PBXBuildFile; fileRef = 685FE7B219871660002F399B /* WPSImageDownloader.m */; };
		685FE7F919871660002F399B /* WPSMultipartFormDataUploader.m in Sources */ = {isa = PBXBuildFile; fileRef = 685FE7B419871660002F399B /* WPSMultipartFormDataUploader.m */; };
		685FE7FA19871660002F399B /* WPSStopwatch.m in Sources */ = {isa = PBXBuildFile; fileRef = 685FE7B619871660002F399B /* WPSStopwatch.m */; };
		685FE7FB19871660002F399B /* WPSWebClient.m in Sources */ = {isa = PBXBuildFile; fileRef = 685FE7B819871660002F399B /* WPSWebClient.m */; };
		685FE7FC19871660002F399B /* MKMapView+WPSKit.m in Sources */ = {isa = PBXBuildFile; fileRef = 685FE7BB19871660002F399B /* MKMapView+WPSKit.m */; };
		685FE7FD19871660002F399B /* WPSArrayDataSource.m in Sources */ = {isa = PBXBuildFile; fileRef = 685FE7BF19871660002F399B /* WPSArrayDataSource.m */; };
		685FE7FE19871660002F399B /* WPSFetchedResultsDataSource.m in Sources */ = {isa = PBXBuildFile; fileRef = 685FE7C219871660002F399B /* WPSFetchedResultsDataSource.m */; };
		685FE7FF19871660002F399B /* UIApplication+WPSKit.m in Sources */ = {isa = PBXBuildFile; fileRef = 685FE7C419871660002F399B /* UIApplication+WPSKit.m */; };
		685FE80019871660002F399B /* UICollectionView+WPSKit.m in Sources */ = {isa = PBXBuildFile; fileRef = 685FE7C619871660002F399B /* UICollectionView+WPSKit.m */; };
		685FE80119871660002F399B /* UIColor+WPSKit.m in Sources */ = {isa = PBXBuildFile; fileRef = 685FE7C819871660002F399B /* UIColor+WPSKit.m */; };
		685FE80219871660002F399B /* UIDevice+WPSKit.m in Sources */ = {isa = PBXBuildFile; fileRef = 685FE7CA19871660002F399B /* UIDevice+WPSKit.m */; };
		685FE80319871660002F399B /* UIFont+WPSKit.m in Sources */ = {isa = PBXBuildFile; fileRef = 685FE7CC19871660002F399B /* UIFont+WPSKit.m */; };
		685FE80419871660002F399B /* UIImage+WPSKit.m in Sources */ = {isa = PBXBuildFile; fileRef = 685FE7CE19871660002F399B /* UIImage+WPSKit.m */; };
		685FE80519871660002F399B /* UITextField+WPSKit.m in Sources */ = {isa = PBXBuildFile; fileRef = 685FE7D019871660002F399B /* UITextField+WPSKit.m */; };
		685FE80619871660002F399B /* UITextView+WPSKit.m in Sources */ = {isa = PBXBuildFile; fileRef = 685FE7D219871660002F399B /* UITextView+WPSKit.m */; };
		685FE80719871660002F399B /* UIView+WPSKit.m in Sources */ = {isa = PBXBuildFile; fileRef = 685FE7D419871660002F399B /* UIView+WPSKit.m */; };
		685FE80819871660002F399B /* UIViewController+WPSKit.m in Sources */ = {isa = PBXBuildFile; fileRef = 685FE7D619871660002F399B /* UIViewController+WPSKit.m */; };
		685FE80919871660002F399B /* WPSActionSheet.m in Sources */ = {isa = PBXBuildFile; fileRef = 685FE7D819871660002F399B /* WPSActionSheet.m */; };
		685FE80A19871660002F399B /* WPSAlertView.m in Sources */ = {isa = PBXBuildFile; fileRef = 685FE7DA19871660002F399B /* WPSAlertView.m */; };
		685FE80B19871660002F399B /* WPSCollectionViewCell.m in Sources */ = {isa = PBXBuildFile; fileRef = 685FE7DC19871660002F399B /* WPSCollectionViewCell.m */; };
		685FE80C19871660002F399B /* WPSCompositeView.m in Sources */ = {isa = PBXBuildFile; fileRef = 685FE7DE19871660002F399B /* WPSCompositeView.m */; };
		685FE80D19871660002F399B /* WPSFeedbackEmailController.m in Sources */ = {isa = PBXBuildFile; fileRef = 685FE7E019871660002F399B /* WPSFeedbackEmailController.m */; };
		685FE80E19871660002F399B /* WPSPageControl.m in Sources */ = {isa = PBXBuildFile; fileRef = 685FE7E219871660002F399B /* WPSPageControl.m */; };
		685FE80F19871660002F399B /* WPSScrollViewController.m in Sources */ = {isa = PBXBuildFile; fileRef = 685FE7E419871660002F399B /* WPSScrollViewController.m */; };
		685FE81019871660002F399B /* WPSTableViewCell.m in Sources */ = {isa = PBXBuildFile; fileRef = 685FE7E619871660002F399B /* WPSTableViewCell.m */; };
		685FE81119871660002F399B /* WPSTextView.m in Sources */ = {isa = PBXBuildFile; fileRef = 685FE7E819871660002F399B /* WPSTextView.m */; };
		685FE814198717C2002F399B /* WPSWebSession.m in Sources */ = {isa = PBXBuildFile; fileRef = 685FE813198717C2002F399B /* WPSWebSession.m */; };
		685FE816198719EF002F399B /* WPSWebSessionTests.m in Sources */ = {isa = PBXBuildFile; fileRef = 685FE815198719EF002F399B /* WPSWebSessionTests.m */; };
		685FE81D19872504002F399B /* XCTAsyncTestCase.m in Sources */ = {isa = PBXBuildFile; fileRef = 685FE81B19872504002F399B /* XCTAsyncTestCase.m */; };
		686062E21460F962001FFB49 /* WPSImageDownloaderTests.m in Sources */ = {isa = PBXBuildFile; fileRef = 686062E11460F962001FFB49 /* WPSImageDownloaderTests.m */; };
		6882A9841461DA02005AAC6E /* MapKit.framework in Frameworks */ = {isa = PBXBuildFile; fileRef = 6882A9831461DA02005AAC6E /* MapKit.framework */; };
		688DF6BC14685BE800732A7C /* WPSStopwatchTests.m in Sources */ = {isa = PBXBuildFile; fileRef = 688DF6BB14685BE800732A7C /* WPSStopwatchTests.m */; };
		6894235317808425009EAC3A /* Base64Tests.m in Sources */ = {isa = PBXBuildFile; fileRef = 6894235217808425009EAC3A /* Base64Tests.m */; };
		68AEC7E01877B6030013F1BE /* NSNullTests.m in Sources */ = {isa = PBXBuildFile; fileRef = 68AEC7DF1877B6030013F1BE /* NSNullTests.m */; };
/* End PBXBuildFile section */

/* Begin PBXFileReference section */
		68102D8D14560CB100E0BDC9 /* CoreLocation.framework */ = {isa = PBXFileReference; lastKnownFileType = wrapper.framework; name = CoreLocation.framework; path = Platforms/iPhoneOS.platform/Developer/SDKs/iPhoneOS5.0.sdk/System/Library/Frameworks/CoreLocation.framework; sourceTree = DEVELOPER_DIR; };
		6814401E16E6995F009D91C6 /* NSArrayTests.h */ = {isa = PBXFileReference; fileEncoding = 4; lastKnownFileType = sourcecode.c.h; path = NSArrayTests.h; sourceTree = "<group>"; };
		6814401F16E6995F009D91C6 /* NSArrayTests.m */ = {isa = PBXFileReference; fileEncoding = 4; lastKnownFileType = sourcecode.c.objc; path = NSArrayTests.m; sourceTree = "<group>"; };
		6819B5F014B7590500BDFDCD /* CoreGraphics.framework */ = {isa = PBXFileReference; lastKnownFileType = wrapper.framework; name = CoreGraphics.framework; path = Platforms/iPhoneOS.platform/Developer/SDKs/iPhoneOS5.0.sdk/System/Library/Frameworks/CoreGraphics.framework; sourceTree = DEVELOPER_DIR; };
		683B50591440B73A000A62E1 /* WPSKitTests.xctest */ = {isa = PBXFileReference; explicitFileType = wrapper.cfbundle; includeInIndex = 0; path = WPSKitTests.xctest; sourceTree = BUILT_PRODUCTS_DIR; };
		683B505E1440B73A000A62E1 /* UIKit.framework */ = {isa = PBXFileReference; lastKnownFileType = wrapper.framework; name = UIKit.framework; path = Library/Frameworks/UIKit.framework; sourceTree = DEVELOPER_DIR; };
		683B50601440B73A000A62E1 /* Foundation.framework */ = {isa = PBXFileReference; lastKnownFileType = wrapper.framework; name = Foundation.framework; path = Library/Frameworks/Foundation.framework; sourceTree = DEVELOPER_DIR; };
		683B50641440B73A000A62E1 /* WPSKitTests-Info.plist */ = {isa = PBXFileReference; lastKnownFileType = text.plist.xml; path = "WPSKitTests-Info.plist"; sourceTree = "<group>"; };
		683B50661440B73A000A62E1 /* en */ = {isa = PBXFileReference; lastKnownFileType = text.plist.strings; name = en; path = en.lproj/InfoPlist.strings; sourceTree = "<group>"; };
		683B506B1440B73A000A62E1 /* WPSKitTests-Prefix.pch */ = {isa = PBXFileReference; lastKnownFileType = sourcecode.c.h; path = "WPSKitTests-Prefix.pch"; sourceTree = "<group>"; };
		683B50821440B7CB000A62E1 /* NSStringTests.h */ = {isa = PBXFileReference; fileEncoding = 4; lastKnownFileType = sourcecode.c.h; path = NSStringTests.h; sourceTree = "<group>"; };
		683B50831440B7CB000A62E1 /* NSStringTests.m */ = {isa = PBXFileReference; fileEncoding = 4; lastKnownFileType = sourcecode.c.objc; path = NSStringTests.m; sourceTree = "<group>"; };
		683B50851440B8BE000A62E1 /* CoreData.framework */ = {isa = PBXFileReference; lastKnownFileType = wrapper.framework; name = CoreData.framework; path = Platforms/iPhoneOS.platform/Developer/SDKs/iPhoneOS5.0.sdk/System/Library/Frameworks/CoreData.framework; sourceTree = DEVELOPER_DIR; };
		683B50981440C640000A62E1 /* SystemConfiguration.framework */ = {isa = PBXFileReference; lastKnownFileType = wrapper.framework; name = SystemConfiguration.framework; path = Platforms/iPhoneOS.platform/Developer/SDKs/iPhoneOS5.0.sdk/System/Library/Frameworks/SystemConfiguration.framework; sourceTree = DEVELOPER_DIR; };
		683D8B2A199CF4BA001FE8C2 /* WPSWebErrorTests.m */ = {isa = PBXFileReference; fileEncoding = 4; lastKnownFileType = sourcecode.c.objc; path = WPSWebErrorTests.m; sourceTree = "<group>"; };
		684C80D914434F0500DAAB9B /* WPSCacheTests.h */ = {isa = PBXFileReference; fileEncoding = 4; lastKnownFileType = sourcecode.c.h; path = WPSCacheTests.h; sourceTree = "<group>"; };
		684C80DA14434F0500DAAB9B /* WPSCacheTests.m */ = {isa = PBXFileReference; fileEncoding = 4; lastKnownFileType = sourcecode.c.objc; path = WPSCacheTests.m; sourceTree = "<group>"; };
		684DDBAB16F54C480076DE9E /* NSURLTests.h */ = {isa = PBXFileReference; fileEncoding = 4; lastKnownFileType = sourcecode.c.h; path = NSURLTests.h; sourceTree = "<group>"; };
		684DDBAC16F54C480076DE9E /* NSURLTests.m */ = {isa = PBXFileReference; fileEncoding = 4; lastKnownFileType = sourcecode.c.objc; path = NSURLTests.m; sourceTree = "<group>"; };
		685BB3A4183FF45F000984DF /* UIColorTests.m */ = {isa = PBXFileReference; fileEncoding = 4; lastKnownFileType = sourcecode.c.objc; path = UIColorTests.m; sourceTree = "<group>"; };
		685D2171199115FA003DA34F /* WPSWebError.h */ = {isa = PBXFileReference; fileEncoding = 4; lastKnownFileType = sourcecode.c.h; path = WPSWebError.h; sourceTree = "<group>"; };
		685D2172199115FA003DA34F /* WPSWebError.m */ = {isa = PBXFileReference; fileEncoding = 4; lastKnownFileType = sourcecode.c.objc; path = WPSWebError.m; sourceTree = "<group>"; };
		685FE79119871660002F399B /* NSManagedObject+WPSKit.h */ = {isa = PBXFileReference; fileEncoding = 4; lastKnownFileType = sourcecode.c.h; path = "NSManagedObject+WPSKit.h"; sourceTree = "<group>"; };
		685FE79219871660002F399B /* NSManagedObject+WPSKit.m */ = {isa = PBXFileReference; fileEncoding = 4; lastKnownFileType = sourcecode.c.objc; path = "NSManagedObject+WPSKit.m"; sourceTree = "<group>"; };
		685FE79319871660002F399B /* NSManagedObjectContext+WPSKit.h */ = {isa = PBXFileReference; fileEncoding = 4; lastKnownFileType = sourcecode.c.h; path = "NSManagedObjectContext+WPSKit.h"; sourceTree = "<group>"; };
		685FE79419871660002F399B /* NSManagedObjectContext+WPSKit.m */ = {isa = PBXFileReference; fileEncoding = 4; lastKnownFileType = sourcecode.c.objc; path = "NSManagedObjectContext+WPSKit.m"; sourceTree = "<group>"; };
		685FE79519871660002F399B /* WPSCoreDataStack.h */ = {isa = PBXFileReference; fileEncoding = 4; lastKnownFileType = sourcecode.c.h; path = WPSCoreDataStack.h; sourceTree = "<group>"; };
		685FE79619871660002F399B /* WPSCoreDataStack.m */ = {isa = PBXFileReference; fileEncoding = 4; lastKnownFileType = sourcecode.c.objc; path = WPSCoreDataStack.m; sourceTree = "<group>"; };
		685FE79719871660002F399B /* WPSFetchedResultsDelegate.h */ = {isa = PBXFileReference; fileEncoding = 4; lastKnownFileType = sourcecode.c.h; path = WPSFetchedResultsDelegate.h; sourceTree = "<group>"; };
		685FE79819871660002F399B /* WPSFetchedResultsDelegate.m */ = {isa = PBXFileReference; fileEncoding = 4; lastKnownFileType = sourcecode.c.objc; path = WPSFetchedResultsDelegate.m; sourceTree = "<group>"; };
		685FE79919871660002F399B /* WPSManagedObjectContextWatcher.h */ = {isa = PBXFileReference; fileEncoding = 4; lastKnownFileType = sourcecode.c.h; path = WPSManagedObjectContextWatcher.h; sourceTree = "<group>"; };
		685FE79A19871660002F399B /* WPSManagedObjectContextWatcher.m */ = {isa = PBXFileReference; fileEncoding = 4; lastKnownFileType = sourcecode.c.objc; path = WPSManagedObjectContextWatcher.m; sourceTree = "<group>"; };
		685FE79C19871660002F399B /* CLLocation+WPSKit.h */ = {isa = PBXFileReference; fileEncoding = 4; lastKnownFileType = sourcecode.c.h; path = "CLLocation+WPSKit.h"; sourceTree = "<group>"; };
		685FE79D19871660002F399B /* CLLocation+WPSKit.m */ = {isa = PBXFileReference; fileEncoding = 4; lastKnownFileType = sourcecode.c.objc; path = "CLLocation+WPSKit.m"; sourceTree = "<group>"; };
		685FE79F19871660002F399B /* NSArray+WPSKit.h */ = {isa = PBXFileReference; fileEncoding = 4; lastKnownFileType = sourcecode.c.h; path = "NSArray+WPSKit.h"; sourceTree = "<group>"; };
		685FE7A019871660002F399B /* NSArray+WPSKit.m */ = {isa = PBXFileReference; fileEncoding = 4; lastKnownFileType = sourcecode.c.objc; path = "NSArray+WPSKit.m"; sourceTree = "<group>"; };
		685FE7A119871660002F399B /* NSData+WPSKit.h */ = {isa = PBXFileReference; fileEncoding = 4; lastKnownFileType = sourcecode.c.h; path = "NSData+WPSKit.h"; sourceTree = "<group>"; };
		685FE7A219871660002F399B /* NSData+WPSKit.m */ = {isa = PBXFileReference; fileEncoding = 4; lastKnownFileType = sourcecode.c.objc; path = "NSData+WPSKit.m"; sourceTree = "<group>"; };
		685FE7A319871660002F399B /* NSFileManager+WPSKit.h */ = {isa = PBXFileReference; fileEncoding = 4; lastKnownFileType = sourcecode.c.h; path = "NSFileManager+WPSKit.h"; sourceTree = "<group>"; };
		685FE7A419871660002F399B /* NSFileManager+WPSKit.m */ = {isa = PBXFileReference; fileEncoding = 4; lastKnownFileType = sourcecode.c.objc; path = "NSFileManager+WPSKit.m"; sourceTree = "<group>"; };
		685FE7A519871660002F399B /* NSNotificationCenter+WPSKit.h */ = {isa = PBXFileReference; fileEncoding = 4; lastKnownFileType = sourcecode.c.h; path = "NSNotificationCenter+WPSKit.h"; sourceTree = "<group>"; };
		685FE7A619871660002F399B /* NSNotificationCenter+WPSKit.m */ = {isa = PBXFileReference; fileEncoding = 4; lastKnownFileType = sourcecode.c.objc; path = "NSNotificationCenter+WPSKit.m"; sourceTree = "<group>"; };
		685FE7A719871660002F399B /* NSNull+WPSKit.h */ = {isa = PBXFileReference; fileEncoding = 4; lastKnownFileType = sourcecode.c.h; path = "NSNull+WPSKit.h"; sourceTree = "<group>"; };
		685FE7A819871660002F399B /* NSNull+WPSKit.m */ = {isa = PBXFileReference; fileEncoding = 4; lastKnownFileType = sourcecode.c.objc; path = "NSNull+WPSKit.m"; sourceTree = "<group>"; };
		685FE7A919871660002F399B /* NSString+WPSKit.h */ = {isa = PBXFileReference; fileEncoding = 4; lastKnownFileType = sourcecode.c.h; path = "NSString+WPSKit.h"; sourceTree = "<group>"; };
		685FE7AA19871660002F399B /* NSString+WPSKit.m */ = {isa = PBXFileReference; fileEncoding = 4; lastKnownFileType = sourcecode.c.objc; path = "NSString+WPSKit.m"; sourceTree = "<group>"; };
		685FE7AB19871660002F399B /* NSURL+WPSKit.h */ = {isa = PBXFileReference; fileEncoding = 4; lastKnownFileType = sourcecode.c.h; path = "NSURL+WPSKit.h"; sourceTree = "<group>"; };
		685FE7AC19871660002F399B /* NSURL+WPSKit.m */ = {isa = PBXFileReference; fileEncoding = 4; lastKnownFileType = sourcecode.c.objc; path = "NSURL+WPSKit.m"; sourceTree = "<group>"; };
		685FE7AD19871660002F399B /* WPSActivityTracker.h */ = {isa = PBXFileReference; fileEncoding = 4; lastKnownFileType = sourcecode.c.h; path = WPSActivityTracker.h; sourceTree = "<group>"; };
		685FE7AE19871660002F399B /* WPSActivityTracker.m */ = {isa = PBXFileReference; fileEncoding = 4; lastKnownFileType = sourcecode.c.objc; path = WPSActivityTracker.m; sourceTree = "<group>"; };
		685FE7AF19871660002F399B /* WPSCache.h */ = {isa = PBXFileReference; fileEncoding = 4; lastKnownFileType = sourcecode.c.h; path = WPSCache.h; sourceTree = "<group>"; };
		685FE7B019871660002F399B /* WPSCache.m */ = {isa = PBXFileReference; fileEncoding = 4; lastKnownFileType = sourcecode.c.objc; path = WPSCache.m; sourceTree = "<group>"; };
		685FE7B119871660002F399B /* WPSImageDownloader.h */ = {isa = PBXFileReference; fileEncoding = 4; lastKnownFileType = sourcecode.c.h; path = WPSImageDownloader.h; sourceTree = "<group>"; };
		685FE7B219871660002F399B /* WPSImageDownloader.m */ = {isa = PBXFileReference; fileEncoding = 4; lastKnownFileType = sourcecode.c.objc; path = WPSImageDownloader.m; sourceTree = "<group>"; };
		685FE7B319871660002F399B /* WPSMultipartFormDataUploader.h */ = {isa = PBXFileReference; fileEncoding = 4; lastKnownFileType = sourcecode.c.h; path = WPSMultipartFormDataUploader.h; sourceTree = "<group>"; };
		685FE7B419871660002F399B /* WPSMultipartFormDataUploader.m */ = {isa = PBXFileReference; fileEncoding = 4; lastKnownFileType = sourcecode.c.objc; path = WPSMultipartFormDataUploader.m; sourceTree = "<group>"; };
		685FE7B519871660002F399B /* WPSStopwatch.h */ = {isa = PBXFileReference; fileEncoding = 4; lastKnownFileType = sourcecode.c.h; path = WPSStopwatch.h; sourceTree = "<group>"; };
		685FE7B619871660002F399B /* WPSStopwatch.m */ = {isa = PBXFileReference; fileEncoding = 4; lastKnownFileType = sourcecode.c.objc; path = WPSStopwatch.m; sourceTree = "<group>"; };
		685FE7B719871660002F399B /* WPSWebClient.h */ = {isa = PBXFileReference; fileEncoding = 4; lastKnownFileType = sourcecode.c.h; path = WPSWebClient.h; sourceTree = "<group>"; };
		685FE7B819871660002F399B /* WPSWebClient.m */ = {isa = PBXFileReference; fileEncoding = 4; lastKnownFileType = sourcecode.c.objc; path = WPSWebClient.m; sourceTree = "<group>"; };
		685FE7BA19871660002F399B /* MKMapView+WPSKit.h */ = {isa = PBXFileReference; fileEncoding = 4; lastKnownFileType = sourcecode.c.h; path = "MKMapView+WPSKit.h"; sourceTree = "<group>"; };
		685FE7BB19871660002F399B /* MKMapView+WPSKit.m */ = {isa = PBXFileReference; fileEncoding = 4; lastKnownFileType = sourcecode.c.objc; path = "MKMapView+WPSKit.m"; sourceTree = "<group>"; };
		685FE7BE19871660002F399B /* WPSArrayDataSource.h */ = {isa = PBXFileReference; fileEncoding = 4; lastKnownFileType = sourcecode.c.h; path = WPSArrayDataSource.h; sourceTree = "<group>"; };
		685FE7BF19871660002F399B /* WPSArrayDataSource.m */ = {isa = PBXFileReference; fileEncoding = 4; lastKnownFileType = sourcecode.c.objc; path = WPSArrayDataSource.m; sourceTree = "<group>"; };
		685FE7C019871660002F399B /* WPSDataSource.h */ = {isa = PBXFileReference; fileEncoding = 4; lastKnownFileType = sourcecode.c.h; path = WPSDataSource.h; sourceTree = "<group>"; };
		685FE7C119871660002F399B /* WPSFetchedResultsDataSource.h */ = {isa = PBXFileReference; fileEncoding = 4; lastKnownFileType = sourcecode.c.h; path = WPSFetchedResultsDataSource.h; sourceTree = "<group>"; };
		685FE7C219871660002F399B /* WPSFetchedResultsDataSource.m */ = {isa = PBXFileReference; fileEncoding = 4; lastKnownFileType = sourcecode.c.objc; path = WPSFetchedResultsDataSource.m; sourceTree = "<group>"; };
		685FE7C319871660002F399B /* UIApplication+WPSKit.h */ = {isa = PBXFileReference; fileEncoding = 4; lastKnownFileType = sourcecode.c.h; path = "UIApplication+WPSKit.h"; sourceTree = "<group>"; };
		685FE7C419871660002F399B /* UIApplication+WPSKit.m */ = {isa = PBXFileReference; fileEncoding = 4; lastKnownFileType = sourcecode.c.objc; path = "UIApplication+WPSKit.m"; sourceTree = "<group>"; };
		685FE7C519871660002F399B /* UICollectionView+WPSKit.h */ = {isa = PBXFileReference; fileEncoding = 4; lastKnownFileType = sourcecode.c.h; path = "UICollectionView+WPSKit.h"; sourceTree = "<group>"; };
		685FE7C619871660002F399B /* UICollectionView+WPSKit.m */ = {isa = PBXFileReference; fileEncoding = 4; lastKnownFileType = sourcecode.c.objc; path = "UICollectionView+WPSKit.m"; sourceTree = "<group>"; };
		685FE7C719871660002F399B /* UIColor+WPSKit.h */ = {isa = PBXFileReference; fileEncoding = 4; lastKnownFileType = sourcecode.c.h; path = "UIColor+WPSKit.h"; sourceTree = "<group>"; };
		685FE7C819871660002F399B /* UIColor+WPSKit.m */ = {isa = PBXFileReference; fileEncoding = 4; lastKnownFileType = sourcecode.c.objc; path = "UIColor+WPSKit.m"; sourceTree = "<group>"; };
		685FE7C919871660002F399B /* UIDevice+WPSKit.h */ = {isa = PBXFileReference; fileEncoding = 4; lastKnownFileType = sourcecode.c.h; path = "UIDevice+WPSKit.h"; sourceTree = "<group>"; };
		685FE7CA19871660002F399B /* UIDevice+WPSKit.m */ = {isa = PBXFileReference; fileEncoding = 4; lastKnownFileType = sourcecode.c.objc; path = "UIDevice+WPSKit.m"; sourceTree = "<group>"; };
		685FE7CB19871660002F399B /* UIFont+WPSKit.h */ = {isa = PBXFileReference; fileEncoding = 4; lastKnownFileType = sourcecode.c.h; path = "UIFont+WPSKit.h"; sourceTree = "<group>"; };
		685FE7CC19871660002F399B /* UIFont+WPSKit.m */ = {isa = PBXFileReference; fileEncoding = 4; lastKnownFileType = sourcecode.c.objc; path = "UIFont+WPSKit.m"; sourceTree = "<group>"; };
		685FE7CD19871660002F399B /* UIImage+WPSKit.h */ = {isa = PBXFileReference; fileEncoding = 4; lastKnownFileType = sourcecode.c.h; path = "UIImage+WPSKit.h"; sourceTree = "<group>"; };
		685FE7CE19871660002F399B /* UIImage+WPSKit.m */ = {isa = PBXFileReference; fileEncoding = 4; lastKnownFileType = sourcecode.c.objc; path = "UIImage+WPSKit.m"; sourceTree = "<group>"; };
		685FE7CF19871660002F399B /* UITextField+WPSKit.h */ = {isa = PBXFileReference; fileEncoding = 4; lastKnownFileType = sourcecode.c.h; path = "UITextField+WPSKit.h"; sourceTree = "<group>"; };
		685FE7D019871660002F399B /* UITextField+WPSKit.m */ = {isa = PBXFileReference; fileEncoding = 4; lastKnownFileType = sourcecode.c.objc; path = "UITextField+WPSKit.m"; sourceTree = "<group>"; };
		685FE7D119871660002F399B /* UITextView+WPSKit.h */ = {isa = PBXFileReference; fileEncoding = 4; lastKnownFileType = sourcecode.c.h; path = "UITextView+WPSKit.h"; sourceTree = "<group>"; };
		685FE7D219871660002F399B /* UITextView+WPSKit.m */ = {isa = PBXFileReference; fileEncoding = 4; lastKnownFileType = sourcecode.c.objc; path = "UITextView+WPSKit.m"; sourceTree = "<group>"; };
		685FE7D319871660002F399B /* UIView+WPSKit.h */ = {isa = PBXFileReference; fileEncoding = 4; lastKnownFileType = sourcecode.c.h; path = "UIView+WPSKit.h"; sourceTree = "<group>"; };
		685FE7D419871660002F399B /* UIView+WPSKit.m */ = {isa = PBXFileReference; fileEncoding = 4; lastKnownFileType = sourcecode.c.objc; path = "UIView+WPSKit.m"; sourceTree = "<group>"; };
		685FE7D519871660002F399B /* UIViewController+WPSKit.h */ = {isa = PBXFileReference; fileEncoding = 4; lastKnownFileType = sourcecode.c.h; path = "UIViewController+WPSKit.h"; sourceTree = "<group>"; };
		685FE7D619871660002F399B /* UIViewController+WPSKit.m */ = {isa = PBXFileReference; fileEncoding = 4; lastKnownFileType = sourcecode.c.objc; path = "UIViewController+WPSKit.m"; sourceTree = "<group>"; };
		685FE7D719871660002F399B /* WPSActionSheet.h */ = {isa = PBXFileReference; fileEncoding = 4; lastKnownFileType = sourcecode.c.h; path = WPSActionSheet.h; sourceTree = "<group>"; };
		685FE7D819871660002F399B /* WPSActionSheet.m */ = {isa = PBXFileReference; fileEncoding = 4; lastKnownFileType = sourcecode.c.objc; path = WPSActionSheet.m; sourceTree = "<group>"; };
		685FE7D919871660002F399B /* WPSAlertView.h */ = {isa = PBXFileReference; fileEncoding = 4; lastKnownFileType = sourcecode.c.h; path = WPSAlertView.h; sourceTree = "<group>"; };
		685FE7DA19871660002F399B /* WPSAlertView.m */ = {isa = PBXFileReference; fileEncoding = 4; lastKnownFileType = sourcecode.c.objc; path = WPSAlertView.m; sourceTree = "<group>"; };
		685FE7DB19871660002F399B /* WPSCollectionViewCell.h */ = {isa = PBXFileReference; fileEncoding = 4; lastKnownFileType = sourcecode.c.h; path = WPSCollectionViewCell.h; sourceTree = "<group>"; };
		685FE7DC19871660002F399B /* WPSCollectionViewCell.m */ = {isa = PBXFileReference; fileEncoding = 4; lastKnownFileType = sourcecode.c.objc; path = WPSCollectionViewCell.m; sourceTree = "<group>"; };
		685FE7DD19871660002F399B /* WPSCompositeView.h */ = {isa = PBXFileReference; fileEncoding = 4; lastKnownFileType = sourcecode.c.h; path = WPSCompositeView.h; sourceTree = "<group>"; };
		685FE7DE19871660002F399B /* WPSCompositeView.m */ = {isa = PBXFileReference; fileEncoding = 4; lastKnownFileType = sourcecode.c.objc; path = WPSCompositeView.m; sourceTree = "<group>"; };
		685FE7DF19871660002F399B /* WPSFeedbackEmailController.h */ = {isa = PBXFileReference; fileEncoding = 4; lastKnownFileType = sourcecode.c.h; path = WPSFeedbackEmailController.h; sourceTree = "<group>"; };
		685FE7E019871660002F399B /* WPSFeedbackEmailController.m */ = {isa = PBXFileReference; fileEncoding = 4; lastKnownFileType = sourcecode.c.objc; path = WPSFeedbackEmailController.m; sourceTree = "<group>"; };
		685FE7E119871660002F399B /* WPSPageControl.h */ = {isa = PBXFileReference; fileEncoding = 4; lastKnownFileType = sourcecode.c.h; path = WPSPageControl.h; sourceTree = "<group>"; };
		685FE7E219871660002F399B /* WPSPageControl.m */ = {isa = PBXFileReference; fileEncoding = 4; lastKnownFileType = sourcecode.c.objc; path = WPSPageControl.m; sourceTree = "<group>"; };
		685FE7E319871660002F399B /* WPSScrollViewController.h */ = {isa = PBXFileReference; fileEncoding = 4; lastKnownFileType = sourcecode.c.h; path = WPSScrollViewController.h; sourceTree = "<group>"; };
		685FE7E419871660002F399B /* WPSScrollViewController.m */ = {isa = PBXFileReference; fileEncoding = 4; lastKnownFileType = sourcecode.c.objc; path = WPSScrollViewController.m; sourceTree = "<group>"; };
		685FE7E519871660002F399B /* WPSTableViewCell.h */ = {isa = PBXFileReference; fileEncoding = 4; lastKnownFileType = sourcecode.c.h; path = WPSTableViewCell.h; sourceTree = "<group>"; };
		685FE7E619871660002F399B /* WPSTableViewCell.m */ = {isa = PBXFileReference; fileEncoding = 4; lastKnownFileType = sourcecode.c.objc; path = WPSTableViewCell.m; sourceTree = "<group>"; };
		685FE7E719871660002F399B /* WPSTextView.h */ = {isa = PBXFileReference; fileEncoding = 4; lastKnownFileType = sourcecode.c.h; path = WPSTextView.h; sourceTree = "<group>"; };
		685FE7E819871660002F399B /* WPSTextView.m */ = {isa = PBXFileReference; fileEncoding = 4; lastKnownFileType = sourcecode.c.objc; path = WPSTextView.m; sourceTree = "<group>"; };
		685FE812198717C2002F399B /* WPSWebSession.h */ = {isa = PBXFileReference; fileEncoding = 4; lastKnownFileType = sourcecode.c.h; path = WPSWebSession.h; sourceTree = "<group>"; };
		685FE813198717C2002F399B /* WPSWebSession.m */ = {isa = PBXFileReference; fileEncoding = 4; lastKnownFileType = sourcecode.c.objc; path = WPSWebSession.m; sourceTree = "<group>"; };
		685FE815198719EF002F399B /* WPSWebSessionTests.m */ = {isa = PBXFileReference; fileEncoding = 4; lastKnownFileType = sourcecode.c.objc; path = WPSWebSessionTests.m; sourceTree = "<group>"; };
		685FE81919872504002F399B /* README.md */ = {isa = PBXFileReference; fileEncoding = 4; lastKnownFileType = text; path = README.md; sourceTree = "<group>"; };
		685FE81A19872504002F399B /* XCTAsyncTestCase.h */ = {isa = PBXFileReference; fileEncoding = 4; lastKnownFileType = sourcecode.c.h; path = XCTAsyncTestCase.h; sourceTree = "<group>"; };
		685FE81B19872504002F399B /* XCTAsyncTestCase.m */ = {isa = PBXFileReference; fileEncoding = 4; lastKnownFileType = sourcecode.c.objc; path = XCTAsyncTestCase.m; sourceTree = "<group>"; };
		686062E01460F962001FFB49 /* WPSImageDownloaderTests.h */ = {isa = PBXFileReference; fileEncoding = 4; lastKnownFileType = sourcecode.c.h; path = WPSImageDownloaderTests.h; sourceTree = "<group>"; };
		686062E11460F962001FFB49 /* WPSImageDownloaderTests.m */ = {isa = PBXFileReference; fileEncoding = 4; lastKnownFileType = sourcecode.c.objc; path = WPSImageDownloaderTests.m; sourceTree = "<group>"; };
		6882A9831461DA02005AAC6E /* MapKit.framework */ = {isa = PBXFileReference; lastKnownFileType = wrapper.framework; name = MapKit.framework; path = Platforms/iPhoneOS.platform/Developer/SDKs/iPhoneOS5.0.sdk/System/Library/Frameworks/MapKit.framework; sourceTree = DEVELOPER_DIR; };
		688DF6BA14685BE800732A7C /* WPSStopwatchTests.h */ = {isa = PBXFileReference; fileEncoding = 4; lastKnownFileType = sourcecode.c.h; path = WPSStopwatchTests.h; sourceTree = "<group>"; };
		688DF6BB14685BE800732A7C /* WPSStopwatchTests.m */ = {isa = PBXFileReference; fileEncoding = 4; lastKnownFileType = sourcecode.c.objc; path = WPSStopwatchTests.m; sourceTree = "<group>"; };
		6894235117808425009EAC3A /* Base64Tests.h */ = {isa = PBXFileReference; fileEncoding = 4; lastKnownFileType = sourcecode.c.h; path = Base64Tests.h; sourceTree = "<group>"; };
		6894235217808425009EAC3A /* Base64Tests.m */ = {isa = PBXFileReference; fileEncoding = 4; lastKnownFileType = sourcecode.c.objc; path = Base64Tests.m; sourceTree = "<group>"; };
		68AEC7DF1877B6030013F1BE /* NSNullTests.m */ = {isa = PBXFileReference; fileEncoding = 4; lastKnownFileType = sourcecode.c.objc; path = NSNullTests.m; sourceTree = "<group>"; };
/* End PBXFileReference section */

/* Begin PBXFrameworksBuildPhase section */
		683B50551440B73A000A62E1 /* Frameworks */ = {
			isa = PBXFrameworksBuildPhase;
			buildActionMask = 2147483647;
			files = (
				6819B5F114B7590600BDFDCD /* CoreGraphics.framework in Frameworks */,
				6882A9841461DA02005AAC6E /* MapKit.framework in Frameworks */,
				68102D8E14560CB100E0BDC9 /* CoreLocation.framework in Frameworks */,
				683B50991440C640000A62E1 /* SystemConfiguration.framework in Frameworks */,
				683B50861440B8BE000A62E1 /* CoreData.framework in Frameworks */,
				683B505F1440B73A000A62E1 /* UIKit.framework in Frameworks */,
				683B50611440B73A000A62E1 /* Foundation.framework in Frameworks */,
			);
			runOnlyForDeploymentPostprocessing = 0;
		};
/* End PBXFrameworksBuildPhase section */

/* Begin PBXGroup section */
		683B504B1440B703000A62E1 = {
			isa = PBXGroup;
			children = (
				685FE78F19871660002F399B /* WPSKit */,
				683B50621440B73A000A62E1 /* WPSKitTests */,
				683B505B1440B73A000A62E1 /* Frameworks */,
				683B505A1440B73A000A62E1 /* Products */,
			);
			sourceTree = "<group>";
		};
		683B505A1440B73A000A62E1 /* Products */ = {
			isa = PBXGroup;
			children = (
				683B50591440B73A000A62E1 /* WPSKitTests.xctest */,
			);
			name = Products;
			sourceTree = "<group>";
		};
		683B505B1440B73A000A62E1 /* Frameworks */ = {
			isa = PBXGroup;
			children = (
				6819B5F014B7590500BDFDCD /* CoreGraphics.framework */,
				6882A9831461DA02005AAC6E /* MapKit.framework */,
				68102D8D14560CB100E0BDC9 /* CoreLocation.framework */,
				683B50981440C640000A62E1 /* SystemConfiguration.framework */,
				683B50851440B8BE000A62E1 /* CoreData.framework */,
				683B505E1440B73A000A62E1 /* UIKit.framework */,
				683B50601440B73A000A62E1 /* Foundation.framework */,
			);
			name = Frameworks;
			sourceTree = "<group>";
		};
		683B50621440B73A000A62E1 /* WPSKitTests */ = {
			isa = PBXGroup;
			children = (
				685FE81819872504002F399B /* XCTAsyncTestCase */,
				683B50631440B73A000A62E1 /* Supporting Files */,
				6894235117808425009EAC3A /* Base64Tests.h */,
				6894235217808425009EAC3A /* Base64Tests.m */,
				6814401E16E6995F009D91C6 /* NSArrayTests.h */,
				6814401F16E6995F009D91C6 /* NSArrayTests.m */,
				685BB3A4183FF45F000984DF /* UIColorTests.m */,
				68AEC7DF1877B6030013F1BE /* NSNullTests.m */,
				683B50821440B7CB000A62E1 /* NSStringTests.h */,
				683B50831440B7CB000A62E1 /* NSStringTests.m */,
				684DDBAB16F54C480076DE9E /* NSURLTests.h */,
				684DDBAC16F54C480076DE9E /* NSURLTests.m */,
				684C80D914434F0500DAAB9B /* WPSCacheTests.h */,
				684C80DA14434F0500DAAB9B /* WPSCacheTests.m */,
				686062E01460F962001FFB49 /* WPSImageDownloaderTests.h */,
				686062E11460F962001FFB49 /* WPSImageDownloaderTests.m */,
				688DF6BA14685BE800732A7C /* WPSStopwatchTests.h */,
				688DF6BB14685BE800732A7C /* WPSStopwatchTests.m */,
				683D8B2A199CF4BA001FE8C2 /* WPSWebErrorTests.m */,
				685FE815198719EF002F399B /* WPSWebSessionTests.m */,
			);
			path = WPSKitTests;
			sourceTree = "<group>";
		};
		683B50631440B73A000A62E1 /* Supporting Files */ = {
			isa = PBXGroup;
			children = (
				683B50641440B73A000A62E1 /* WPSKitTests-Info.plist */,
				683B50651440B73A000A62E1 /* InfoPlist.strings */,
				683B506B1440B73A000A62E1 /* WPSKitTests-Prefix.pch */,
			);
			name = "Supporting Files";
			sourceTree = "<group>";
		};
		685FE78F19871660002F399B /* WPSKit */ = {
			isa = PBXGroup;
			children = (
				685FE79019871660002F399B /* CoreData */,
				685FE79B19871660002F399B /* CoreLocation */,
				685FE79E19871660002F399B /* Foundation */,
				685FE7B919871660002F399B /* MapKit */,
				685FE7BC19871660002F399B /* UIKit */,
			);
			name = WPSKit;
			path = ../WPSKit;
			sourceTree = "<group>";
		};
		685FE79019871660002F399B /* CoreData */ = {
			isa = PBXGroup;
			children = (
				685FE79119871660002F399B /* NSManagedObject+WPSKit.h */,
				685FE79219871660002F399B /* NSManagedObject+WPSKit.m */,
				685FE79319871660002F399B /* NSManagedObjectContext+WPSKit.h */,
				685FE79419871660002F399B /* NSManagedObjectContext+WPSKit.m */,
				685FE79519871660002F399B /* WPSCoreDataStack.h */,
				685FE79619871660002F399B /* WPSCoreDataStack.m */,
				685FE79719871660002F399B /* WPSFetchedResultsDelegate.h */,
				685FE79819871660002F399B /* WPSFetchedResultsDelegate.m */,
				685FE79919871660002F399B /* WPSManagedObjectContextWatcher.h */,
				685FE79A19871660002F399B /* WPSManagedObjectContextWatcher.m */,
			);
			path = CoreData;
			sourceTree = "<group>";
		};
		685FE79B19871660002F399B /* CoreLocation */ = {
			isa = PBXGroup;
			children = (
				685FE79C19871660002F399B /* CLLocation+WPSKit.h */,
				685FE79D19871660002F399B /* CLLocation+WPSKit.m */,
			);
			path = CoreLocation;
			sourceTree = "<group>";
		};
		685FE79E19871660002F399B /* Foundation */ = {
			isa = PBXGroup;
			children = (
				685FE79F19871660002F399B /* NSArray+WPSKit.h */,
				685FE7A019871660002F399B /* NSArray+WPSKit.m */,
				685FE7A119871660002F399B /* NSData+WPSKit.h */,
				685FE7A219871660002F399B /* NSData+WPSKit.m */,
				685FE7A319871660002F399B /* NSFileManager+WPSKit.h */,
				685FE7A419871660002F399B /* NSFileManager+WPSKit.m */,
				685FE7A519871660002F399B /* NSNotificationCenter+WPSKit.h */,
				685FE7A619871660002F399B /* NSNotificationCenter+WPSKit.m */,
				685FE7A719871660002F399B /* NSNull+WPSKit.h */,
				685FE7A819871660002F399B /* NSNull+WPSKit.m */,
				685FE7A919871660002F399B /* NSString+WPSKit.h */,
				685FE7AA19871660002F399B /* NSString+WPSKit.m */,
				685FE7AB19871660002F399B /* NSURL+WPSKit.h */,
				685FE7AC19871660002F399B /* NSURL+WPSKit.m */,
				685FE7AD19871660002F399B /* WPSActivityTracker.h */,
				685FE7AE19871660002F399B /* WPSActivityTracker.m */,
				685FE7AF19871660002F399B /* WPSCache.h */,
				685FE7B019871660002F399B /* WPSCache.m */,
				685FE7B119871660002F399B /* WPSImageDownloader.h */,
				685FE7B219871660002F399B /* WPSImageDownloader.m */,
				685FE7B319871660002F399B /* WPSMultipartFormDataUploader.h */,
				685FE7B419871660002F399B /* WPSMultipartFormDataUploader.m */,
				685FE7B519871660002F399B /* WPSStopwatch.h */,
				685FE7B619871660002F399B /* WPSStopwatch.m */,
				685FE7B719871660002F399B /* WPSWebClient.h */,
				685FE7B819871660002F399B /* WPSWebClient.m */,
				685D2171199115FA003DA34F /* WPSWebError.h */,
				685D2172199115FA003DA34F /* WPSWebError.m */,
				685FE812198717C2002F399B /* WPSWebSession.h */,
				685FE813198717C2002F399B /* WPSWebSession.m */,
			);
			path = Foundation;
			sourceTree = "<group>";
		};
		685FE7B919871660002F399B /* MapKit */ = {
			isa = PBXGroup;
			children = (
				685FE7BA19871660002F399B /* MKMapView+WPSKit.h */,
				685FE7BB19871660002F399B /* MKMapView+WPSKit.m */,
			);
			path = MapKit;
			sourceTree = "<group>";
		};
		685FE7BC19871660002F399B /* UIKit */ = {
			isa = PBXGroup;
			children = (
				685FE7BD19871660002F399B /* DataSources */,
				685FE7C319871660002F399B /* UIApplication+WPSKit.h */,
				685FE7C419871660002F399B /* UIApplication+WPSKit.m */,
				685FE7C519871660002F399B /* UICollectionView+WPSKit.h */,
				685FE7C619871660002F399B /* UICollectionView+WPSKit.m */,
				685FE7C719871660002F399B /* UIColor+WPSKit.h */,
				685FE7C819871660002F399B /* UIColor+WPSKit.m */,
				685FE7C919871660002F399B /* UIDevice+WPSKit.h */,
				685FE7CA19871660002F399B /* UIDevice+WPSKit.m */,
				685FE7CB19871660002F399B /* UIFont+WPSKit.h */,
				685FE7CC19871660002F399B /* UIFont+WPSKit.m */,
				685FE7CD19871660002F399B /* UIImage+WPSKit.h */,
				685FE7CE19871660002F399B /* UIImage+WPSKit.m */,
				685FE7CF19871660002F399B /* UITextField+WPSKit.h */,
				685FE7D019871660002F399B /* UITextField+WPSKit.m */,
				685FE7D119871660002F399B /* UITextView+WPSKit.h */,
				685FE7D219871660002F399B /* UITextView+WPSKit.m */,
				685FE7D319871660002F399B /* UIView+WPSKit.h */,
				685FE7D419871660002F399B /* UIView+WPSKit.m */,
				685FE7D519871660002F399B /* UIViewController+WPSKit.h */,
				685FE7D619871660002F399B /* UIViewController+WPSKit.m */,
				685FE7D719871660002F399B /* WPSActionSheet.h */,
				685FE7D819871660002F399B /* WPSActionSheet.m */,
				685FE7D919871660002F399B /* WPSAlertView.h */,
				685FE7DA19871660002F399B /* WPSAlertView.m */,
				685FE7DB19871660002F399B /* WPSCollectionViewCell.h */,
				685FE7DC19871660002F399B /* WPSCollectionViewCell.m */,
				685FE7DD19871660002F399B /* WPSCompositeView.h */,
				685FE7DE19871660002F399B /* WPSCompositeView.m */,
				685FE7DF19871660002F399B /* WPSFeedbackEmailController.h */,
				685FE7E019871660002F399B /* WPSFeedbackEmailController.m */,
				685FE7E119871660002F399B /* WPSPageControl.h */,
				685FE7E219871660002F399B /* WPSPageControl.m */,
				685FE7E319871660002F399B /* WPSScrollViewController.h */,
				685FE7E419871660002F399B /* WPSScrollViewController.m */,
				685FE7E519871660002F399B /* WPSTableViewCell.h */,
				685FE7E619871660002F399B /* WPSTableViewCell.m */,
				685FE7E719871660002F399B /* WPSTextView.h */,
				685FE7E819871660002F399B /* WPSTextView.m */,
			);
			path = UIKit;
			sourceTree = "<group>";
		};
		685FE7BD19871660002F399B /* DataSources */ = {
			isa = PBXGroup;
			children = (
				685FE7BE19871660002F399B /* WPSArrayDataSource.h */,
				685FE7BF19871660002F399B /* WPSArrayDataSource.m */,
				685FE7C019871660002F399B /* WPSDataSource.h */,
				685FE7C119871660002F399B /* WPSFetchedResultsDataSource.h */,
				685FE7C219871660002F399B /* WPSFetchedResultsDataSource.m */,
			);
			path = DataSources;
			sourceTree = "<group>";
		};
		685FE81819872504002F399B /* XCTAsyncTestCase */ = {
			isa = PBXGroup;
			children = (
				685FE81919872504002F399B /* README.md */,
				685FE81A19872504002F399B /* XCTAsyncTestCase.h */,
				685FE81B19872504002F399B /* XCTAsyncTestCase.m */,
			);
			path = XCTAsyncTestCase;
			sourceTree = SOURCE_ROOT;
		};
/* End PBXGroup section */

/* Begin PBXNativeTarget section */
		683B50581440B73A000A62E1 /* WPSKitTests */ = {
			isa = PBXNativeTarget;
			buildConfigurationList = 683B506C1440B73A000A62E1 /* Build configuration list for PBXNativeTarget "WPSKitTests" */;
			buildPhases = (
				683B50541440B73A000A62E1 /* Sources */,
				683B50551440B73A000A62E1 /* Frameworks */,
				683B50561440B73A000A62E1 /* Resources */,
				683B50571440B73A000A62E1 /* ShellScript */,
			);
			buildRules = (
			);
			dependencies = (
			);
			name = WPSKitTests;
			productName = WPSKitTests;
			productReference = 683B50591440B73A000A62E1 /* WPSKitTests.xctest */;
			productType = "com.apple.product-type.bundle.unit-test";
		};
/* End PBXNativeTarget section */

/* Begin PBXProject section */
		683B504D1440B703000A62E1 /* Project object */ = {
			isa = PBXProject;
			attributes = {
				LastUpgradeCheck = 0430;
				ORGANIZATIONNAME = "White Peak Software Inc.";
			};
			buildConfigurationList = 683B50501440B703000A62E1 /* Build configuration list for PBXProject "WPSKitTests" */;
			compatibilityVersion = "Xcode 3.2";
			developmentRegion = English;
			hasScannedForEncodings = 0;
			knownRegions = (
				en,
			);
			mainGroup = 683B504B1440B703000A62E1;
			productRefGroup = 683B505A1440B73A000A62E1 /* Products */;
			projectDirPath = "";
			projectRoot = "";
			targets = (
				683B50581440B73A000A62E1 /* WPSKitTests */,
			);
		};
/* End PBXProject section */

/* Begin PBXResourcesBuildPhase section */
		683B50561440B73A000A62E1 /* Resources */ = {
			isa = PBXResourcesBuildPhase;
			buildActionMask = 2147483647;
			files = (
				683B50671440B73A000A62E1 /* InfoPlist.strings in Resources */,
			);
			runOnlyForDeploymentPostprocessing = 0;
		};
/* End PBXResourcesBuildPhase section */

/* Begin PBXShellScriptBuildPhase section */
		683B50571440B73A000A62E1 /* ShellScript */ = {
			isa = PBXShellScriptBuildPhase;
			buildActionMask = 2147483647;
			files = (
			);
			inputPaths = (
			);
			outputPaths = (
			);
			runOnlyForDeploymentPostprocessing = 0;
			shellPath = /bin/sh;
			shellScript = "# Run the unit tests in this test bundle.\n\"${SYSTEM_DEVELOPER_DIR}/Tools/RunUnitTests\"\n";
		};
/* End PBXShellScriptBuildPhase section */

/* Begin PBXSourcesBuildPhase section */
		683B50541440B73A000A62E1 /* Sources */ = {
			isa = PBXSourcesBuildPhase;
			buildActionMask = 2147483647;
			files = (
				685FE80719871660002F399B /* UIView+WPSKit.m in Sources */,
				685FE80619871660002F399B /* UITextView+WPSKit.m in Sources */,
				685FE81119871660002F399B /* WPSTextView.m in Sources */,
				685FE80319871660002F399B /* UIFont+WPSKit.m in Sources */,
				685FE80519871660002F399B /* UITextField+WPSKit.m in Sources */,
				685FE80919871660002F399B /* WPSActionSheet.m in Sources */,
				685FE7ED19871660002F399B /* WPSManagedObjectContextWatcher.m in Sources */,
				685FE7EC19871660002F399B /* WPSFetchedResultsDelegate.m in Sources */,
				683B50841440B7CB000A62E1 /* NSStringTests.m in Sources */,
				685FE7F819871660002F399B /* WPSImageDownloader.m in Sources */,
				685FE7F719871660002F399B /* WPSCache.m in Sources */,
				685FE80219871660002F399B /* UIDevice+WPSKit.m in Sources */,
				685FE7F319871660002F399B /* NSNull+WPSKit.m in Sources */,
				685FE80D19871660002F399B /* WPSFeedbackEmailController.m in Sources */,
				685FE80A19871660002F399B /* WPSAlertView.m in Sources */,
				685FE80019871660002F399B /* UICollectionView+WPSKit.m in Sources */,
				685FE7F019871660002F399B /* NSData+WPSKit.m in Sources */,
				685FE7F119871660002F399B /* NSFileManager+WPSKit.m in Sources */,
				685FE7F519871660002F399B /* NSURL+WPSKit.m in Sources */,
				683D8B2B199CF4BA001FE8C2 /* WPSWebErrorTests.m in Sources */,
				685FE81D19872504002F399B /* XCTAsyncTestCase.m in Sources */,
				685FE7EA19871660002F399B /* NSManagedObjectContext+WPSKit.m in Sources */,
				685BB3A5183FF45F000984DF /* UIColorTests.m in Sources */,
				685FE7F919871660002F399B /* WPSMultipartFormDataUploader.m in Sources */,
				685FE80119871660002F399B /* UIColor+WPSKit.m in Sources */,
				684C80DB14434F0500DAAB9B /* WPSCacheTests.m in Sources */,
				685FE80819871660002F399B /* UIViewController+WPSKit.m in Sources */,
				685FE7EB19871660002F399B /* WPSCoreDataStack.m in Sources */,
				686062E21460F962001FFB49 /* WPSImageDownloaderTests.m in Sources */,
				685D2173199115FA003DA34F /* WPSWebError.m in Sources */,
				685FE7F619871660002F399B /* WPSActivityTracker.m in Sources */,
				685FE7FF19871660002F399B /* UIApplication+WPSKit.m in Sources */,
				685FE7FB19871660002F399B /* WPSWebClient.m in Sources */,
				685FE7EF19871660002F399B /* NSArray+WPSKit.m in Sources */,
				688DF6BC14685BE800732A7C /* WPSStopwatchTests.m in Sources */,
				685FE7FC19871660002F399B /* MKMapView+WPSKit.m in Sources */,
				685FE7FE19871660002F399B /* WPSFetchedResultsDataSource.m in Sources */,
				68AEC7E01877B6030013F1BE /* NSNullTests.m in Sources */,
				685FE80E19871660002F399B /* WPSPageControl.m in Sources */,
				685FE81019871660002F399B /* WPSTableViewCell.m in Sources */,
				6814402016E6995F009D91C6 /* NSArrayTests.m in Sources */,
				685FE816198719EF002F399B /* WPSWebSessionTests.m in Sources */,
				685FE814198717C2002F399B /* WPSWebSession.m in Sources */,
				685FE7EE19871660002F399B /* CLLocation+WPSKit.m in Sources */,
				685FE80B19871660002F399B /* WPSCollectionViewCell.m in Sources */,
				685FE7F419871660002F399B /* NSString+WPSKit.m in Sources */,
				685FE7F219871660002F399B /* NSNotificationCenter+WPSKit.m in Sources */,
				685FE80419871660002F399B /* UIImage+WPSKit.m in Sources */,
				684DDBAD16F54C480076DE9E /* NSURLTests.m in Sources */,
				685FE7FA19871660002F399B /* WPSStopwatch.m in Sources */,
				685FE7FD19871660002F399B /* WPSArrayDataSource.m in Sources */,
				685FE80F19871660002F399B /* WPSScrollViewController.m in Sources */,
				6894235317808425009EAC3A /* Base64Tests.m in Sources */,
				685FE80C19871660002F399B /* WPSCompositeView.m in Sources */,
				685FE7E919871660002F399B /* NSManagedObject+WPSKit.m in Sources */,
			);
			runOnlyForDeploymentPostprocessing = 0;
		};
/* End PBXSourcesBuildPhase section */

/* Begin PBXVariantGroup section */
		683B50651440B73A000A62E1 /* InfoPlist.strings */ = {
			isa = PBXVariantGroup;
			children = (
				683B50661440B73A000A62E1 /* en */,
			);
			name = InfoPlist.strings;
			sourceTree = "<group>";
		};
/* End PBXVariantGroup section */

/* Begin XCBuildConfiguration section */
		683B50521440B703000A62E1 /* Debug */ = {
			isa = XCBuildConfiguration;
			buildSettings = {
				CLANG_ENABLE_MODULES = YES;
			};
			name = Debug;
		};
		683B50531440B703000A62E1 /* Release */ = {
			isa = XCBuildConfiguration;
			buildSettings = {
				CLANG_ENABLE_MODULES = YES;
			};
			name = Release;
		};
		683B506D1440B73A000A62E1 /* Debug */ = {
			isa = XCBuildConfiguration;
			buildSettings = {
				ALWAYS_SEARCH_USER_PATHS = NO;
				ARCHS = "$(ARCHS_STANDARD_32_BIT)";
				CLANG_ENABLE_OBJC_ARC = YES;
				COPY_PHASE_STRIP = NO;
				FRAMEWORK_SEARCH_PATHS = (
					"$(SDKROOT)/Developer/Library/Frameworks",
					"$(inherited)",
				);
				GCC_C_LANGUAGE_STANDARD = gnu99;
				GCC_DYNAMIC_NO_PIC = NO;
				GCC_OPTIMIZATION_LEVEL = 0;
				GCC_PRECOMPILE_PREFIX_HEADER = YES;
				GCC_PREFIX_HEADER = "WPSKitTests/WPSKitTests-Prefix.pch";
				GCC_PREPROCESSOR_DEFINITIONS = (
					"DEBUG=1",
					"$(inherited)",
				);
				GCC_SYMBOLS_PRIVATE_EXTERN = NO;
				GCC_VERSION = com.apple.compilers.llvm.clang.1_0;
				GCC_WARN_ABOUT_MISSING_PROTOTYPES = YES;
				GCC_WARN_ABOUT_RETURN_TYPE = YES;
				GCC_WARN_UNUSED_VARIABLE = YES;
				INFOPLIST_FILE = "WPSKitTests/WPSKitTests-Info.plist";
				IPHONEOS_DEPLOYMENT_TARGET = 5.0;
				PRODUCT_NAME = "$(TARGET_NAME)";
				SDKROOT = iphoneos;
			};
			name = Debug;
		};
		683B506E1440B73A000A62E1 /* Release */ = {
			isa = XCBuildConfiguration;
			buildSettings = {
				ALWAYS_SEARCH_USER_PATHS = NO;
				ARCHS = "$(ARCHS_STANDARD_32_BIT)";
				CLANG_ENABLE_OBJC_ARC = YES;
				COPY_PHASE_STRIP = YES;
				FRAMEWORK_SEARCH_PATHS = (
					"$(SDKROOT)/Developer/Library/Frameworks",
					"$(inherited)",
				);
				GCC_C_LANGUAGE_STANDARD = gnu99;
				GCC_PRECOMPILE_PREFIX_HEADER = YES;
				GCC_PREFIX_HEADER = "WPSKitTests/WPSKitTests-Prefix.pch";
				GCC_VERSION = com.apple.compilers.llvm.clang.1_0;
				GCC_WARN_ABOUT_MISSING_PROTOTYPES = YES;
				GCC_WARN_ABOUT_RETURN_TYPE = YES;
				GCC_WARN_UNUSED_VARIABLE = YES;
				INFOPLIST_FILE = "WPSKitTests/WPSKitTests-Info.plist";
				IPHONEOS_DEPLOYMENT_TARGET = 5.0;
				PRODUCT_NAME = "$(TARGET_NAME)";
				SDKROOT = iphoneos;
				VALIDATE_PRODUCT = YES;
			};
			name = Release;
		};
/* End XCBuildConfiguration section */

/* Begin XCConfigurationList section */
		683B50501440B703000A62E1 /* Build configuration list for PBXProject "WPSKitTests" */ = {
			isa = XCConfigurationList;
			buildConfigurations = (
				683B50521440B703000A62E1 /* Debug */,
				683B50531440B703000A62E1 /* Release */,
			);
			defaultConfigurationIsVisible = 0;
			defaultConfigurationName = Release;
		};
		683B506C1440B73A000A62E1 /* Build configuration list for PBXNativeTarget "WPSKitTests" */ = {
			isa = XCConfigurationList;
			buildConfigurations = (
				683B506D1440B73A000A62E1 /* Debug */,
				683B506E1440B73A000A62E1 /* Release */,
			);
			defaultConfigurationIsVisible = 0;
			defaultConfigurationName = Release;
		};
/* End XCConfigurationList section */
	};
	rootObject = 683B504D1440B703000A62E1 /* Project object */;
}
