// !$*UTF8*$!
{
	archiveVersion = 1;
	classes = {
	};
	objectVersion = 46;
	objects = {

/* Begin PBXAggregateTarget section */
		68EEF56C18DA959D002B7034 /* Documentation */ = {
			isa = PBXAggregateTarget;
			buildConfigurationList = 68EEF56D18DA959D002B7034 /* Build configuration list for PBXAggregateTarget "Documentation" */;
			buildPhases = (
				68EEF57018DA95D2002B7034 /* ShellScript */,
			);
			dependencies = (
			);
			name = Documentation;
			productName = Documentation;
		};
/* End PBXAggregateTarget section */

/* Begin PBXBuildFile section */
		680EE75814EDB67E00F84CD3 /* CoreData.framework in Frameworks */ = {isa = PBXBuildFile; fileRef = 680EE75714EDB67E00F84CD3 /* CoreData.framework */; };
		680EE75A14EDB68B00F84CD3 /* MapKit.framework in Frameworks */ = {isa = PBXBuildFile; fileRef = 680EE75914EDB68B00F84CD3 /* MapKit.framework */; };
		680EE75C14EDB69B00F84CD3 /* CoreLocation.framework in Frameworks */ = {isa = PBXBuildFile; fileRef = 680EE75B14EDB69B00F84CD3 /* CoreLocation.framework */; };
		680EE75E14EDB6A700F84CD3 /* SystemConfiguration.framework in Frameworks */ = {isa = PBXBuildFile; fileRef = 680EE75D14EDB6A700F84CD3 /* SystemConfiguration.framework */; };
		680EE76814EDBB9A00F84CD3 /* FeatureModelObject.m in Sources */ = {isa = PBXBuildFile; fileRef = 680EE76714EDBB9A00F84CD3 /* FeatureModelObject.m */; };
		680EE78114EDF1FE00F84CD3 /* roundedbox.png in Resources */ = {isa = PBXBuildFile; fileRef = 680EE77F14EDF1FE00F84CD3 /* roundedbox.png */; };
		680EE78214EDF1FE00F84CD3 /* roundedbox@2x.png in Resources */ = {isa = PBXBuildFile; fileRef = 680EE78014EDF1FE00F84CD3 /* roundedbox@2x.png */; };
		682CE5F414EDAE1C00F0AF2E /* UIKit.framework in Frameworks */ = {isa = PBXBuildFile; fileRef = 682CE5F314EDAE1C00F0AF2E /* UIKit.framework */; };
		682CE5F614EDAE1C00F0AF2E /* Foundation.framework in Frameworks */ = {isa = PBXBuildFile; fileRef = 682CE5F514EDAE1C00F0AF2E /* Foundation.framework */; };
		682CE5F814EDAE1C00F0AF2E /* CoreGraphics.framework in Frameworks */ = {isa = PBXBuildFile; fileRef = 682CE5F714EDAE1C00F0AF2E /* CoreGraphics.framework */; };
		682CE5FE14EDAE1C00F0AF2E /* InfoPlist.strings in Resources */ = {isa = PBXBuildFile; fileRef = 682CE5FC14EDAE1C00F0AF2E /* InfoPlist.strings */; };
		682CE60014EDAE1C00F0AF2E /* main.m in Sources */ = {isa = PBXBuildFile; fileRef = 682CE5FF14EDAE1C00F0AF2E /* main.m */; };
		682CE60414EDAE1C00F0AF2E /* WPSAppDelegate.m in Sources */ = {isa = PBXBuildFile; fileRef = 682CE60314EDAE1C00F0AF2E /* WPSAppDelegate.m */; };
		682CE64C14EDAEC300F0AF2E /* WPSTableViewController.m in Sources */ = {isa = PBXBuildFile; fileRef = 682CE64B14EDAEC300F0AF2E /* WPSTableViewController.m */; };
		685A9B9117C63F0B0086688F /* WPSCustomDetailDisclosureButtonViewController.m in Sources */ = {isa = PBXBuildFile; fileRef = 685A9B8F17C63F0A0086688F /* WPSCustomDetailDisclosureButtonViewController.m */; };
		685A9B9717C640B70086688F /* btn-detaildisclosure.png in Resources */ = {isa = PBXBuildFile; fileRef = 685A9B9317C640B70086688F /* btn-detaildisclosure.png */; };
		685A9B9817C640B70086688F /* btn-detaildisclosure@2x.png in Resources */ = {isa = PBXBuildFile; fileRef = 685A9B9417C640B70086688F /* btn-detaildisclosure@2x.png */; };
		685A9B9917C640B70086688F /* btn-detaildisclosurepressed.png in Resources */ = {isa = PBXBuildFile; fileRef = 685A9B9517C640B70086688F /* btn-detaildisclosurepressed.png */; };
		685A9B9A17C640B70086688F /* btn-detaildisclosurepressed@2x.png in Resources */ = {isa = PBXBuildFile; fileRef = 685A9B9617C640B70086688F /* btn-detaildisclosurepressed@2x.png */; };
		685A9B9D17C643030086688F /* CustomDetailDisclosureCell.m in Sources */ = {isa = PBXBuildFile; fileRef = 685A9B9C17C643020086688F /* CustomDetailDisclosureCell.m */; };
		685A9B9F17C643110086688F /* CustomDetailDisclosureCell.xib in Resources */ = {isa = PBXBuildFile; fileRef = 685A9B9E17C643110086688F /* CustomDetailDisclosureCell.xib */; };
		68DEBADA1BB973FB000DE9A9 /* WPSKit.framework in Frameworks */ = {isa = PBXBuildFile; fileRef = 68DEBAD51BB973DD000DE9A9 /* WPSKit.framework */; };
		68DEBADB1BB973FB000DE9A9 /* WPSKit.framework in Embed Frameworks */ = {isa = PBXBuildFile; fileRef = 68DEBAD51BB973DD000DE9A9 /* WPSKit.framework */; settings = {ATTRIBUTES = (CodeSignOnCopy, RemoveHeadersOnCopy, ); }; };
		68E84E9B1BB6AEE900D1D9E6 /* LaunchScreen.storyboard in Resources */ = {isa = PBXBuildFile; fileRef = 68E84E9A1BB6AEE900D1D9E6 /* LaunchScreen.storyboard */; settings = {ASSET_TAGS = (); }; };
		68E84E9E1BB6B5E000D1D9E6 /* WPSTextViewController.m in Sources */ = {isa = PBXBuildFile; fileRef = 68E84E9D1BB6B5E000D1D9E6 /* WPSTextViewController.m */; settings = {ASSET_TAGS = (); }; };
/* End PBXBuildFile section */

/* Begin PBXContainerItemProxy section */
		68DEBAD41BB973DD000DE9A9 /* PBXContainerItemProxy */ = {
			isa = PBXContainerItemProxy;
			containerPortal = 68DEBACE1BB973DD000DE9A9 /* WPSKit.xcodeproj */;
			proxyType = 2;
			remoteGlobalIDString = 686ABF121BB3087D00D20478;
			remoteInfo = WPSKit;
		};
		68DEBAD61BB973DD000DE9A9 /* PBXContainerItemProxy */ = {
			isa = PBXContainerItemProxy;
			containerPortal = 68DEBACE1BB973DD000DE9A9 /* WPSKit.xcodeproj */;
			proxyType = 2;
			remoteGlobalIDString = 68DD7A061BB892E800066E27;
			remoteInfo = WPSKitAppExtensionSafe;
		};
		68DEBAD81BB973DD000DE9A9 /* PBXContainerItemProxy */ = {
			isa = PBXContainerItemProxy;
			containerPortal = 68DEBACE1BB973DD000DE9A9 /* WPSKit.xcodeproj */;
			proxyType = 2;
			remoteGlobalIDString = 686ABF1C1BB3087D00D20478;
			remoteInfo = WPSKitTests;
		};
		68DEBADC1BB973FB000DE9A9 /* PBXContainerItemProxy */ = {
			isa = PBXContainerItemProxy;
			containerPortal = 68DEBACE1BB973DD000DE9A9 /* WPSKit.xcodeproj */;
			proxyType = 1;
			remoteGlobalIDString = 686ABF111BB3087D00D20478;
			remoteInfo = WPSKit;
		};
/* End PBXContainerItemProxy section */

/* Begin PBXCopyFilesBuildPhase section */
		682B77771BB445A8009A9803 /* Embed Frameworks */ = {
			isa = PBXCopyFilesBuildPhase;
			buildActionMask = 2147483647;
			dstPath = "";
			dstSubfolderSpec = 10;
			files = (
				68DEBADB1BB973FB000DE9A9 /* WPSKit.framework in Embed Frameworks */,
			);
			name = "Embed Frameworks";
			runOnlyForDeploymentPostprocessing = 0;
		};
/* End PBXCopyFilesBuildPhase section */

/* Begin PBXFileReference section */
		680EE75714EDB67E00F84CD3 /* CoreData.framework */ = {isa = PBXFileReference; lastKnownFileType = wrapper.framework; name = CoreData.framework; path = System/Library/Frameworks/CoreData.framework; sourceTree = SDKROOT; };
		680EE75914EDB68B00F84CD3 /* MapKit.framework */ = {isa = PBXFileReference; lastKnownFileType = wrapper.framework; name = MapKit.framework; path = System/Library/Frameworks/MapKit.framework; sourceTree = SDKROOT; };
		680EE75B14EDB69B00F84CD3 /* CoreLocation.framework */ = {isa = PBXFileReference; lastKnownFileType = wrapper.framework; name = CoreLocation.framework; path = System/Library/Frameworks/CoreLocation.framework; sourceTree = SDKROOT; };
		680EE75D14EDB6A700F84CD3 /* SystemConfiguration.framework */ = {isa = PBXFileReference; lastKnownFileType = wrapper.framework; name = SystemConfiguration.framework; path = System/Library/Frameworks/SystemConfiguration.framework; sourceTree = SDKROOT; };
		680EE76614EDBB9A00F84CD3 /* FeatureModelObject.h */ = {isa = PBXFileReference; fileEncoding = 4; lastKnownFileType = sourcecode.c.h; path = FeatureModelObject.h; sourceTree = "<group>"; };
		680EE76714EDBB9A00F84CD3 /* FeatureModelObject.m */ = {isa = PBXFileReference; fileEncoding = 4; lastKnownFileType = sourcecode.c.objc; path = FeatureModelObject.m; sourceTree = "<group>"; };
		680EE77F14EDF1FE00F84CD3 /* roundedbox.png */ = {isa = PBXFileReference; lastKnownFileType = image.png; path = roundedbox.png; sourceTree = "<group>"; };
		680EE78014EDF1FE00F84CD3 /* roundedbox@2x.png */ = {isa = PBXFileReference; lastKnownFileType = image.png; path = "roundedbox@2x.png"; sourceTree = "<group>"; };
		682CE5EF14EDAE1C00F0AF2E /* WPSKitSamples.app */ = {isa = PBXFileReference; explicitFileType = wrapper.application; includeInIndex = 0; path = WPSKitSamples.app; sourceTree = BUILT_PRODUCTS_DIR; };
		682CE5F314EDAE1C00F0AF2E /* UIKit.framework */ = {isa = PBXFileReference; lastKnownFileType = wrapper.framework; name = UIKit.framework; path = System/Library/Frameworks/UIKit.framework; sourceTree = SDKROOT; };
		682CE5F514EDAE1C00F0AF2E /* Foundation.framework */ = {isa = PBXFileReference; lastKnownFileType = wrapper.framework; name = Foundation.framework; path = System/Library/Frameworks/Foundation.framework; sourceTree = SDKROOT; };
		682CE5F714EDAE1C00F0AF2E /* CoreGraphics.framework */ = {isa = PBXFileReference; lastKnownFileType = wrapper.framework; name = CoreGraphics.framework; path = System/Library/Frameworks/CoreGraphics.framework; sourceTree = SDKROOT; };
		682CE5FB14EDAE1C00F0AF2E /* WPSKitSamples-Info.plist */ = {isa = PBXFileReference; lastKnownFileType = text.plist.xml; path = "WPSKitSamples-Info.plist"; sourceTree = "<group>"; };
		682CE5FD14EDAE1C00F0AF2E /* en */ = {isa = PBXFileReference; lastKnownFileType = text.plist.strings; name = en; path = en.lproj/InfoPlist.strings; sourceTree = "<group>"; };
		682CE5FF14EDAE1C00F0AF2E /* main.m */ = {isa = PBXFileReference; lastKnownFileType = sourcecode.c.objc; path = main.m; sourceTree = "<group>"; };
		682CE60114EDAE1C00F0AF2E /* WPSKitSamples-Prefix.pch */ = {isa = PBXFileReference; lastKnownFileType = sourcecode.c.h; path = "WPSKitSamples-Prefix.pch"; sourceTree = "<group>"; };
		682CE60214EDAE1C00F0AF2E /* WPSAppDelegate.h */ = {isa = PBXFileReference; lastKnownFileType = sourcecode.c.h; path = WPSAppDelegate.h; sourceTree = "<group>"; };
		682CE60314EDAE1C00F0AF2E /* WPSAppDelegate.m */ = {isa = PBXFileReference; lastKnownFileType = sourcecode.c.objc; path = WPSAppDelegate.m; sourceTree = "<group>"; };
		682CE64A14EDAEC300F0AF2E /* WPSTableViewController.h */ = {isa = PBXFileReference; fileEncoding = 4; lastKnownFileType = sourcecode.c.h; path = WPSTableViewController.h; sourceTree = "<group>"; };
		682CE64B14EDAEC300F0AF2E /* WPSTableViewController.m */ = {isa = PBXFileReference; fileEncoding = 4; lastKnownFileType = sourcecode.c.objc; path = WPSTableViewController.m; sourceTree = "<group>"; };
		685A9B8E17C63F0A0086688F /* WPSCustomDetailDisclosureButtonViewController.h */ = {isa = PBXFileReference; fileEncoding = 4; lastKnownFileType = sourcecode.c.h; path = WPSCustomDetailDisclosureButtonViewController.h; sourceTree = "<group>"; };
		685A9B8F17C63F0A0086688F /* WPSCustomDetailDisclosureButtonViewController.m */ = {isa = PBXFileReference; fileEncoding = 4; lastKnownFileType = sourcecode.c.objc; path = WPSCustomDetailDisclosureButtonViewController.m; sourceTree = "<group>"; };
		685A9B9317C640B70086688F /* btn-detaildisclosure.png */ = {isa = PBXFileReference; lastKnownFileType = image.png; path = "btn-detaildisclosure.png"; sourceTree = "<group>"; };
		685A9B9417C640B70086688F /* btn-detaildisclosure@2x.png */ = {isa = PBXFileReference; lastKnownFileType = image.png; path = "btn-detaildisclosure@2x.png"; sourceTree = "<group>"; };
		685A9B9517C640B70086688F /* btn-detaildisclosurepressed.png */ = {isa = PBXFileReference; lastKnownFileType = image.png; path = "btn-detaildisclosurepressed.png"; sourceTree = "<group>"; };
		685A9B9617C640B70086688F /* btn-detaildisclosurepressed@2x.png */ = {isa = PBXFileReference; lastKnownFileType = image.png; path = "btn-detaildisclosurepressed@2x.png"; sourceTree = "<group>"; };
		685A9B9B17C643020086688F /* CustomDetailDisclosureCell.h */ = {isa = PBXFileReference; fileEncoding = 4; lastKnownFileType = sourcecode.c.h; path = CustomDetailDisclosureCell.h; sourceTree = "<group>"; };
		685A9B9C17C643020086688F /* CustomDetailDisclosureCell.m */ = {isa = PBXFileReference; fileEncoding = 4; lastKnownFileType = sourcecode.c.objc; path = CustomDetailDisclosureCell.m; sourceTree = "<group>"; };
		685A9B9E17C643110086688F /* CustomDetailDisclosureCell.xib */ = {isa = PBXFileReference; fileEncoding = 4; lastKnownFileType = file.xib; path = CustomDetailDisclosureCell.xib; sourceTree = "<group>"; };
		68DEBACE1BB973DD000DE9A9 /* WPSKit.xcodeproj */ = {isa = PBXFileReference; lastKnownFileType = "wrapper.pb-project"; path = WPSKit.xcodeproj; sourceTree = "<group>"; };
		68E84E9A1BB6AEE900D1D9E6 /* LaunchScreen.storyboard */ = {isa = PBXFileReference; fileEncoding = 4; lastKnownFileType = file.storyboard; path = LaunchScreen.storyboard; sourceTree = "<group>"; };
		68E84E9C1BB6B5E000D1D9E6 /* WPSTextViewController.h */ = {isa = PBXFileReference; fileEncoding = 4; lastKnownFileType = sourcecode.c.h; path = WPSTextViewController.h; sourceTree = "<group>"; };
		68E84E9D1BB6B5E000D1D9E6 /* WPSTextViewController.m */ = {isa = PBXFileReference; fileEncoding = 4; lastKnownFileType = sourcecode.c.objc; path = WPSTextViewController.m; sourceTree = "<group>"; };
/* End PBXFileReference section */

/* Begin PBXFrameworksBuildPhase section */
		682CE5EC14EDAE1C00F0AF2E /* Frameworks */ = {
			isa = PBXFrameworksBuildPhase;
			buildActionMask = 2147483647;
			files = (
				680EE75E14EDB6A700F84CD3 /* SystemConfiguration.framework in Frameworks */,
				680EE75C14EDB69B00F84CD3 /* CoreLocation.framework in Frameworks */,
				680EE75A14EDB68B00F84CD3 /* MapKit.framework in Frameworks */,
				680EE75814EDB67E00F84CD3 /* CoreData.framework in Frameworks */,
				682CE5F414EDAE1C00F0AF2E /* UIKit.framework in Frameworks */,
				682CE5F614EDAE1C00F0AF2E /* Foundation.framework in Frameworks */,
				68DEBADA1BB973FB000DE9A9 /* WPSKit.framework in Frameworks */,
				682CE5F814EDAE1C00F0AF2E /* CoreGraphics.framework in Frameworks */,
			);
			runOnlyForDeploymentPostprocessing = 0;
		};
/* End PBXFrameworksBuildPhase section */

/* Begin PBXGroup section */
		680EE77E14EDF1FE00F84CD3 /* images */ = {
			isa = PBXGroup;
			children = (
				680EE77F14EDF1FE00F84CD3 /* roundedbox.png */,
				680EE78014EDF1FE00F84CD3 /* roundedbox@2x.png */,
				685A9B9317C640B70086688F /* btn-detaildisclosure.png */,
				685A9B9417C640B70086688F /* btn-detaildisclosure@2x.png */,
				685A9B9517C640B70086688F /* btn-detaildisclosurepressed.png */,
				685A9B9617C640B70086688F /* btn-detaildisclosurepressed@2x.png */,
			);
			path = images;
			sourceTree = "<group>";
		};
		682CE5E414EDAE1B00F0AF2E = {
			isa = PBXGroup;
			children = (
				682CE5F914EDAE1C00F0AF2E /* WPSKitSamples */,
				682CE5F214EDAE1C00F0AF2E /* Frameworks */,
				682CE5F014EDAE1C00F0AF2E /* Products */,
			);
			indentWidth = 3;
			sourceTree = "<group>";
			tabWidth = 3;
		};
		682CE5F014EDAE1C00F0AF2E /* Products */ = {
			isa = PBXGroup;
			children = (
				682CE5EF14EDAE1C00F0AF2E /* WPSKitSamples.app */,
			);
			name = Products;
			sourceTree = "<group>";
		};
		682CE5F214EDAE1C00F0AF2E /* Frameworks */ = {
			isa = PBXGroup;
			children = (
				68DEBACE1BB973DD000DE9A9 /* WPSKit.xcodeproj */,
				680EE75D14EDB6A700F84CD3 /* SystemConfiguration.framework */,
				680EE75B14EDB69B00F84CD3 /* CoreLocation.framework */,
				680EE75914EDB68B00F84CD3 /* MapKit.framework */,
				680EE75714EDB67E00F84CD3 /* CoreData.framework */,
				682CE5F314EDAE1C00F0AF2E /* UIKit.framework */,
				682CE5F514EDAE1C00F0AF2E /* Foundation.framework */,
				682CE5F714EDAE1C00F0AF2E /* CoreGraphics.framework */,
			);
			name = Frameworks;
			sourceTree = "<group>";
		};
		682CE5F914EDAE1C00F0AF2E /* WPSKitSamples */ = {
			isa = PBXGroup;
			children = (
				682CE60214EDAE1C00F0AF2E /* WPSAppDelegate.h */,
				682CE60314EDAE1C00F0AF2E /* WPSAppDelegate.m */,
				68E84E9A1BB6AEE900D1D9E6 /* LaunchScreen.storyboard */,
				680EE76614EDBB9A00F84CD3 /* FeatureModelObject.h */,
				680EE76714EDBB9A00F84CD3 /* FeatureModelObject.m */,
				682CE64A14EDAEC300F0AF2E /* WPSTableViewController.h */,
				682CE64B14EDAEC300F0AF2E /* WPSTableViewController.m */,
				68E84E9C1BB6B5E000D1D9E6 /* WPSTextViewController.h */,
				68E84E9D1BB6B5E000D1D9E6 /* WPSTextViewController.m */,
				685A9B8E17C63F0A0086688F /* WPSCustomDetailDisclosureButtonViewController.h */,
				685A9B8F17C63F0A0086688F /* WPSCustomDetailDisclosureButtonViewController.m */,
				685A9B9B17C643020086688F /* CustomDetailDisclosureCell.h */,
				685A9B9C17C643020086688F /* CustomDetailDisclosureCell.m */,
				685A9B9E17C643110086688F /* CustomDetailDisclosureCell.xib */,
				680EE77E14EDF1FE00F84CD3 /* images */,
				682CE5FA14EDAE1C00F0AF2E /* Supporting Files */,
			);
			path = WPSKitSamples;
			sourceTree = "<group>";
		};
		682CE5FA14EDAE1C00F0AF2E /* Supporting Files */ = {
			isa = PBXGroup;
			children = (
				682CE5FB14EDAE1C00F0AF2E /* WPSKitSamples-Info.plist */,
				682CE5FC14EDAE1C00F0AF2E /* InfoPlist.strings */,
				682CE5FF14EDAE1C00F0AF2E /* main.m */,
				682CE60114EDAE1C00F0AF2E /* WPSKitSamples-Prefix.pch */,
			);
			name = "Supporting Files";
			sourceTree = "<group>";
		};
		68DEBACF1BB973DD000DE9A9 /* Products */ = {
			isa = PBXGroup;
			children = (
				68DEBAD51BB973DD000DE9A9 /* WPSKit.framework */,
				68DEBAD71BB973DD000DE9A9 /* WPSKit.framework */,
				68DEBAD91BB973DD000DE9A9 /* WPSKitTests.xctest */,
			);
			name = Products;
			sourceTree = "<group>";
		};
/* End PBXGroup section */

/* Begin PBXNativeTarget section */
		682CE5EE14EDAE1C00F0AF2E /* WPSKitSamples */ = {
			isa = PBXNativeTarget;
			buildConfigurationList = 682CE60714EDAE1C00F0AF2E /* Build configuration list for PBXNativeTarget "WPSKitSamples" */;
			buildPhases = (
				682CE5EB14EDAE1C00F0AF2E /* Sources */,
				682CE5EC14EDAE1C00F0AF2E /* Frameworks */,
				682CE5ED14EDAE1C00F0AF2E /* Resources */,
				682B77771BB445A8009A9803 /* Embed Frameworks */,
			);
			buildRules = (
			);
			dependencies = (
				68DEBADD1BB973FB000DE9A9 /* PBXTargetDependency */,
			);
			name = WPSKitSamples;
			productName = WPSKitSamples;
			productReference = 682CE5EF14EDAE1C00F0AF2E /* WPSKitSamples.app */;
			productType = "com.apple.product-type.application";
		};
/* End PBXNativeTarget section */

/* Begin PBXProject section */
		682CE5E614EDAE1B00F0AF2E /* Project object */ = {
			isa = PBXProject;
			attributes = {
				CLASSPREFIX = WPS;
				LastUpgradeCheck = 0700;
				ORGANIZATIONNAME = "White Peak Software Inc.";
			};
			buildConfigurationList = 682CE5E914EDAE1B00F0AF2E /* Build configuration list for PBXProject "WPSKitSamples" */;
			compatibilityVersion = "Xcode 3.2";
			developmentRegion = English;
			hasScannedForEncodings = 0;
			knownRegions = (
				en,
			);
			mainGroup = 682CE5E414EDAE1B00F0AF2E;
			productRefGroup = 682CE5F014EDAE1C00F0AF2E /* Products */;
			projectDirPath = "";
			projectReferences = (
				{
					ProductGroup = 68DEBACF1BB973DD000DE9A9 /* Products */;
					ProjectRef = 68DEBACE1BB973DD000DE9A9 /* WPSKit.xcodeproj */;
				},
			);
			projectRoot = "";
			targets = (
				682CE5EE14EDAE1C00F0AF2E /* WPSKitSamples */,
				68EEF56C18DA959D002B7034 /* Documentation */,
			);
		};
/* End PBXProject section */

/* Begin PBXReferenceProxy section */
		68DEBAD51BB973DD000DE9A9 /* WPSKit.framework */ = {
			isa = PBXReferenceProxy;
			fileType = wrapper.framework;
			path = WPSKit.framework;
			remoteRef = 68DEBAD41BB973DD000DE9A9 /* PBXContainerItemProxy */;
			sourceTree = BUILT_PRODUCTS_DIR;
		};
		68DEBAD71BB973DD000DE9A9 /* WPSKit.framework */ = {
			isa = PBXReferenceProxy;
			fileType = wrapper.framework;
			path = WPSKit.framework;
			remoteRef = 68DEBAD61BB973DD000DE9A9 /* PBXContainerItemProxy */;
			sourceTree = BUILT_PRODUCTS_DIR;
		};
		68DEBAD91BB973DD000DE9A9 /* WPSKitTests.xctest */ = {
			isa = PBXReferenceProxy;
			fileType = wrapper.cfbundle;
			path = WPSKitTests.xctest;
			remoteRef = 68DEBAD81BB973DD000DE9A9 /* PBXContainerItemProxy */;
			sourceTree = BUILT_PRODUCTS_DIR;
		};
/* End PBXReferenceProxy section */

/* Begin PBXResourcesBuildPhase section */
		682CE5ED14EDAE1C00F0AF2E /* Resources */ = {
			isa = PBXResourcesBuildPhase;
			buildActionMask = 2147483647;
			files = (
				682CE5FE14EDAE1C00F0AF2E /* InfoPlist.strings in Resources */,
				680EE78114EDF1FE00F84CD3 /* roundedbox.png in Resources */,
				680EE78214EDF1FE00F84CD3 /* roundedbox@2x.png in Resources */,
				685A9B9717C640B70086688F /* btn-detaildisclosure.png in Resources */,
				685A9B9817C640B70086688F /* btn-detaildisclosure@2x.png in Resources */,
				685A9B9917C640B70086688F /* btn-detaildisclosurepressed.png in Resources */,
				685A9B9A17C640B70086688F /* btn-detaildisclosurepressed@2x.png in Resources */,
				68E84E9B1BB6AEE900D1D9E6 /* LaunchScreen.storyboard in Resources */,
				685A9B9F17C643110086688F /* CustomDetailDisclosureCell.xib in Resources */,
			);
			runOnlyForDeploymentPostprocessing = 0;
		};
/* End PBXResourcesBuildPhase section */

/* Begin PBXShellScriptBuildPhase section */
		68EEF57018DA95D2002B7034 /* ShellScript */ = {
			isa = PBXShellScriptBuildPhase;
			buildActionMask = 2147483647;
			files = (
			);
			inputPaths = (
			);
			outputPaths = (
			);
			runOnlyForDeploymentPostprocessing = 0;
			shellPath = /bin/sh;
			shellScript = "# appledoc Xcode script\n# Run script only if appledoc is available.\nif [ -e ~/bin/appledoc ];\nthen\n\n# Start constants\ncompany=\"White Peak Software, Inc.\";\ncompanyID=\"com.whitepeaksoftware\";\ncompanyURL=\"http://www.whitepeaksoftware.com\";\nproject=\"WPSKit\";\ntarget=\"iphoneos\";\n#target=\"macosx\";\noutputPath=\"~/help\";\n# End constants\n~/bin/appledoc \\\n--project-name \"${project}\" \\\n--project-company \"${company}\" \\\n--company-id \"${companyID}\" \\\n--docset-atom-filename \"${project}.atom\" \\\n--docset-feed-url \"${companyURL}/${project}/%DOCSETATOMFILENAME\" \\\n--docset-package-url \"${companyURL}/${project}/%DOCSETPACKAGEFILENAME\" \\\n--docset-fallback-url \"${companyURL}/${project}\" \\\n--output \"${outputPath}\" \\\n--publish-docset \\\n--docset-platform-family \"${target}\" \\\n--logformat xcode \\\n--keep-intermediate-files \\\n--no-repeat-first-par \\\n--no-warn-invalid-crossref \\\n--exit-threshold 2 \\\n--verbose 6 \\\n--ignore .m \\\n\"${PROJECT_DIR}/../WPSKit\"\n\nfi\n";
		};
/* End PBXShellScriptBuildPhase section */

/* Begin PBXSourcesBuildPhase section */
		682CE5EB14EDAE1C00F0AF2E /* Sources */ = {
			isa = PBXSourcesBuildPhase;
			buildActionMask = 2147483647;
			files = (
				682CE60014EDAE1C00F0AF2E /* main.m in Sources */,
				682CE60414EDAE1C00F0AF2E /* WPSAppDelegate.m in Sources */,
				682CE64C14EDAEC300F0AF2E /* WPSTableViewController.m in Sources */,
				680EE76814EDBB9A00F84CD3 /* FeatureModelObject.m in Sources */,
				685A9B9117C63F0B0086688F /* WPSCustomDetailDisclosureButtonViewController.m in Sources */,
				68E84E9E1BB6B5E000D1D9E6 /* WPSTextViewController.m in Sources */,
				685A9B9D17C643030086688F /* CustomDetailDisclosureCell.m in Sources */,
			);
			runOnlyForDeploymentPostprocessing = 0;
		};
/* End PBXSourcesBuildPhase section */

/* Begin PBXTargetDependency section */
		68DEBADD1BB973FB000DE9A9 /* PBXTargetDependency */ = {
			isa = PBXTargetDependency;
			name = WPSKit;
			targetProxy = 68DEBADC1BB973FB000DE9A9 /* PBXContainerItemProxy */;
		};
/* End PBXTargetDependency section */

/* Begin PBXVariantGroup section */
		682CE5FC14EDAE1C00F0AF2E /* InfoPlist.strings */ = {
			isa = PBXVariantGroup;
			children = (
				682CE5FD14EDAE1C00F0AF2E /* en */,
			);
			name = InfoPlist.strings;
			sourceTree = "<group>";
		};
/* End PBXVariantGroup section */

/* Begin XCBuildConfiguration section */
		682CE60514EDAE1C00F0AF2E /* Debug */ = {
			isa = XCBuildConfiguration;
			buildSettings = {
				ALWAYS_SEARCH_USER_PATHS = NO;
				CLANG_ENABLE_MODULES = YES;
				CLANG_ENABLE_OBJC_ARC = YES;
				CLANG_WARN_BOOL_CONVERSION = YES;
				CLANG_WARN_CONSTANT_CONVERSION = YES;
				CLANG_WARN_EMPTY_BODY = YES;
				CLANG_WARN_ENUM_CONVERSION = YES;
				CLANG_WARN_INT_CONVERSION = YES;
				CLANG_WARN_UNREACHABLE_CODE = YES;
				CLANG_WARN__DUPLICATE_METHOD_MATCH = YES;
				"CODE_SIGN_IDENTITY[sdk=iphoneos*]" = "iPhone Developer";
				COPY_PHASE_STRIP = NO;
				ENABLE_STRICT_OBJC_MSGSEND = YES;
				ENABLE_TESTABILITY = YES;
				GCC_C_LANGUAGE_STANDARD = gnu99;
				GCC_DYNAMIC_NO_PIC = NO;
				GCC_NO_COMMON_BLOCKS = YES;
				GCC_OPTIMIZATION_LEVEL = 0;
				GCC_PREPROCESSOR_DEFINITIONS = (
					"DEBUG=1",
					"$(inherited)",
				);
				GCC_SYMBOLS_PRIVATE_EXTERN = NO;
				GCC_VERSION = com.apple.compilers.llvm.clang.1_0;
				GCC_WARN_64_TO_32_BIT_CONVERSION = YES;
				GCC_WARN_ABOUT_MISSING_PROTOTYPES = YES;
				GCC_WARN_ABOUT_RETURN_TYPE = YES;
				GCC_WARN_UNDECLARED_SELECTOR = YES;
				GCC_WARN_UNINITIALIZED_AUTOS = YES;
				GCC_WARN_UNUSED_FUNCTION = YES;
				GCC_WARN_UNUSED_VARIABLE = YES;
				ONLY_ACTIVE_ARCH = YES;
				SDKROOT = iphoneos;
			};
			name = Debug;
		};
		682CE60614EDAE1C00F0AF2E /* Release */ = {
			isa = XCBuildConfiguration;
			buildSettings = {
				ALWAYS_SEARCH_USER_PATHS = NO;
				CLANG_ENABLE_MODULES = YES;
				CLANG_ENABLE_OBJC_ARC = YES;
				CLANG_WARN_BOOL_CONVERSION = YES;
				CLANG_WARN_CONSTANT_CONVERSION = YES;
				CLANG_WARN_EMPTY_BODY = YES;
				CLANG_WARN_ENUM_CONVERSION = YES;
				CLANG_WARN_INT_CONVERSION = YES;
				CLANG_WARN_UNREACHABLE_CODE = YES;
				CLANG_WARN__DUPLICATE_METHOD_MATCH = YES;
				"CODE_SIGN_IDENTITY[sdk=iphoneos*]" = "iPhone Developer";
				COPY_PHASE_STRIP = YES;
				ENABLE_STRICT_OBJC_MSGSEND = YES;
				GCC_C_LANGUAGE_STANDARD = gnu99;
				GCC_NO_COMMON_BLOCKS = YES;
				GCC_VERSION = com.apple.compilers.llvm.clang.1_0;
				GCC_WARN_64_TO_32_BIT_CONVERSION = YES;
				GCC_WARN_ABOUT_MISSING_PROTOTYPES = YES;
				GCC_WARN_ABOUT_RETURN_TYPE = YES;
				GCC_WARN_UNDECLARED_SELECTOR = YES;
				GCC_WARN_UNINITIALIZED_AUTOS = YES;
				GCC_WARN_UNUSED_FUNCTION = YES;
				GCC_WARN_UNUSED_VARIABLE = YES;
				OTHER_CFLAGS = "-DNS_BLOCK_ASSERTIONS=1";
				SDKROOT = iphoneos;
				VALIDATE_PRODUCT = YES;
			};
			name = Release;
		};
		682CE60814EDAE1C00F0AF2E /* Debug */ = {
			isa = XCBuildConfiguration;
			buildSettings = {
				FRAMEWORK_SEARCH_PATHS = (
					"$(inherited)",
					"$(PROJECT_DIR)/build",
				);
				GCC_PRECOMPILE_PREFIX_HEADER = YES;
				GCC_PREFIX_HEADER = "WPSKitSamples/WPSKitSamples-Prefix.pch";
				INFOPLIST_FILE = "WPSKitSamples/WPSKitSamples-Info.plist";
				LD_RUNPATH_SEARCH_PATHS = "$(inherited) @executable_path/Frameworks";
				PRODUCT_BUNDLE_IDENTIFIER = "com.whitepeaksoftware.${PRODUCT_NAME:rfc1034identifier}";
				PRODUCT_NAME = "$(TARGET_NAME)";
				TARGETED_DEVICE_FAMILY = 1;
				WRAPPER_EXTENSION = app;
			};
			name = Debug;
		};
		682CE60914EDAE1C00F0AF2E /* Release */ = {
			isa = XCBuildConfiguration;
			buildSettings = {
				FRAMEWORK_SEARCH_PATHS = (
					"$(inherited)",
					"$(PROJECT_DIR)/build",
				);
				GCC_PRECOMPILE_PREFIX_HEADER = YES;
				GCC_PREFIX_HEADER = "WPSKitSamples/WPSKitSamples-Prefix.pch";
				INFOPLIST_FILE = "WPSKitSamples/WPSKitSamples-Info.plist";
				LD_RUNPATH_SEARCH_PATHS = "$(inherited) @executable_path/Frameworks";
				PRODUCT_BUNDLE_IDENTIFIER = "com.whitepeaksoftware.${PRODUCT_NAME:rfc1034identifier}";
				PRODUCT_NAME = "$(TARGET_NAME)";
				TARGETED_DEVICE_FAMILY = 1;
				WRAPPER_EXTENSION = app;
			};
			name = Release;
		};
		68EEF56E18DA959D002B7034 /* Debug */ = {
			isa = XCBuildConfiguration;
			buildSettings = {
				PRODUCT_NAME = "$(TARGET_NAME)";
			};
			name = Debug;
		};
		68EEF56F18DA959D002B7034 /* Release */ = {
			isa = XCBuildConfiguration;
			buildSettings = {
				PRODUCT_NAME = "$(TARGET_NAME)";
			};
			name = Release;
		};
/* End XCBuildConfiguration section */

/* Begin XCConfigurationList section */
		682CE5E914EDAE1B00F0AF2E /* Build configuration list for PBXProject "WPSKitSamples" */ = {
			isa = XCConfigurationList;
			buildConfigurations = (
				682CE60514EDAE1C00F0AF2E /* Debug */,
				682CE60614EDAE1C00F0AF2E /* Release */,
			);
			defaultConfigurationIsVisible = 0;
			defaultConfigurationName = Release;
		};
		682CE60714EDAE1C00F0AF2E /* Build configuration list for PBXNativeTarget "WPSKitSamples" */ = {
			isa = XCConfigurationList;
			buildConfigurations = (
				682CE60814EDAE1C00F0AF2E /* Debug */,
				682CE60914EDAE1C00F0AF2E /* Release */,
			);
			defaultConfigurationIsVisible = 0;
			defaultConfigurationName = Release;
		};
		68EEF56D18DA959D002B7034 /* Build configuration list for PBXAggregateTarget "Documentation" */ = {
			isa = XCConfigurationList;
			buildConfigurations = (
				68EEF56E18DA959D002B7034 /* Debug */,
				68EEF56F18DA959D002B7034 /* Release */,
			);
			defaultConfigurationIsVisible = 0;
			defaultConfigurationName = Release;
		};
/* End XCConfigurationList section */
	};
	rootObject = 682CE5E614EDAE1B00F0AF2E /* Project object */;
}
